
Microsoft Visual Studio Solution File, Format Version 12.00
# Visual Studio 15
VisualStudioVersion = 15.0.26124.0
MinimumVisualStudioVersion = 15.0.26124.0
Project("{FAE04EC0-301F-11D3-BF4B-00C04F79EFBC}") = "Observer", "Source\Observer.csproj", "{6B442066-9400-4295-8D58-1E667C4A3224}"
EndProject
Project("{FAE04EC0-301F-11D3-BF4B-00C04F79EFBC}") = "ObserverTest", "Test\ObserverTest.csproj", "{12585CFC-52CC-46E4-8EE5-379C2D104DE6}"
EndProject
Global
	GlobalSection(SolutionConfigurationPlatforms) = preSolution
		Debug|Any CPU = Debug|Any CPU
		Debug|x64 = Debug|x64
		Debug|x86 = Debug|x86
		Release|Any CPU = Release|Any CPU
		Release|x64 = Release|x64
		Release|x86 = Release|x86
	EndGlobalSection
	GlobalSection(SolutionProperties) = preSolution
		HideSolutionNode = FALSE
	EndGlobalSection
	GlobalSection(ProjectConfigurationPlatforms) = postSolution
		{6B442066-9400-4295-8D58-1E667C4A3224}.Debug|Any CPU.ActiveCfg = Debug|Any CPU
		{6B442066-9400-4295-8D58-1E667C4A3224}.Debug|Any CPU.Build.0 = Debug|Any CPU
		{6B442066-9400-4295-8D58-1E667C4A3224}.Debug|x64.ActiveCfg = Debug|Any CPU
		{6B442066-9400-4295-8D58-1E667C4A3224}.Debug|x64.Build.0 = Debug|Any CPU
		{6B442066-9400-4295-8D58-1E667C4A3224}.Debug|x86.ActiveCfg = Debug|Any CPU
		{6B442066-9400-4295-8D58-1E667C4A3224}.Debug|x86.Build.0 = Debug|Any CPU
		{6B442066-9400-4295-8D58-1E667C4A3224}.Release|Any CPU.ActiveCfg = Release|Any CPU
		{6B442066-9400-4295-8D58-1E667C4A3224}.Release|Any CPU.Build.0 = Release|Any CPU
		{6B442066-9400-4295-8D58-1E667C4A3224}.Release|x64.ActiveCfg = Release|Any CPU
		{6B442066-9400-4295-8D58-1E667C4A3224}.Release|x64.Build.0 = Release|Any CPU
		{6B442066-9400-4295-8D58-1E667C4A3224}.Release|x86.ActiveCfg = Release|Any CPU
		{6B442066-9400-4295-8D58-1E667C4A3224}.Release|x86.Build.0 = Release|Any CPU
		{12585CFC-52CC-46E4-8EE5-379C2D104DE6}.Debug|Any CPU.ActiveCfg = Debug|Any CPU
		{12585CFC-52CC-46E4-8EE5-379C2D104DE6}.Debug|Any CPU.Build.0 = Debug|Any CPU
		{12585CFC-52CC-46E4-8EE5-379C2D104DE6}.Debug|x64.ActiveCfg = Debug|Any CPU
		{12585CFC-52CC-46E4-8EE5-379C2D104DE6}.Debug|x64.Build.0 = Debug|Any CPU
		{12585CFC-52CC-46E4-8EE5-379C2D104DE6}.Debug|x86.ActiveCfg = Debug|Any CPU
		{12585CFC-52CC-46E4-8EE5-379C2D104DE6}.Debug|x86.Build.0 = Debug|Any CPU
		{12585CFC-52CC-46E4-8EE5-379C2D104DE6}.Release|Any CPU.ActiveCfg = Release|Any CPU
		{12585CFC-52CC-46E4-8EE5-379C2D104DE6}.Release|Any CPU.Build.0 = Release|Any CPU
		{12585CFC-52CC-46E4-8EE5-379C2D104DE6}.Release|x64.ActiveCfg = Release|Any CPU
		{12585CFC-52CC-46E4-8EE5-379C2D104DE6}.Release|x64.Build.0 = Release|Any CPU
		{12585CFC-52CC-46E4-8EE5-379C2D104DE6}.Release|x86.ActiveCfg = Release|Any CPU
		{12585CFC-52CC-46E4-8EE5-379C2D104DE6}.Release|x86.Build.0 = Release|Any CPU
	EndGlobalSection
EndGlobal
