
Microsoft Visual Studio Solution File, Format Version 12.00
# Visual Studio 15
VisualStudioVersion = 15.0.26124.0
MinimumVisualStudioVersion = 15.0.26124.0
Project("{FAE04EC0-301F-11D3-BF4B-00C04F79EFBC}") = "state", "state\state.csproj", "{719BB551-14DE-4ADE-A184-EB02C743E723}"
EndProject
Project("{FAE04EC0-301F-11D3-BF4B-00C04F79EFBC}") = "state_test", "state_test\state_test.csproj", "{3118526D-6263-4725-B2A7-8BD6A19CECA7}"
EndProject
Global
	GlobalSection(SolutionConfigurationPlatforms) = preSolution
		Debug|Any CPU = Debug|Any CPU
		Debug|x64 = Debug|x64
		Debug|x86 = Debug|x86
		Release|Any CPU = Release|Any CPU
		Release|x64 = Release|x64
		Release|x86 = Release|x86
	EndGlobalSection
	GlobalSection(SolutionProperties) = preSolution
		HideSolutionNode = FALSE
	EndGlobalSection
	GlobalSection(ProjectConfigurationPlatforms) = postSolution
		{719BB551-14DE-4ADE-A184-EB02C743E723}.Debug|Any CPU.ActiveCfg = Debug|Any CPU
		{719BB551-14DE-4ADE-A184-EB02C743E723}.Debug|Any CPU.Build.0 = Debug|Any CPU
		{719BB551-14DE-4ADE-A184-EB02C743E723}.Debug|x64.ActiveCfg = Debug|Any CPU
		{719BB551-14DE-4ADE-A184-EB02C743E723}.Debug|x64.Build.0 = Debug|Any CPU
		{719BB551-14DE-4ADE-A184-EB02C743E723}.Debug|x86.ActiveCfg = Debug|Any CPU
		{719BB551-14DE-4ADE-A184-EB02C743E723}.Debug|x86.Build.0 = Debug|Any CPU
		{719BB551-14DE-4ADE-A184-EB02C743E723}.Release|Any CPU.ActiveCfg = Release|Any CPU
		{719BB551-14DE-4ADE-A184-EB02C743E723}.Release|Any CPU.Build.0 = Release|Any CPU
		{719BB551-14DE-4ADE-A184-EB02C743E723}.Release|x64.ActiveCfg = Release|Any CPU
		{719BB551-14DE-4ADE-A184-EB02C743E723}.Release|x64.Build.0 = Release|Any CPU
		{719BB551-14DE-4ADE-A184-EB02C743E723}.Release|x86.ActiveCfg = Release|Any CPU
		{719BB551-14DE-4ADE-A184-EB02C743E723}.Release|x86.Build.0 = Release|Any CPU
		{3118526D-6263-4725-B2A7-8BD6A19CECA7}.Debug|Any CPU.ActiveCfg = Debug|Any CPU
		{3118526D-6263-4725-B2A7-8BD6A19CECA7}.Debug|Any CPU.Build.0 = Debug|Any CPU
		{3118526D-6263-4725-B2A7-8BD6A19CECA7}.Debug|x64.ActiveCfg = Debug|Any CPU
		{3118526D-6263-4725-B2A7-8BD6A19CECA7}.Debug|x64.Build.0 = Debug|Any CPU
		{3118526D-6263-4725-B2A7-8BD6A19CECA7}.Debug|x86.ActiveCfg = Debug|Any CPU
		{3118526D-6263-4725-B2A7-8BD6A19CECA7}.Debug|x86.Build.0 = Debug|Any CPU
		{3118526D-6263-4725-B2A7-8BD6A19CECA7}.Release|Any CPU.ActiveCfg = Release|Any CPU
		{3118526D-6263-4725-B2A7-8BD6A19CECA7}.Release|Any CPU.Build.0 = Release|Any CPU
		{3118526D-6263-4725-B2A7-8BD6A19CECA7}.Release|x64.ActiveCfg = Release|Any CPU
		{3118526D-6263-4725-B2A7-8BD6A19CECA7}.Release|x64.Build.0 = Release|Any CPU
		{3118526D-6263-4725-B2A7-8BD6A19CECA7}.Release|x86.ActiveCfg = Release|Any CPU
		{3118526D-6263-4725-B2A7-8BD6A19CECA7}.Release|x86.Build.0 = Release|Any CPU
	EndGlobalSection
EndGlobal
