
Microsoft Visual Studio Solution File, Format Version 12.00
# Visual Studio 15
VisualStudioVersion = 15.0.26124.0
MinimumVisualStudioVersion = 15.0.26124.0
Project("{2150E333-8FDC-42A3-9474-1A3956D46DE8}") = "AbstractFactory", "AbstractFactory", "{3B928698-0207-4545-9781-A89E24D46E69}"
EndProject
Project("{FAE04EC0-301F-11D3-BF4B-00C04F79EFBC}") = "AbstractFactory", "AbstractFactory\Source\AbstractFactory.csproj", "{E2E9C27C-D81B-41BE-892E-FC00CC9B9D2A}"
EndProject
Project("{FAE04EC0-301F-11D3-BF4B-00C04F79EFBC}") = "AbstractFactoryTest", "AbstractFactory\Test\AbstractFactoryTest.csproj", "{D9090DE2-B61A-43ED-A9E7-51D3ABA6A3BE}"
EndProject
Project("{2150E333-8FDC-42A3-9474-1A3956D46DE8}") = "Adapter", "Adapter", "{63568AD3-C40C-47CF-9CAA-E402DCBFCEF1}"
EndProject
Project("{FAE04EC0-301F-11D3-BF4B-00C04F79EFBC}") = "Adapter", "Adapter\Source\Adapter.csproj", "{25ECB004-8877-4EB0-B05F-9FC731F9CD26}"
EndProject
Project("{FAE04EC0-301F-11D3-BF4B-00C04F79EFBC}") = "AdapterTest", "Adapter\Test\AdapterTest.csproj", "{FF365C2B-80F9-473A-9680-489C2E09152D}"
EndProject
Project("{2150E333-8FDC-42A3-9474-1A3956D46DE8}") = "Bridge", "Bridge", "{D8999904-E3C8-4EDA-A50C-FB3834CEC53D}"
EndProject
Project("{FAE04EC0-301F-11D3-BF4B-00C04F79EFBC}") = "Bridge", "Bridge\Source\Bridge.csproj", "{04BBAE87-9FF8-440F-8ECE-E507C0F5E06C}"
EndProject
Project("{FAE04EC0-301F-11D3-BF4B-00C04F79EFBC}") = "BridgeTest", "Bridge\Test\BridgeTest.csproj", "{D82945B3-57E8-48AA-8EB3-198094085DD0}"
EndProject
Project("{2150E333-8FDC-42A3-9474-1A3956D46DE8}") = "Builder", "Builder", "{5629E45F-037A-4B1C-A33D-9FFC4B4BE488}"
EndProject
Project("{FAE04EC0-301F-11D3-BF4B-00C04F79EFBC}") = "Builder", "Builder\Source\Builder.csproj", "{0E38AA36-2BF6-44B6-8C2B-12344525B14A}"
EndProject
Project("{FAE04EC0-301F-11D3-BF4B-00C04F79EFBC}") = "BuilderTest", "Builder\Test\BuilderTest.csproj", "{A55D013F-2EC1-4CC4-A1FD-317E26D9F383}"
EndProject
Project("{2150E333-8FDC-42A3-9474-1A3956D46DE8}") = "ChainOfResponsibility", "ChainOfResponsibility", "{386E7F7B-1A9C-491B-B49C-9924DCBE881D}"
EndProject
Project("{FAE04EC0-301F-11D3-BF4B-00C04F79EFBC}") = "ChainOfResponsibility", "ChainOfResponsibility\Source\ChainOfResponsibility.csproj", "{89F7E317-83EE-4F20-A322-723A121FB61A}"
EndProject
Project("{FAE04EC0-301F-11D3-BF4B-00C04F79EFBC}") = "ChainOfResponsibilityTest", "ChainOfResponsibility\Test\ChainOfResponsibilityTest.csproj", "{75603935-15A2-4047-A6BD-A999C83429D2}"
EndProject
Project("{2150E333-8FDC-42A3-9474-1A3956D46DE8}") = "Command", "Command", "{92539ED7-61EF-4832-BB70-226B6C43FAAE}"
EndProject
Project("{FAE04EC0-301F-11D3-BF4B-00C04F79EFBC}") = "Command", "Command\Source\Command.csproj", "{E2BBB4CC-41E0-42B5-A425-1C0BB6A669C6}"
EndProject
Project("{FAE04EC0-301F-11D3-BF4B-00C04F79EFBC}") = "CommandTest", "Command\Test\CommandTest.csproj", "{611D0C4C-952D-4ADC-9ABC-E7F455731DFF}"
EndProject
Project("{2150E333-8FDC-42A3-9474-1A3956D46DE8}") = "Composite", "Composite", "{5FEEED33-AF98-4E7B-A40F-32EDCF48BC65}"
EndProject
Project("{FAE04EC0-301F-11D3-BF4B-00C04F79EFBC}") = "Composite", "Composite\Source\Composite.csproj", "{F5B3C142-0453-4D4E-82C9-A41E20DBFB02}"
EndProject
Project("{FAE04EC0-301F-11D3-BF4B-00C04F79EFBC}") = "CompositeTest", "Composite\Test\CompositeTest.csproj", "{997FFA91-47D5-4271-8D3A-1D9343F65B37}"
EndProject
Project("{2150E333-8FDC-42A3-9474-1A3956D46DE8}") = "Decorator", "Decorator", "{1F7462AF-F405-43D2-8CB9-3FDE701A291F}"
EndProject
Project("{FAE04EC0-301F-11D3-BF4B-00C04F79EFBC}") = "Decorator", "Decorator\Source\Decorator.csproj", "{4AF14DF5-DB1F-4171-8039-94088C93DC62}"
EndProject
Project("{FAE04EC0-301F-11D3-BF4B-00C04F79EFBC}") = "DecoratorTest", "Decorator\Test\DecoratorTest.csproj", "{61B54D3B-619C-432E-83BC-67DF49A3E0E8}"
EndProject
Project("{2150E333-8FDC-42A3-9474-1A3956D46DE8}") = "Facade", "Facade", "{D463EC0F-B80B-4C19-AD32-106A5183D6CE}"
EndProject
Project("{FAE04EC0-301F-11D3-BF4B-00C04F79EFBC}") = "Facade", "Facade\Source\Facade.csproj", "{90B23F98-858F-434A-BC0F-88958B0F4438}"
EndProject
Project("{FAE04EC0-301F-11D3-BF4B-00C04F79EFBC}") = "FacadeTest", "Facade\Test\FacadeTest.csproj", "{C2510376-621A-4EDB-937D-D07F5D2FE429}"
EndProject
Project("{2150E333-8FDC-42A3-9474-1A3956D46DE8}") = "FactoryMethod", "FactoryMethod", "{E157281B-947F-45F9-B29B-44FFAD925621}"
EndProject
Project("{FAE04EC0-301F-11D3-BF4B-00C04F79EFBC}") = "FactoryMethod", "FactoryMethod\Source\FactoryMethod.csproj", "{68D5F3BD-AD44-44B6-9B2F-504C2E43296F}"
EndProject
Project("{FAE04EC0-301F-11D3-BF4B-00C04F79EFBC}") = "FactoryMethodTest", "FactoryMethod\Test\FactoryMethodTest.csproj", "{50D4E4BD-C8EE-4FCB-8C5F-5B8DCFB58C9D}"
EndProject
Project("{2150E333-8FDC-42A3-9474-1A3956D46DE8}") = "Flyweight", "Flyweight", "{522BE84C-FDA6-4967-B3AA-9D1C8A8E6C62}"
EndProject
Project("{FAE04EC0-301F-11D3-BF4B-00C04F79EFBC}") = "Flyweight", "Flyweight\Source\Flyweight.csproj", "{F62474FF-3163-4197-9AD7-FD4901A3F1A5}"
EndProject
Project("{FAE04EC0-301F-11D3-BF4B-00C04F79EFBC}") = "FlyweightTest", "Flyweight\Test\FlyweightTest.csproj", "{FC7E0C9C-18DF-492E-97C2-796583A32727}"
EndProject
Project("{2150E333-8FDC-42A3-9474-1A3956D46DE8}") = "Mediator", "Mediator", "{6DF9AED2-B2F2-4E13-95ED-6722BE29A936}"
EndProject
Project("{FAE04EC0-301F-11D3-BF4B-00C04F79EFBC}") = "Mediator", "Mediator\Source\Mediator.csproj", "{F5A36E5B-9425-4312-8C1A-B4E3672475B2}"
EndProject
Project("{FAE04EC0-301F-11D3-BF4B-00C04F79EFBC}") = "MediatorTest", "Mediator\Test\MediatorTest.csproj", "{43ACE8C4-6F0C-4618-BDCB-0D3F13FC54BC}"
EndProject
Project("{2150E333-8FDC-42A3-9474-1A3956D46DE8}") = "Memento", "Memento", "{ED9B875E-FB45-4B30-8E02-5225EC427456}"
EndProject
Project("{FAE04EC0-301F-11D3-BF4B-00C04F79EFBC}") = "Memento", "Memento\Source\Memento.csproj", "{5FAF9776-37B2-4D81-BA79-F50B95E5BBB6}"
EndProject
Project("{FAE04EC0-301F-11D3-BF4B-00C04F79EFBC}") = "MementoTest", "Memento\Test\MementoTest.csproj", "{5858AAC3-9AA5-44B7-B50E-D9221331046B}"
EndProject
Project("{2150E333-8FDC-42A3-9474-1A3956D46DE8}") = "Observer", "Observer", "{B86B11F8-0FCB-4A43-8F25-7268666C30EB}"
EndProject
Project("{FAE04EC0-301F-11D3-BF4B-00C04F79EFBC}") = "Observer", "Observer\Source\Observer.csproj", "{E2A3D0B2-841D-4EC5-AD12-5C4E059EEC66}"
EndProject
Project("{FAE04EC0-301F-11D3-BF4B-00C04F79EFBC}") = "ObserverTest", "Observer\Test\ObserverTest.csproj", "{46A1A234-D6DE-4B6B-8915-2F0AB675B0CD}"
EndProject
Project("{2150E333-8FDC-42A3-9474-1A3956D46DE8}") = "Prototype", "Prototype", "{2CF1C7C6-814D-4FE9-BEA8-AC47A81FB21A}"
EndProject
Project("{FAE04EC0-301F-11D3-BF4B-00C04F79EFBC}") = "Prototype", "Prototype\Source\Prototype.csproj", "{A901CF3D-AE0A-4B17-88DC-19F1B80E05D7}"
EndProject
Project("{FAE04EC0-301F-11D3-BF4B-00C04F79EFBC}") = "PrototypeTest", "Prototype\Test\PrototypeTest.csproj", "{886AFDAB-E433-4469-BB85-0BDF90CB7887}"
EndProject
Project("{2150E333-8FDC-42A3-9474-1A3956D46DE8}") = "Proxy", "Proxy", "{230904AC-9697-4D0A-A650-C45F799C5A2E}"
EndProject
Project("{FAE04EC0-301F-11D3-BF4B-00C04F79EFBC}") = "Proxy", "Proxy\Source\Proxy.csproj", "{AA0FFA08-801C-46EE-9BB7-956699FC508A}"
EndProject
Project("{FAE04EC0-301F-11D3-BF4B-00C04F79EFBC}") = "ProxyTest", "Proxy\Test\ProxyTest.csproj", "{F620DE2D-8FC7-4421-9FFB-B1289AB5D3EE}"
EndProject
Project("{2150E333-8FDC-42A3-9474-1A3956D46DE8}") = "State", "State", "{937CE1C1-5526-4DB5-94A3-760E259AD458}"
EndProject
Project("{FAE04EC0-301F-11D3-BF4B-00C04F79EFBC}") = "State", "State\Source\State.csproj", "{319C4DA5-AF4C-4EE4-A72C-196C627799C2}"
EndProject
Project("{FAE04EC0-301F-11D3-BF4B-00C04F79EFBC}") = "StateTest", "State\Test\StateTest.csproj", "{97F89E28-90DF-41BB-9495-A177CFAA5EB6}"
EndProject
Project("{2150E333-8FDC-42A3-9474-1A3956D46DE8}") = "Strategy", "Strategy", "{4131F856-1E2E-4249-A6F2-573FD78D4275}"
EndProject
Project("{FAE04EC0-301F-11D3-BF4B-00C04F79EFBC}") = "Strategy", "Strategy\Source\Strategy.csproj", "{64146CB7-6321-430A-9119-CFE107F2DF9B}"
EndProject
Project("{FAE04EC0-301F-11D3-BF4B-00C04F79EFBC}") = "StrategyTest", "Strategy\Test\StrategyTest.csproj", "{ACCF9635-F3F2-45BE-BB4A-9FD6130DE104}"
EndProject
Project("{2150E333-8FDC-42A3-9474-1A3956D46DE8}") = "TemplateMethod", "TemplateMethod", "{4CD5E2D8-8494-43B7-BE83-28CFA7F1D8EC}"
EndProject
Project("{FAE04EC0-301F-11D3-BF4B-00C04F79EFBC}") = "TemplateMethod", "TemplateMethod\Source\TemplateMethod.csproj", "{CF0E9CBE-ECD7-4F1A-9D86-AF13FE4D22E0}"
EndProject
Project("{FAE04EC0-301F-11D3-BF4B-00C04F79EFBC}") = "TemplateMethodTest", "TemplateMethod\Test\TemplateMethodTest.csproj", "{CACA61B4-98DB-49CC-A355-3B3956118D78}"
EndProject
Project("{2150E333-8FDC-42A3-9474-1A3956D46DE8}") = "Visitor", "Visitor", "{7C833E14-3B31-4DC8-840C-4EE2CB9C0588}"
EndProject
Project("{FAE04EC0-301F-11D3-BF4B-00C04F79EFBC}") = "Visitor", "Visitor\Source\Visitor.csproj", "{0B235782-E0D4-4FD8-9FF8-BB1BF500B87A}"
EndProject
Project("{FAE04EC0-301F-11D3-BF4B-00C04F79EFBC}") = "VisitorTest", "Visitor\Test\VisitorTest.csproj", "{58899CD7-B340-44BA-8CB7-124AF7ECB087}"
EndProject
Project("{2150E333-8FDC-42A3-9474-1A3956D46DE8}") = "SingletonDependencyInjection", "SingletonDependencyInjection", "{03BB53C1-9A02-4A5B-88D3-83C7FE0E5DEF}"
EndProject
Project("{FAE04EC0-301F-11D3-BF4B-00C04F79EFBC}") = "SingletonDI", "SingletonDependencyInjection\Source\SingletonDI.csproj", "{4DFD7193-B88A-4A64-8F09-AD00B405DC92}"
EndProject
Project("{FAE04EC0-301F-11D3-BF4B-00C04F79EFBC}") = "SingletonDITest", "SingletonDependencyInjection\Test\SingletonDITest.csproj", "{56375538-D3E0-4943-83B7-292403FE140C}"
EndProject
Global
	GlobalSection(SolutionConfigurationPlatforms) = preSolution
		Debug|Any CPU = Debug|Any CPU
		Debug|x64 = Debug|x64
		Debug|x86 = Debug|x86
		Release|Any CPU = Release|Any CPU
		Release|x64 = Release|x64
		Release|x86 = Release|x86
	EndGlobalSection
	GlobalSection(SolutionProperties) = preSolution
		HideSolutionNode = FALSE
	EndGlobalSection
	GlobalSection(ProjectConfigurationPlatforms) = postSolution
		{E2E9C27C-D81B-41BE-892E-FC00CC9B9D2A}.Debug|Any CPU.ActiveCfg = Debug|Any CPU
		{E2E9C27C-D81B-41BE-892E-FC00CC9B9D2A}.Debug|Any CPU.Build.0 = Debug|Any CPU
		{E2E9C27C-D81B-41BE-892E-FC00CC9B9D2A}.Debug|x64.ActiveCfg = Debug|Any CPU
		{E2E9C27C-D81B-41BE-892E-FC00CC9B9D2A}.Debug|x64.Build.0 = Debug|Any CPU
		{E2E9C27C-D81B-41BE-892E-FC00CC9B9D2A}.Debug|x86.ActiveCfg = Debug|Any CPU
		{E2E9C27C-D81B-41BE-892E-FC00CC9B9D2A}.Debug|x86.Build.0 = Debug|Any CPU
		{E2E9C27C-D81B-41BE-892E-FC00CC9B9D2A}.Release|Any CPU.ActiveCfg = Release|Any CPU
		{E2E9C27C-D81B-41BE-892E-FC00CC9B9D2A}.Release|Any CPU.Build.0 = Release|Any CPU
		{E2E9C27C-D81B-41BE-892E-FC00CC9B9D2A}.Release|x64.ActiveCfg = Release|Any CPU
		{E2E9C27C-D81B-41BE-892E-FC00CC9B9D2A}.Release|x64.Build.0 = Release|Any CPU
		{E2E9C27C-D81B-41BE-892E-FC00CC9B9D2A}.Release|x86.ActiveCfg = Release|Any CPU
		{E2E9C27C-D81B-41BE-892E-FC00CC9B9D2A}.Release|x86.Build.0 = Release|Any CPU
		{D9090DE2-B61A-43ED-A9E7-51D3ABA6A3BE}.Debug|Any CPU.ActiveCfg = Debug|Any CPU
		{D9090DE2-B61A-43ED-A9E7-51D3ABA6A3BE}.Debug|Any CPU.Build.0 = Debug|Any CPU
		{D9090DE2-B61A-43ED-A9E7-51D3ABA6A3BE}.Debug|x64.ActiveCfg = Debug|Any CPU
		{D9090DE2-B61A-43ED-A9E7-51D3ABA6A3BE}.Debug|x64.Build.0 = Debug|Any CPU
		{D9090DE2-B61A-43ED-A9E7-51D3ABA6A3BE}.Debug|x86.ActiveCfg = Debug|Any CPU
		{D9090DE2-B61A-43ED-A9E7-51D3ABA6A3BE}.Debug|x86.Build.0 = Debug|Any CPU
		{D9090DE2-B61A-43ED-A9E7-51D3ABA6A3BE}.Release|Any CPU.ActiveCfg = Release|Any CPU
		{D9090DE2-B61A-43ED-A9E7-51D3ABA6A3BE}.Release|Any CPU.Build.0 = Release|Any CPU
		{D9090DE2-B61A-43ED-A9E7-51D3ABA6A3BE}.Release|x64.ActiveCfg = Release|Any CPU
		{D9090DE2-B61A-43ED-A9E7-51D3ABA6A3BE}.Release|x64.Build.0 = Release|Any CPU
		{D9090DE2-B61A-43ED-A9E7-51D3ABA6A3BE}.Release|x86.ActiveCfg = Release|Any CPU
		{D9090DE2-B61A-43ED-A9E7-51D3ABA6A3BE}.Release|x86.Build.0 = Release|Any CPU
		{25ECB004-8877-4EB0-B05F-9FC731F9CD26}.Debug|Any CPU.ActiveCfg = Debug|Any CPU
		{25ECB004-8877-4EB0-B05F-9FC731F9CD26}.Debug|Any CPU.Build.0 = Debug|Any CPU
		{25ECB004-8877-4EB0-B05F-9FC731F9CD26}.Debug|x64.ActiveCfg = Debug|Any CPU
		{25ECB004-8877-4EB0-B05F-9FC731F9CD26}.Debug|x64.Build.0 = Debug|Any CPU
		{25ECB004-8877-4EB0-B05F-9FC731F9CD26}.Debug|x86.ActiveCfg = Debug|Any CPU
		{25ECB004-8877-4EB0-B05F-9FC731F9CD26}.Debug|x86.Build.0 = Debug|Any CPU
		{25ECB004-8877-4EB0-B05F-9FC731F9CD26}.Release|Any CPU.ActiveCfg = Release|Any CPU
		{25ECB004-8877-4EB0-B05F-9FC731F9CD26}.Release|Any CPU.Build.0 = Release|Any CPU
		{25ECB004-8877-4EB0-B05F-9FC731F9CD26}.Release|x64.ActiveCfg = Release|Any CPU
		{25ECB004-8877-4EB0-B05F-9FC731F9CD26}.Release|x64.Build.0 = Release|Any CPU
		{25ECB004-8877-4EB0-B05F-9FC731F9CD26}.Release|x86.ActiveCfg = Release|Any CPU
		{25ECB004-8877-4EB0-B05F-9FC731F9CD26}.Release|x86.Build.0 = Release|Any CPU
		{FF365C2B-80F9-473A-9680-489C2E09152D}.Debug|Any CPU.ActiveCfg = Debug|Any CPU
		{FF365C2B-80F9-473A-9680-489C2E09152D}.Debug|Any CPU.Build.0 = Debug|Any CPU
		{FF365C2B-80F9-473A-9680-489C2E09152D}.Debug|x64.ActiveCfg = Debug|Any CPU
		{FF365C2B-80F9-473A-9680-489C2E09152D}.Debug|x64.Build.0 = Debug|Any CPU
		{FF365C2B-80F9-473A-9680-489C2E09152D}.Debug|x86.ActiveCfg = Debug|Any CPU
		{FF365C2B-80F9-473A-9680-489C2E09152D}.Debug|x86.Build.0 = Debug|Any CPU
		{FF365C2B-80F9-473A-9680-489C2E09152D}.Release|Any CPU.ActiveCfg = Release|Any CPU
		{FF365C2B-80F9-473A-9680-489C2E09152D}.Release|Any CPU.Build.0 = Release|Any CPU
		{FF365C2B-80F9-473A-9680-489C2E09152D}.Release|x64.ActiveCfg = Release|Any CPU
		{FF365C2B-80F9-473A-9680-489C2E09152D}.Release|x64.Build.0 = Release|Any CPU
		{FF365C2B-80F9-473A-9680-489C2E09152D}.Release|x86.ActiveCfg = Release|Any CPU
		{FF365C2B-80F9-473A-9680-489C2E09152D}.Release|x86.Build.0 = Release|Any CPU
		{04BBAE87-9FF8-440F-8ECE-E507C0F5E06C}.Debug|Any CPU.ActiveCfg = Debug|Any CPU
		{04BBAE87-9FF8-440F-8ECE-E507C0F5E06C}.Debug|Any CPU.Build.0 = Debug|Any CPU
		{04BBAE87-9FF8-440F-8ECE-E507C0F5E06C}.Debug|x64.ActiveCfg = Debug|Any CPU
		{04BBAE87-9FF8-440F-8ECE-E507C0F5E06C}.Debug|x64.Build.0 = Debug|Any CPU
		{04BBAE87-9FF8-440F-8ECE-E507C0F5E06C}.Debug|x86.ActiveCfg = Debug|Any CPU
		{04BBAE87-9FF8-440F-8ECE-E507C0F5E06C}.Debug|x86.Build.0 = Debug|Any CPU
		{04BBAE87-9FF8-440F-8ECE-E507C0F5E06C}.Release|Any CPU.ActiveCfg = Release|Any CPU
		{04BBAE87-9FF8-440F-8ECE-E507C0F5E06C}.Release|Any CPU.Build.0 = Release|Any CPU
		{04BBAE87-9FF8-440F-8ECE-E507C0F5E06C}.Release|x64.ActiveCfg = Release|Any CPU
		{04BBAE87-9FF8-440F-8ECE-E507C0F5E06C}.Release|x64.Build.0 = Release|Any CPU
		{04BBAE87-9FF8-440F-8ECE-E507C0F5E06C}.Release|x86.ActiveCfg = Release|Any CPU
		{04BBAE87-9FF8-440F-8ECE-E507C0F5E06C}.Release|x86.Build.0 = Release|Any CPU
		{D82945B3-57E8-48AA-8EB3-198094085DD0}.Debug|Any CPU.ActiveCfg = Debug|Any CPU
		{D82945B3-57E8-48AA-8EB3-198094085DD0}.Debug|Any CPU.Build.0 = Debug|Any CPU
		{D82945B3-57E8-48AA-8EB3-198094085DD0}.Debug|x64.ActiveCfg = Debug|Any CPU
		{D82945B3-57E8-48AA-8EB3-198094085DD0}.Debug|x64.Build.0 = Debug|Any CPU
		{D82945B3-57E8-48AA-8EB3-198094085DD0}.Debug|x86.ActiveCfg = Debug|Any CPU
		{D82945B3-57E8-48AA-8EB3-198094085DD0}.Debug|x86.Build.0 = Debug|Any CPU
		{D82945B3-57E8-48AA-8EB3-198094085DD0}.Release|Any CPU.ActiveCfg = Release|Any CPU
		{D82945B3-57E8-48AA-8EB3-198094085DD0}.Release|Any CPU.Build.0 = Release|Any CPU
		{D82945B3-57E8-48AA-8EB3-198094085DD0}.Release|x64.ActiveCfg = Release|Any CPU
		{D82945B3-57E8-48AA-8EB3-198094085DD0}.Release|x64.Build.0 = Release|Any CPU
		{D82945B3-57E8-48AA-8EB3-198094085DD0}.Release|x86.ActiveCfg = Release|Any CPU
		{D82945B3-57E8-48AA-8EB3-198094085DD0}.Release|x86.Build.0 = Release|Any CPU
		{0E38AA36-2BF6-44B6-8C2B-12344525B14A}.Debug|Any CPU.ActiveCfg = Debug|Any CPU
		{0E38AA36-2BF6-44B6-8C2B-12344525B14A}.Debug|Any CPU.Build.0 = Debug|Any CPU
		{0E38AA36-2BF6-44B6-8C2B-12344525B14A}.Debug|x64.ActiveCfg = Debug|Any CPU
		{0E38AA36-2BF6-44B6-8C2B-12344525B14A}.Debug|x64.Build.0 = Debug|Any CPU
		{0E38AA36-2BF6-44B6-8C2B-12344525B14A}.Debug|x86.ActiveCfg = Debug|Any CPU
		{0E38AA36-2BF6-44B6-8C2B-12344525B14A}.Debug|x86.Build.0 = Debug|Any CPU
		{0E38AA36-2BF6-44B6-8C2B-12344525B14A}.Release|Any CPU.ActiveCfg = Release|Any CPU
		{0E38AA36-2BF6-44B6-8C2B-12344525B14A}.Release|Any CPU.Build.0 = Release|Any CPU
		{0E38AA36-2BF6-44B6-8C2B-12344525B14A}.Release|x64.ActiveCfg = Release|Any CPU
		{0E38AA36-2BF6-44B6-8C2B-12344525B14A}.Release|x64.Build.0 = Release|Any CPU
		{0E38AA36-2BF6-44B6-8C2B-12344525B14A}.Release|x86.ActiveCfg = Release|Any CPU
		{0E38AA36-2BF6-44B6-8C2B-12344525B14A}.Release|x86.Build.0 = Release|Any CPU
		{A55D013F-2EC1-4CC4-A1FD-317E26D9F383}.Debug|Any CPU.ActiveCfg = Debug|Any CPU
		{A55D013F-2EC1-4CC4-A1FD-317E26D9F383}.Debug|Any CPU.Build.0 = Debug|Any CPU
		{A55D013F-2EC1-4CC4-A1FD-317E26D9F383}.Debug|x64.ActiveCfg = Debug|Any CPU
		{A55D013F-2EC1-4CC4-A1FD-317E26D9F383}.Debug|x64.Build.0 = Debug|Any CPU
		{A55D013F-2EC1-4CC4-A1FD-317E26D9F383}.Debug|x86.ActiveCfg = Debug|Any CPU
		{A55D013F-2EC1-4CC4-A1FD-317E26D9F383}.Debug|x86.Build.0 = Debug|Any CPU
		{A55D013F-2EC1-4CC4-A1FD-317E26D9F383}.Release|Any CPU.ActiveCfg = Release|Any CPU
		{A55D013F-2EC1-4CC4-A1FD-317E26D9F383}.Release|Any CPU.Build.0 = Release|Any CPU
		{A55D013F-2EC1-4CC4-A1FD-317E26D9F383}.Release|x64.ActiveCfg = Release|Any CPU
		{A55D013F-2EC1-4CC4-A1FD-317E26D9F383}.Release|x64.Build.0 = Release|Any CPU
		{A55D013F-2EC1-4CC4-A1FD-317E26D9F383}.Release|x86.ActiveCfg = Release|Any CPU
		{A55D013F-2EC1-4CC4-A1FD-317E26D9F383}.Release|x86.Build.0 = Release|Any CPU
		{89F7E317-83EE-4F20-A322-723A121FB61A}.Debug|Any CPU.ActiveCfg = Debug|Any CPU
		{89F7E317-83EE-4F20-A322-723A121FB61A}.Debug|Any CPU.Build.0 = Debug|Any CPU
		{89F7E317-83EE-4F20-A322-723A121FB61A}.Debug|x64.ActiveCfg = Debug|Any CPU
		{89F7E317-83EE-4F20-A322-723A121FB61A}.Debug|x64.Build.0 = Debug|Any CPU
		{89F7E317-83EE-4F20-A322-723A121FB61A}.Debug|x86.ActiveCfg = Debug|Any CPU
		{89F7E317-83EE-4F20-A322-723A121FB61A}.Debug|x86.Build.0 = Debug|Any CPU
		{89F7E317-83EE-4F20-A322-723A121FB61A}.Release|Any CPU.ActiveCfg = Release|Any CPU
		{89F7E317-83EE-4F20-A322-723A121FB61A}.Release|Any CPU.Build.0 = Release|Any CPU
		{89F7E317-83EE-4F20-A322-723A121FB61A}.Release|x64.ActiveCfg = Release|Any CPU
		{89F7E317-83EE-4F20-A322-723A121FB61A}.Release|x64.Build.0 = Release|Any CPU
		{89F7E317-83EE-4F20-A322-723A121FB61A}.Release|x86.ActiveCfg = Release|Any CPU
		{89F7E317-83EE-4F20-A322-723A121FB61A}.Release|x86.Build.0 = Release|Any CPU
		{75603935-15A2-4047-A6BD-A999C83429D2}.Debug|Any CPU.ActiveCfg = Debug|Any CPU
		{75603935-15A2-4047-A6BD-A999C83429D2}.Debug|Any CPU.Build.0 = Debug|Any CPU
		{75603935-15A2-4047-A6BD-A999C83429D2}.Debug|x64.ActiveCfg = Debug|Any CPU
		{75603935-15A2-4047-A6BD-A999C83429D2}.Debug|x64.Build.0 = Debug|Any CPU
		{75603935-15A2-4047-A6BD-A999C83429D2}.Debug|x86.ActiveCfg = Debug|Any CPU
		{75603935-15A2-4047-A6BD-A999C83429D2}.Debug|x86.Build.0 = Debug|Any CPU
		{75603935-15A2-4047-A6BD-A999C83429D2}.Release|Any CPU.ActiveCfg = Release|Any CPU
		{75603935-15A2-4047-A6BD-A999C83429D2}.Release|Any CPU.Build.0 = Release|Any CPU
		{75603935-15A2-4047-A6BD-A999C83429D2}.Release|x64.ActiveCfg = Release|Any CPU
		{75603935-15A2-4047-A6BD-A999C83429D2}.Release|x64.Build.0 = Release|Any CPU
		{75603935-15A2-4047-A6BD-A999C83429D2}.Release|x86.ActiveCfg = Release|Any CPU
		{75603935-15A2-4047-A6BD-A999C83429D2}.Release|x86.Build.0 = Release|Any CPU
		{E2BBB4CC-41E0-42B5-A425-1C0BB6A669C6}.Debug|Any CPU.ActiveCfg = Debug|Any CPU
		{E2BBB4CC-41E0-42B5-A425-1C0BB6A669C6}.Debug|Any CPU.Build.0 = Debug|Any CPU
		{E2BBB4CC-41E0-42B5-A425-1C0BB6A669C6}.Debug|x64.ActiveCfg = Debug|Any CPU
		{E2BBB4CC-41E0-42B5-A425-1C0BB6A669C6}.Debug|x64.Build.0 = Debug|Any CPU
		{E2BBB4CC-41E0-42B5-A425-1C0BB6A669C6}.Debug|x86.ActiveCfg = Debug|Any CPU
		{E2BBB4CC-41E0-42B5-A425-1C0BB6A669C6}.Debug|x86.Build.0 = Debug|Any CPU
		{E2BBB4CC-41E0-42B5-A425-1C0BB6A669C6}.Release|Any CPU.ActiveCfg = Release|Any CPU
		{E2BBB4CC-41E0-42B5-A425-1C0BB6A669C6}.Release|Any CPU.Build.0 = Release|Any CPU
		{E2BBB4CC-41E0-42B5-A425-1C0BB6A669C6}.Release|x64.ActiveCfg = Release|Any CPU
		{E2BBB4CC-41E0-42B5-A425-1C0BB6A669C6}.Release|x64.Build.0 = Release|Any CPU
		{E2BBB4CC-41E0-42B5-A425-1C0BB6A669C6}.Release|x86.ActiveCfg = Release|Any CPU
		{E2BBB4CC-41E0-42B5-A425-1C0BB6A669C6}.Release|x86.Build.0 = Release|Any CPU
		{611D0C4C-952D-4ADC-9ABC-E7F455731DFF}.Debug|Any CPU.ActiveCfg = Debug|Any CPU
		{611D0C4C-952D-4ADC-9ABC-E7F455731DFF}.Debug|Any CPU.Build.0 = Debug|Any CPU
		{611D0C4C-952D-4ADC-9ABC-E7F455731DFF}.Debug|x64.ActiveCfg = Debug|Any CPU
		{611D0C4C-952D-4ADC-9ABC-E7F455731DFF}.Debug|x64.Build.0 = Debug|Any CPU
		{611D0C4C-952D-4ADC-9ABC-E7F455731DFF}.Debug|x86.ActiveCfg = Debug|Any CPU
		{611D0C4C-952D-4ADC-9ABC-E7F455731DFF}.Debug|x86.Build.0 = Debug|Any CPU
		{611D0C4C-952D-4ADC-9ABC-E7F455731DFF}.Release|Any CPU.ActiveCfg = Release|Any CPU
		{611D0C4C-952D-4ADC-9ABC-E7F455731DFF}.Release|Any CPU.Build.0 = Release|Any CPU
		{611D0C4C-952D-4ADC-9ABC-E7F455731DFF}.Release|x64.ActiveCfg = Release|Any CPU
		{611D0C4C-952D-4ADC-9ABC-E7F455731DFF}.Release|x64.Build.0 = Release|Any CPU
		{611D0C4C-952D-4ADC-9ABC-E7F455731DFF}.Release|x86.ActiveCfg = Release|Any CPU
		{611D0C4C-952D-4ADC-9ABC-E7F455731DFF}.Release|x86.Build.0 = Release|Any CPU
		{F5B3C142-0453-4D4E-82C9-A41E20DBFB02}.Debug|Any CPU.ActiveCfg = Debug|Any CPU
		{F5B3C142-0453-4D4E-82C9-A41E20DBFB02}.Debug|Any CPU.Build.0 = Debug|Any CPU
		{F5B3C142-0453-4D4E-82C9-A41E20DBFB02}.Debug|x64.ActiveCfg = Debug|Any CPU
		{F5B3C142-0453-4D4E-82C9-A41E20DBFB02}.Debug|x64.Build.0 = Debug|Any CPU
		{F5B3C142-0453-4D4E-82C9-A41E20DBFB02}.Debug|x86.ActiveCfg = Debug|Any CPU
		{F5B3C142-0453-4D4E-82C9-A41E20DBFB02}.Debug|x86.Build.0 = Debug|Any CPU
		{F5B3C142-0453-4D4E-82C9-A41E20DBFB02}.Release|Any CPU.ActiveCfg = Release|Any CPU
		{F5B3C142-0453-4D4E-82C9-A41E20DBFB02}.Release|Any CPU.Build.0 = Release|Any CPU
		{F5B3C142-0453-4D4E-82C9-A41E20DBFB02}.Release|x64.ActiveCfg = Release|Any CPU
		{F5B3C142-0453-4D4E-82C9-A41E20DBFB02}.Release|x64.Build.0 = Release|Any CPU
		{F5B3C142-0453-4D4E-82C9-A41E20DBFB02}.Release|x86.ActiveCfg = Release|Any CPU
		{F5B3C142-0453-4D4E-82C9-A41E20DBFB02}.Release|x86.Build.0 = Release|Any CPU
		{997FFA91-47D5-4271-8D3A-1D9343F65B37}.Debug|Any CPU.ActiveCfg = Debug|Any CPU
		{997FFA91-47D5-4271-8D3A-1D9343F65B37}.Debug|Any CPU.Build.0 = Debug|Any CPU
		{997FFA91-47D5-4271-8D3A-1D9343F65B37}.Debug|x64.ActiveCfg = Debug|Any CPU
		{997FFA91-47D5-4271-8D3A-1D9343F65B37}.Debug|x64.Build.0 = Debug|Any CPU
		{997FFA91-47D5-4271-8D3A-1D9343F65B37}.Debug|x86.ActiveCfg = Debug|Any CPU
		{997FFA91-47D5-4271-8D3A-1D9343F65B37}.Debug|x86.Build.0 = Debug|Any CPU
		{997FFA91-47D5-4271-8D3A-1D9343F65B37}.Release|Any CPU.ActiveCfg = Release|Any CPU
		{997FFA91-47D5-4271-8D3A-1D9343F65B37}.Release|Any CPU.Build.0 = Release|Any CPU
		{997FFA91-47D5-4271-8D3A-1D9343F65B37}.Release|x64.ActiveCfg = Release|Any CPU
		{997FFA91-47D5-4271-8D3A-1D9343F65B37}.Release|x64.Build.0 = Release|Any CPU
		{997FFA91-47D5-4271-8D3A-1D9343F65B37}.Release|x86.ActiveCfg = Release|Any CPU
		{997FFA91-47D5-4271-8D3A-1D9343F65B37}.Release|x86.Build.0 = Release|Any CPU
		{4AF14DF5-DB1F-4171-8039-94088C93DC62}.Debug|Any CPU.ActiveCfg = Debug|Any CPU
		{4AF14DF5-DB1F-4171-8039-94088C93DC62}.Debug|Any CPU.Build.0 = Debug|Any CPU
		{4AF14DF5-DB1F-4171-8039-94088C93DC62}.Debug|x64.ActiveCfg = Debug|Any CPU
		{4AF14DF5-DB1F-4171-8039-94088C93DC62}.Debug|x64.Build.0 = Debug|Any CPU
		{4AF14DF5-DB1F-4171-8039-94088C93DC62}.Debug|x86.ActiveCfg = Debug|Any CPU
		{4AF14DF5-DB1F-4171-8039-94088C93DC62}.Debug|x86.Build.0 = Debug|Any CPU
		{4AF14DF5-DB1F-4171-8039-94088C93DC62}.Release|Any CPU.ActiveCfg = Release|Any CPU
		{4AF14DF5-DB1F-4171-8039-94088C93DC62}.Release|Any CPU.Build.0 = Release|Any CPU
		{4AF14DF5-DB1F-4171-8039-94088C93DC62}.Release|x64.ActiveCfg = Release|Any CPU
		{4AF14DF5-DB1F-4171-8039-94088C93DC62}.Release|x64.Build.0 = Release|Any CPU
		{4AF14DF5-DB1F-4171-8039-94088C93DC62}.Release|x86.ActiveCfg = Release|Any CPU
		{4AF14DF5-DB1F-4171-8039-94088C93DC62}.Release|x86.Build.0 = Release|Any CPU
		{61B54D3B-619C-432E-83BC-67DF49A3E0E8}.Debug|Any CPU.ActiveCfg = Debug|Any CPU
		{61B54D3B-619C-432E-83BC-67DF49A3E0E8}.Debug|Any CPU.Build.0 = Debug|Any CPU
		{61B54D3B-619C-432E-83BC-67DF49A3E0E8}.Debug|x64.ActiveCfg = Debug|Any CPU
		{61B54D3B-619C-432E-83BC-67DF49A3E0E8}.Debug|x64.Build.0 = Debug|Any CPU
		{61B54D3B-619C-432E-83BC-67DF49A3E0E8}.Debug|x86.ActiveCfg = Debug|Any CPU
		{61B54D3B-619C-432E-83BC-67DF49A3E0E8}.Debug|x86.Build.0 = Debug|Any CPU
		{61B54D3B-619C-432E-83BC-67DF49A3E0E8}.Release|Any CPU.ActiveCfg = Release|Any CPU
		{61B54D3B-619C-432E-83BC-67DF49A3E0E8}.Release|Any CPU.Build.0 = Release|Any CPU
		{61B54D3B-619C-432E-83BC-67DF49A3E0E8}.Release|x64.ActiveCfg = Release|Any CPU
		{61B54D3B-619C-432E-83BC-67DF49A3E0E8}.Release|x64.Build.0 = Release|Any CPU
		{61B54D3B-619C-432E-83BC-67DF49A3E0E8}.Release|x86.ActiveCfg = Release|Any CPU
		{61B54D3B-619C-432E-83BC-67DF49A3E0E8}.Release|x86.Build.0 = Release|Any CPU
		{90B23F98-858F-434A-BC0F-88958B0F4438}.Debug|Any CPU.ActiveCfg = Debug|Any CPU
		{90B23F98-858F-434A-BC0F-88958B0F4438}.Debug|Any CPU.Build.0 = Debug|Any CPU
		{90B23F98-858F-434A-BC0F-88958B0F4438}.Debug|x64.ActiveCfg = Debug|Any CPU
		{90B23F98-858F-434A-BC0F-88958B0F4438}.Debug|x64.Build.0 = Debug|Any CPU
		{90B23F98-858F-434A-BC0F-88958B0F4438}.Debug|x86.ActiveCfg = Debug|Any CPU
		{90B23F98-858F-434A-BC0F-88958B0F4438}.Debug|x86.Build.0 = Debug|Any CPU
		{90B23F98-858F-434A-BC0F-88958B0F4438}.Release|Any CPU.ActiveCfg = Release|Any CPU
		{90B23F98-858F-434A-BC0F-88958B0F4438}.Release|Any CPU.Build.0 = Release|Any CPU
		{90B23F98-858F-434A-BC0F-88958B0F4438}.Release|x64.ActiveCfg = Release|Any CPU
		{90B23F98-858F-434A-BC0F-88958B0F4438}.Release|x64.Build.0 = Release|Any CPU
		{90B23F98-858F-434A-BC0F-88958B0F4438}.Release|x86.ActiveCfg = Release|Any CPU
		{90B23F98-858F-434A-BC0F-88958B0F4438}.Release|x86.Build.0 = Release|Any CPU
		{C2510376-621A-4EDB-937D-D07F5D2FE429}.Debug|Any CPU.ActiveCfg = Debug|Any CPU
		{C2510376-621A-4EDB-937D-D07F5D2FE429}.Debug|Any CPU.Build.0 = Debug|Any CPU
		{C2510376-621A-4EDB-937D-D07F5D2FE429}.Debug|x64.ActiveCfg = Debug|Any CPU
		{C2510376-621A-4EDB-937D-D07F5D2FE429}.Debug|x64.Build.0 = Debug|Any CPU
		{C2510376-621A-4EDB-937D-D07F5D2FE429}.Debug|x86.ActiveCfg = Debug|Any CPU
		{C2510376-621A-4EDB-937D-D07F5D2FE429}.Debug|x86.Build.0 = Debug|Any CPU
		{C2510376-621A-4EDB-937D-D07F5D2FE429}.Release|Any CPU.ActiveCfg = Release|Any CPU
		{C2510376-621A-4EDB-937D-D07F5D2FE429}.Release|Any CPU.Build.0 = Release|Any CPU
		{C2510376-621A-4EDB-937D-D07F5D2FE429}.Release|x64.ActiveCfg = Release|Any CPU
		{C2510376-621A-4EDB-937D-D07F5D2FE429}.Release|x64.Build.0 = Release|Any CPU
		{C2510376-621A-4EDB-937D-D07F5D2FE429}.Release|x86.ActiveCfg = Release|Any CPU
		{C2510376-621A-4EDB-937D-D07F5D2FE429}.Release|x86.Build.0 = Release|Any CPU
		{68D5F3BD-AD44-44B6-9B2F-504C2E43296F}.Debug|Any CPU.ActiveCfg = Debug|Any CPU
		{68D5F3BD-AD44-44B6-9B2F-504C2E43296F}.Debug|Any CPU.Build.0 = Debug|Any CPU
		{68D5F3BD-AD44-44B6-9B2F-504C2E43296F}.Debug|x64.ActiveCfg = Debug|Any CPU
		{68D5F3BD-AD44-44B6-9B2F-504C2E43296F}.Debug|x64.Build.0 = Debug|Any CPU
		{68D5F3BD-AD44-44B6-9B2F-504C2E43296F}.Debug|x86.ActiveCfg = Debug|Any CPU
		{68D5F3BD-AD44-44B6-9B2F-504C2E43296F}.Debug|x86.Build.0 = Debug|Any CPU
		{68D5F3BD-AD44-44B6-9B2F-504C2E43296F}.Release|Any CPU.ActiveCfg = Release|Any CPU
		{68D5F3BD-AD44-44B6-9B2F-504C2E43296F}.Release|Any CPU.Build.0 = Release|Any CPU
		{68D5F3BD-AD44-44B6-9B2F-504C2E43296F}.Release|x64.ActiveCfg = Release|Any CPU
		{68D5F3BD-AD44-44B6-9B2F-504C2E43296F}.Release|x64.Build.0 = Release|Any CPU
		{68D5F3BD-AD44-44B6-9B2F-504C2E43296F}.Release|x86.ActiveCfg = Release|Any CPU
		{68D5F3BD-AD44-44B6-9B2F-504C2E43296F}.Release|x86.Build.0 = Release|Any CPU
		{50D4E4BD-C8EE-4FCB-8C5F-5B8DCFB58C9D}.Debug|Any CPU.ActiveCfg = Debug|Any CPU
		{50D4E4BD-C8EE-4FCB-8C5F-5B8DCFB58C9D}.Debug|Any CPU.Build.0 = Debug|Any CPU
		{50D4E4BD-C8EE-4FCB-8C5F-5B8DCFB58C9D}.Debug|x64.ActiveCfg = Debug|Any CPU
		{50D4E4BD-C8EE-4FCB-8C5F-5B8DCFB58C9D}.Debug|x64.Build.0 = Debug|Any CPU
		{50D4E4BD-C8EE-4FCB-8C5F-5B8DCFB58C9D}.Debug|x86.ActiveCfg = Debug|Any CPU
		{50D4E4BD-C8EE-4FCB-8C5F-5B8DCFB58C9D}.Debug|x86.Build.0 = Debug|Any CPU
		{50D4E4BD-C8EE-4FCB-8C5F-5B8DCFB58C9D}.Release|Any CPU.ActiveCfg = Release|Any CPU
		{50D4E4BD-C8EE-4FCB-8C5F-5B8DCFB58C9D}.Release|Any CPU.Build.0 = Release|Any CPU
		{50D4E4BD-C8EE-4FCB-8C5F-5B8DCFB58C9D}.Release|x64.ActiveCfg = Release|Any CPU
		{50D4E4BD-C8EE-4FCB-8C5F-5B8DCFB58C9D}.Release|x64.Build.0 = Release|Any CPU
		{50D4E4BD-C8EE-4FCB-8C5F-5B8DCFB58C9D}.Release|x86.ActiveCfg = Release|Any CPU
		{50D4E4BD-C8EE-4FCB-8C5F-5B8DCFB58C9D}.Release|x86.Build.0 = Release|Any CPU
		{F62474FF-3163-4197-9AD7-FD4901A3F1A5}.Debug|Any CPU.ActiveCfg = Debug|Any CPU
		{F62474FF-3163-4197-9AD7-FD4901A3F1A5}.Debug|Any CPU.Build.0 = Debug|Any CPU
		{F62474FF-3163-4197-9AD7-FD4901A3F1A5}.Debug|x64.ActiveCfg = Debug|Any CPU
		{F62474FF-3163-4197-9AD7-FD4901A3F1A5}.Debug|x64.Build.0 = Debug|Any CPU
		{F62474FF-3163-4197-9AD7-FD4901A3F1A5}.Debug|x86.ActiveCfg = Debug|Any CPU
		{F62474FF-3163-4197-9AD7-FD4901A3F1A5}.Debug|x86.Build.0 = Debug|Any CPU
		{F62474FF-3163-4197-9AD7-FD4901A3F1A5}.Release|Any CPU.ActiveCfg = Release|Any CPU
		{F62474FF-3163-4197-9AD7-FD4901A3F1A5}.Release|Any CPU.Build.0 = Release|Any CPU
		{F62474FF-3163-4197-9AD7-FD4901A3F1A5}.Release|x64.ActiveCfg = Release|Any CPU
		{F62474FF-3163-4197-9AD7-FD4901A3F1A5}.Release|x64.Build.0 = Release|Any CPU
		{F62474FF-3163-4197-9AD7-FD4901A3F1A5}.Release|x86.ActiveCfg = Release|Any CPU
		{F62474FF-3163-4197-9AD7-FD4901A3F1A5}.Release|x86.Build.0 = Release|Any CPU
		{FC7E0C9C-18DF-492E-97C2-796583A32727}.Debug|Any CPU.ActiveCfg = Debug|Any CPU
		{FC7E0C9C-18DF-492E-97C2-796583A32727}.Debug|Any CPU.Build.0 = Debug|Any CPU
		{FC7E0C9C-18DF-492E-97C2-796583A32727}.Debug|x64.ActiveCfg = Debug|Any CPU
		{FC7E0C9C-18DF-492E-97C2-796583A32727}.Debug|x64.Build.0 = Debug|Any CPU
		{FC7E0C9C-18DF-492E-97C2-796583A32727}.Debug|x86.ActiveCfg = Debug|Any CPU
		{FC7E0C9C-18DF-492E-97C2-796583A32727}.Debug|x86.Build.0 = Debug|Any CPU
		{FC7E0C9C-18DF-492E-97C2-796583A32727}.Release|Any CPU.ActiveCfg = Release|Any CPU
		{FC7E0C9C-18DF-492E-97C2-796583A32727}.Release|Any CPU.Build.0 = Release|Any CPU
		{FC7E0C9C-18DF-492E-97C2-796583A32727}.Release|x64.ActiveCfg = Release|Any CPU
		{FC7E0C9C-18DF-492E-97C2-796583A32727}.Release|x64.Build.0 = Release|Any CPU
		{FC7E0C9C-18DF-492E-97C2-796583A32727}.Release|x86.ActiveCfg = Release|Any CPU
		{FC7E0C9C-18DF-492E-97C2-796583A32727}.Release|x86.Build.0 = Release|Any CPU
		{F5A36E5B-9425-4312-8C1A-B4E3672475B2}.Debug|Any CPU.ActiveCfg = Debug|Any CPU
		{F5A36E5B-9425-4312-8C1A-B4E3672475B2}.Debug|Any CPU.Build.0 = Debug|Any CPU
		{F5A36E5B-9425-4312-8C1A-B4E3672475B2}.Debug|x64.ActiveCfg = Debug|Any CPU
		{F5A36E5B-9425-4312-8C1A-B4E3672475B2}.Debug|x64.Build.0 = Debug|Any CPU
		{F5A36E5B-9425-4312-8C1A-B4E3672475B2}.Debug|x86.ActiveCfg = Debug|Any CPU
		{F5A36E5B-9425-4312-8C1A-B4E3672475B2}.Debug|x86.Build.0 = Debug|Any CPU
		{F5A36E5B-9425-4312-8C1A-B4E3672475B2}.Release|Any CPU.ActiveCfg = Release|Any CPU
		{F5A36E5B-9425-4312-8C1A-B4E3672475B2}.Release|Any CPU.Build.0 = Release|Any CPU
		{F5A36E5B-9425-4312-8C1A-B4E3672475B2}.Release|x64.ActiveCfg = Release|Any CPU
		{F5A36E5B-9425-4312-8C1A-B4E3672475B2}.Release|x64.Build.0 = Release|Any CPU
		{F5A36E5B-9425-4312-8C1A-B4E3672475B2}.Release|x86.ActiveCfg = Release|Any CPU
		{F5A36E5B-9425-4312-8C1A-B4E3672475B2}.Release|x86.Build.0 = Release|Any CPU
		{43ACE8C4-6F0C-4618-BDCB-0D3F13FC54BC}.Debug|Any CPU.ActiveCfg = Debug|Any CPU
		{43ACE8C4-6F0C-4618-BDCB-0D3F13FC54BC}.Debug|Any CPU.Build.0 = Debug|Any CPU
		{43ACE8C4-6F0C-4618-BDCB-0D3F13FC54BC}.Debug|x64.ActiveCfg = Debug|Any CPU
		{43ACE8C4-6F0C-4618-BDCB-0D3F13FC54BC}.Debug|x64.Build.0 = Debug|Any CPU
		{43ACE8C4-6F0C-4618-BDCB-0D3F13FC54BC}.Debug|x86.ActiveCfg = Debug|Any CPU
		{43ACE8C4-6F0C-4618-BDCB-0D3F13FC54BC}.Debug|x86.Build.0 = Debug|Any CPU
		{43ACE8C4-6F0C-4618-BDCB-0D3F13FC54BC}.Release|Any CPU.ActiveCfg = Release|Any CPU
		{43ACE8C4-6F0C-4618-BDCB-0D3F13FC54BC}.Release|Any CPU.Build.0 = Release|Any CPU
		{43ACE8C4-6F0C-4618-BDCB-0D3F13FC54BC}.Release|x64.ActiveCfg = Release|Any CPU
		{43ACE8C4-6F0C-4618-BDCB-0D3F13FC54BC}.Release|x64.Build.0 = Release|Any CPU
		{43ACE8C4-6F0C-4618-BDCB-0D3F13FC54BC}.Release|x86.ActiveCfg = Release|Any CPU
		{43ACE8C4-6F0C-4618-BDCB-0D3F13FC54BC}.Release|x86.Build.0 = Release|Any CPU
		{5FAF9776-37B2-4D81-BA79-F50B95E5BBB6}.Debug|Any CPU.ActiveCfg = Debug|Any CPU
		{5FAF9776-37B2-4D81-BA79-F50B95E5BBB6}.Debug|Any CPU.Build.0 = Debug|Any CPU
		{5FAF9776-37B2-4D81-BA79-F50B95E5BBB6}.Debug|x64.ActiveCfg = Debug|Any CPU
		{5FAF9776-37B2-4D81-BA79-F50B95E5BBB6}.Debug|x64.Build.0 = Debug|Any CPU
		{5FAF9776-37B2-4D81-BA79-F50B95E5BBB6}.Debug|x86.ActiveCfg = Debug|Any CPU
		{5FAF9776-37B2-4D81-BA79-F50B95E5BBB6}.Debug|x86.Build.0 = Debug|Any CPU
		{5FAF9776-37B2-4D81-BA79-F50B95E5BBB6}.Release|Any CPU.ActiveCfg = Release|Any CPU
		{5FAF9776-37B2-4D81-BA79-F50B95E5BBB6}.Release|Any CPU.Build.0 = Release|Any CPU
		{5FAF9776-37B2-4D81-BA79-F50B95E5BBB6}.Release|x64.ActiveCfg = Release|Any CPU
		{5FAF9776-37B2-4D81-BA79-F50B95E5BBB6}.Release|x64.Build.0 = Release|Any CPU
		{5FAF9776-37B2-4D81-BA79-F50B95E5BBB6}.Release|x86.ActiveCfg = Release|Any CPU
		{5FAF9776-37B2-4D81-BA79-F50B95E5BBB6}.Release|x86.Build.0 = Release|Any CPU
		{5858AAC3-9AA5-44B7-B50E-D9221331046B}.Debug|Any CPU.ActiveCfg = Debug|Any CPU
		{5858AAC3-9AA5-44B7-B50E-D9221331046B}.Debug|Any CPU.Build.0 = Debug|Any CPU
		{5858AAC3-9AA5-44B7-B50E-D9221331046B}.Debug|x64.ActiveCfg = Debug|Any CPU
		{5858AAC3-9AA5-44B7-B50E-D9221331046B}.Debug|x64.Build.0 = Debug|Any CPU
		{5858AAC3-9AA5-44B7-B50E-D9221331046B}.Debug|x86.ActiveCfg = Debug|Any CPU
		{5858AAC3-9AA5-44B7-B50E-D9221331046B}.Debug|x86.Build.0 = Debug|Any CPU
		{5858AAC3-9AA5-44B7-B50E-D9221331046B}.Release|Any CPU.ActiveCfg = Release|Any CPU
		{5858AAC3-9AA5-44B7-B50E-D9221331046B}.Release|Any CPU.Build.0 = Release|Any CPU
		{5858AAC3-9AA5-44B7-B50E-D9221331046B}.Release|x64.ActiveCfg = Release|Any CPU
		{5858AAC3-9AA5-44B7-B50E-D9221331046B}.Release|x64.Build.0 = Release|Any CPU
		{5858AAC3-9AA5-44B7-B50E-D9221331046B}.Release|x86.ActiveCfg = Release|Any CPU
		{5858AAC3-9AA5-44B7-B50E-D9221331046B}.Release|x86.Build.0 = Release|Any CPU
		{E2A3D0B2-841D-4EC5-AD12-5C4E059EEC66}.Debug|Any CPU.ActiveCfg = Debug|Any CPU
		{E2A3D0B2-841D-4EC5-AD12-5C4E059EEC66}.Debug|Any CPU.Build.0 = Debug|Any CPU
		{E2A3D0B2-841D-4EC5-AD12-5C4E059EEC66}.Debug|x64.ActiveCfg = Debug|Any CPU
		{E2A3D0B2-841D-4EC5-AD12-5C4E059EEC66}.Debug|x64.Build.0 = Debug|Any CPU
		{E2A3D0B2-841D-4EC5-AD12-5C4E059EEC66}.Debug|x86.ActiveCfg = Debug|Any CPU
		{E2A3D0B2-841D-4EC5-AD12-5C4E059EEC66}.Debug|x86.Build.0 = Debug|Any CPU
		{E2A3D0B2-841D-4EC5-AD12-5C4E059EEC66}.Release|Any CPU.ActiveCfg = Release|Any CPU
		{E2A3D0B2-841D-4EC5-AD12-5C4E059EEC66}.Release|Any CPU.Build.0 = Release|Any CPU
		{E2A3D0B2-841D-4EC5-AD12-5C4E059EEC66}.Release|x64.ActiveCfg = Release|Any CPU
		{E2A3D0B2-841D-4EC5-AD12-5C4E059EEC66}.Release|x64.Build.0 = Release|Any CPU
		{E2A3D0B2-841D-4EC5-AD12-5C4E059EEC66}.Release|x86.ActiveCfg = Release|Any CPU
		{E2A3D0B2-841D-4EC5-AD12-5C4E059EEC66}.Release|x86.Build.0 = Release|Any CPU
		{46A1A234-D6DE-4B6B-8915-2F0AB675B0CD}.Debug|Any CPU.ActiveCfg = Debug|Any CPU
		{46A1A234-D6DE-4B6B-8915-2F0AB675B0CD}.Debug|Any CPU.Build.0 = Debug|Any CPU
		{46A1A234-D6DE-4B6B-8915-2F0AB675B0CD}.Debug|x64.ActiveCfg = Debug|Any CPU
		{46A1A234-D6DE-4B6B-8915-2F0AB675B0CD}.Debug|x64.Build.0 = Debug|Any CPU
		{46A1A234-D6DE-4B6B-8915-2F0AB675B0CD}.Debug|x86.ActiveCfg = Debug|Any CPU
		{46A1A234-D6DE-4B6B-8915-2F0AB675B0CD}.Debug|x86.Build.0 = Debug|Any CPU
		{46A1A234-D6DE-4B6B-8915-2F0AB675B0CD}.Release|Any CPU.ActiveCfg = Release|Any CPU
		{46A1A234-D6DE-4B6B-8915-2F0AB675B0CD}.Release|Any CPU.Build.0 = Release|Any CPU
		{46A1A234-D6DE-4B6B-8915-2F0AB675B0CD}.Release|x64.ActiveCfg = Release|Any CPU
		{46A1A234-D6DE-4B6B-8915-2F0AB675B0CD}.Release|x64.Build.0 = Release|Any CPU
		{46A1A234-D6DE-4B6B-8915-2F0AB675B0CD}.Release|x86.ActiveCfg = Release|Any CPU
		{46A1A234-D6DE-4B6B-8915-2F0AB675B0CD}.Release|x86.Build.0 = Release|Any CPU
		{A901CF3D-AE0A-4B17-88DC-19F1B80E05D7}.Debug|Any CPU.ActiveCfg = Debug|Any CPU
		{A901CF3D-AE0A-4B17-88DC-19F1B80E05D7}.Debug|Any CPU.Build.0 = Debug|Any CPU
		{A901CF3D-AE0A-4B17-88DC-19F1B80E05D7}.Debug|x64.ActiveCfg = Debug|Any CPU
		{A901CF3D-AE0A-4B17-88DC-19F1B80E05D7}.Debug|x64.Build.0 = Debug|Any CPU
		{A901CF3D-AE0A-4B17-88DC-19F1B80E05D7}.Debug|x86.ActiveCfg = Debug|Any CPU
		{A901CF3D-AE0A-4B17-88DC-19F1B80E05D7}.Debug|x86.Build.0 = Debug|Any CPU
		{A901CF3D-AE0A-4B17-88DC-19F1B80E05D7}.Release|Any CPU.ActiveCfg = Release|Any CPU
		{A901CF3D-AE0A-4B17-88DC-19F1B80E05D7}.Release|Any CPU.Build.0 = Release|Any CPU
		{A901CF3D-AE0A-4B17-88DC-19F1B80E05D7}.Release|x64.ActiveCfg = Release|Any CPU
		{A901CF3D-AE0A-4B17-88DC-19F1B80E05D7}.Release|x64.Build.0 = Release|Any CPU
		{A901CF3D-AE0A-4B17-88DC-19F1B80E05D7}.Release|x86.ActiveCfg = Release|Any CPU
		{A901CF3D-AE0A-4B17-88DC-19F1B80E05D7}.Release|x86.Build.0 = Release|Any CPU
		{886AFDAB-E433-4469-BB85-0BDF90CB7887}.Debug|Any CPU.ActiveCfg = Debug|Any CPU
		{886AFDAB-E433-4469-BB85-0BDF90CB7887}.Debug|Any CPU.Build.0 = Debug|Any CPU
		{886AFDAB-E433-4469-BB85-0BDF90CB7887}.Debug|x64.ActiveCfg = Debug|Any CPU
		{886AFDAB-E433-4469-BB85-0BDF90CB7887}.Debug|x64.Build.0 = Debug|Any CPU
		{886AFDAB-E433-4469-BB85-0BDF90CB7887}.Debug|x86.ActiveCfg = Debug|Any CPU
		{886AFDAB-E433-4469-BB85-0BDF90CB7887}.Debug|x86.Build.0 = Debug|Any CPU
		{886AFDAB-E433-4469-BB85-0BDF90CB7887}.Release|Any CPU.ActiveCfg = Release|Any CPU
		{886AFDAB-E433-4469-BB85-0BDF90CB7887}.Release|Any CPU.Build.0 = Release|Any CPU
		{886AFDAB-E433-4469-BB85-0BDF90CB7887}.Release|x64.ActiveCfg = Release|Any CPU
		{886AFDAB-E433-4469-BB85-0BDF90CB7887}.Release|x64.Build.0 = Release|Any CPU
		{886AFDAB-E433-4469-BB85-0BDF90CB7887}.Release|x86.ActiveCfg = Release|Any CPU
		{886AFDAB-E433-4469-BB85-0BDF90CB7887}.Release|x86.Build.0 = Release|Any CPU
		{AA0FFA08-801C-46EE-9BB7-956699FC508A}.Debug|Any CPU.ActiveCfg = Debug|Any CPU
		{AA0FFA08-801C-46EE-9BB7-956699FC508A}.Debug|Any CPU.Build.0 = Debug|Any CPU
		{AA0FFA08-801C-46EE-9BB7-956699FC508A}.Debug|x64.ActiveCfg = Debug|Any CPU
		{AA0FFA08-801C-46EE-9BB7-956699FC508A}.Debug|x64.Build.0 = Debug|Any CPU
		{AA0FFA08-801C-46EE-9BB7-956699FC508A}.Debug|x86.ActiveCfg = Debug|Any CPU
		{AA0FFA08-801C-46EE-9BB7-956699FC508A}.Debug|x86.Build.0 = Debug|Any CPU
		{AA0FFA08-801C-46EE-9BB7-956699FC508A}.Release|Any CPU.ActiveCfg = Release|Any CPU
		{AA0FFA08-801C-46EE-9BB7-956699FC508A}.Release|Any CPU.Build.0 = Release|Any CPU
		{AA0FFA08-801C-46EE-9BB7-956699FC508A}.Release|x64.ActiveCfg = Release|Any CPU
		{AA0FFA08-801C-46EE-9BB7-956699FC508A}.Release|x64.Build.0 = Release|Any CPU
		{AA0FFA08-801C-46EE-9BB7-956699FC508A}.Release|x86.ActiveCfg = Release|Any CPU
		{AA0FFA08-801C-46EE-9BB7-956699FC508A}.Release|x86.Build.0 = Release|Any CPU
		{F620DE2D-8FC7-4421-9FFB-B1289AB5D3EE}.Debug|Any CPU.ActiveCfg = Debug|Any CPU
		{F620DE2D-8FC7-4421-9FFB-B1289AB5D3EE}.Debug|Any CPU.Build.0 = Debug|Any CPU
		{F620DE2D-8FC7-4421-9FFB-B1289AB5D3EE}.Debug|x64.ActiveCfg = Debug|Any CPU
		{F620DE2D-8FC7-4421-9FFB-B1289AB5D3EE}.Debug|x64.Build.0 = Debug|Any CPU
		{F620DE2D-8FC7-4421-9FFB-B1289AB5D3EE}.Debug|x86.ActiveCfg = Debug|Any CPU
		{F620DE2D-8FC7-4421-9FFB-B1289AB5D3EE}.Debug|x86.Build.0 = Debug|Any CPU
		{F620DE2D-8FC7-4421-9FFB-B1289AB5D3EE}.Release|Any CPU.ActiveCfg = Release|Any CPU
		{F620DE2D-8FC7-4421-9FFB-B1289AB5D3EE}.Release|Any CPU.Build.0 = Release|Any CPU
		{F620DE2D-8FC7-4421-9FFB-B1289AB5D3EE}.Release|x64.ActiveCfg = Release|Any CPU
		{F620DE2D-8FC7-4421-9FFB-B1289AB5D3EE}.Release|x64.Build.0 = Release|Any CPU
		{F620DE2D-8FC7-4421-9FFB-B1289AB5D3EE}.Release|x86.ActiveCfg = Release|Any CPU
		{F620DE2D-8FC7-4421-9FFB-B1289AB5D3EE}.Release|x86.Build.0 = Release|Any CPU
		{319C4DA5-AF4C-4EE4-A72C-196C627799C2}.Debug|Any CPU.ActiveCfg = Debug|Any CPU
		{319C4DA5-AF4C-4EE4-A72C-196C627799C2}.Debug|Any CPU.Build.0 = Debug|Any CPU
		{319C4DA5-AF4C-4EE4-A72C-196C627799C2}.Debug|x64.ActiveCfg = Debug|Any CPU
		{319C4DA5-AF4C-4EE4-A72C-196C627799C2}.Debug|x64.Build.0 = Debug|Any CPU
		{319C4DA5-AF4C-4EE4-A72C-196C627799C2}.Debug|x86.ActiveCfg = Debug|Any CPU
		{319C4DA5-AF4C-4EE4-A72C-196C627799C2}.Debug|x86.Build.0 = Debug|Any CPU
		{319C4DA5-AF4C-4EE4-A72C-196C627799C2}.Release|Any CPU.ActiveCfg = Release|Any CPU
		{319C4DA5-AF4C-4EE4-A72C-196C627799C2}.Release|Any CPU.Build.0 = Release|Any CPU
		{319C4DA5-AF4C-4EE4-A72C-196C627799C2}.Release|x64.ActiveCfg = Release|Any CPU
		{319C4DA5-AF4C-4EE4-A72C-196C627799C2}.Release|x64.Build.0 = Release|Any CPU
		{319C4DA5-AF4C-4EE4-A72C-196C627799C2}.Release|x86.ActiveCfg = Release|Any CPU
		{319C4DA5-AF4C-4EE4-A72C-196C627799C2}.Release|x86.Build.0 = Release|Any CPU
		{97F89E28-90DF-41BB-9495-A177CFAA5EB6}.Debug|Any CPU.ActiveCfg = Debug|Any CPU
		{97F89E28-90DF-41BB-9495-A177CFAA5EB6}.Debug|Any CPU.Build.0 = Debug|Any CPU
		{97F89E28-90DF-41BB-9495-A177CFAA5EB6}.Debug|x64.ActiveCfg = Debug|Any CPU
		{97F89E28-90DF-41BB-9495-A177CFAA5EB6}.Debug|x64.Build.0 = Debug|Any CPU
		{97F89E28-90DF-41BB-9495-A177CFAA5EB6}.Debug|x86.ActiveCfg = Debug|Any CPU
		{97F89E28-90DF-41BB-9495-A177CFAA5EB6}.Debug|x86.Build.0 = Debug|Any CPU
		{97F89E28-90DF-41BB-9495-A177CFAA5EB6}.Release|Any CPU.ActiveCfg = Release|Any CPU
		{97F89E28-90DF-41BB-9495-A177CFAA5EB6}.Release|Any CPU.Build.0 = Release|Any CPU
		{97F89E28-90DF-41BB-9495-A177CFAA5EB6}.Release|x64.ActiveCfg = Release|Any CPU
		{97F89E28-90DF-41BB-9495-A177CFAA5EB6}.Release|x64.Build.0 = Release|Any CPU
		{97F89E28-90DF-41BB-9495-A177CFAA5EB6}.Release|x86.ActiveCfg = Release|Any CPU
		{97F89E28-90DF-41BB-9495-A177CFAA5EB6}.Release|x86.Build.0 = Release|Any CPU
		{64146CB7-6321-430A-9119-CFE107F2DF9B}.Debug|Any CPU.ActiveCfg = Debug|Any CPU
		{64146CB7-6321-430A-9119-CFE107F2DF9B}.Debug|Any CPU.Build.0 = Debug|Any CPU
		{64146CB7-6321-430A-9119-CFE107F2DF9B}.Debug|x64.ActiveCfg = Debug|Any CPU
		{64146CB7-6321-430A-9119-CFE107F2DF9B}.Debug|x64.Build.0 = Debug|Any CPU
		{64146CB7-6321-430A-9119-CFE107F2DF9B}.Debug|x86.ActiveCfg = Debug|Any CPU
		{64146CB7-6321-430A-9119-CFE107F2DF9B}.Debug|x86.Build.0 = Debug|Any CPU
		{64146CB7-6321-430A-9119-CFE107F2DF9B}.Release|Any CPU.ActiveCfg = Release|Any CPU
		{64146CB7-6321-430A-9119-CFE107F2DF9B}.Release|Any CPU.Build.0 = Release|Any CPU
		{64146CB7-6321-430A-9119-CFE107F2DF9B}.Release|x64.ActiveCfg = Release|Any CPU
		{64146CB7-6321-430A-9119-CFE107F2DF9B}.Release|x64.Build.0 = Release|Any CPU
		{64146CB7-6321-430A-9119-CFE107F2DF9B}.Release|x86.ActiveCfg = Release|Any CPU
		{64146CB7-6321-430A-9119-CFE107F2DF9B}.Release|x86.Build.0 = Release|Any CPU
		{ACCF9635-F3F2-45BE-BB4A-9FD6130DE104}.Debug|Any CPU.ActiveCfg = Debug|Any CPU
		{ACCF9635-F3F2-45BE-BB4A-9FD6130DE104}.Debug|Any CPU.Build.0 = Debug|Any CPU
		{ACCF9635-F3F2-45BE-BB4A-9FD6130DE104}.Debug|x64.ActiveCfg = Debug|Any CPU
		{ACCF9635-F3F2-45BE-BB4A-9FD6130DE104}.Debug|x64.Build.0 = Debug|Any CPU
		{ACCF9635-F3F2-45BE-BB4A-9FD6130DE104}.Debug|x86.ActiveCfg = Debug|Any CPU
		{ACCF9635-F3F2-45BE-BB4A-9FD6130DE104}.Debug|x86.Build.0 = Debug|Any CPU
		{ACCF9635-F3F2-45BE-BB4A-9FD6130DE104}.Release|Any CPU.ActiveCfg = Release|Any CPU
		{ACCF9635-F3F2-45BE-BB4A-9FD6130DE104}.Release|Any CPU.Build.0 = Release|Any CPU
		{ACCF9635-F3F2-45BE-BB4A-9FD6130DE104}.Release|x64.ActiveCfg = Release|Any CPU
		{ACCF9635-F3F2-45BE-BB4A-9FD6130DE104}.Release|x64.Build.0 = Release|Any CPU
		{ACCF9635-F3F2-45BE-BB4A-9FD6130DE104}.Release|x86.ActiveCfg = Release|Any CPU
		{ACCF9635-F3F2-45BE-BB4A-9FD6130DE104}.Release|x86.Build.0 = Release|Any CPU
		{CF0E9CBE-ECD7-4F1A-9D86-AF13FE4D22E0}.Debug|Any CPU.ActiveCfg = Debug|Any CPU
		{CF0E9CBE-ECD7-4F1A-9D86-AF13FE4D22E0}.Debug|Any CPU.Build.0 = Debug|Any CPU
		{CF0E9CBE-ECD7-4F1A-9D86-AF13FE4D22E0}.Debug|x64.ActiveCfg = Debug|Any CPU
		{CF0E9CBE-ECD7-4F1A-9D86-AF13FE4D22E0}.Debug|x64.Build.0 = Debug|Any CPU
		{CF0E9CBE-ECD7-4F1A-9D86-AF13FE4D22E0}.Debug|x86.ActiveCfg = Debug|Any CPU
		{CF0E9CBE-ECD7-4F1A-9D86-AF13FE4D22E0}.Debug|x86.Build.0 = Debug|Any CPU
		{CF0E9CBE-ECD7-4F1A-9D86-AF13FE4D22E0}.Release|Any CPU.ActiveCfg = Release|Any CPU
		{CF0E9CBE-ECD7-4F1A-9D86-AF13FE4D22E0}.Release|Any CPU.Build.0 = Release|Any CPU
		{CF0E9CBE-ECD7-4F1A-9D86-AF13FE4D22E0}.Release|x64.ActiveCfg = Release|Any CPU
		{CF0E9CBE-ECD7-4F1A-9D86-AF13FE4D22E0}.Release|x64.Build.0 = Release|Any CPU
		{CF0E9CBE-ECD7-4F1A-9D86-AF13FE4D22E0}.Release|x86.ActiveCfg = Release|Any CPU
		{CF0E9CBE-ECD7-4F1A-9D86-AF13FE4D22E0}.Release|x86.Build.0 = Release|Any CPU
		{CACA61B4-98DB-49CC-A355-3B3956118D78}.Debug|Any CPU.ActiveCfg = Debug|Any CPU
		{CACA61B4-98DB-49CC-A355-3B3956118D78}.Debug|Any CPU.Build.0 = Debug|Any CPU
		{CACA61B4-98DB-49CC-A355-3B3956118D78}.Debug|x64.ActiveCfg = Debug|Any CPU
		{CACA61B4-98DB-49CC-A355-3B3956118D78}.Debug|x64.Build.0 = Debug|Any CPU
		{CACA61B4-98DB-49CC-A355-3B3956118D78}.Debug|x86.ActiveCfg = Debug|Any CPU
		{CACA61B4-98DB-49CC-A355-3B3956118D78}.Debug|x86.Build.0 = Debug|Any CPU
		{CACA61B4-98DB-49CC-A355-3B3956118D78}.Release|Any CPU.ActiveCfg = Release|Any CPU
		{CACA61B4-98DB-49CC-A355-3B3956118D78}.Release|Any CPU.Build.0 = Release|Any CPU
		{CACA61B4-98DB-49CC-A355-3B3956118D78}.Release|x64.ActiveCfg = Release|Any CPU
		{CACA61B4-98DB-49CC-A355-3B3956118D78}.Release|x64.Build.0 = Release|Any CPU
		{CACA61B4-98DB-49CC-A355-3B3956118D78}.Release|x86.ActiveCfg = Release|Any CPU
		{CACA61B4-98DB-49CC-A355-3B3956118D78}.Release|x86.Build.0 = Release|Any CPU
		{0B235782-E0D4-4FD8-9FF8-BB1BF500B87A}.Debug|Any CPU.ActiveCfg = Debug|Any CPU
		{0B235782-E0D4-4FD8-9FF8-BB1BF500B87A}.Debug|Any CPU.Build.0 = Debug|Any CPU
		{0B235782-E0D4-4FD8-9FF8-BB1BF500B87A}.Debug|x64.ActiveCfg = Debug|Any CPU
		{0B235782-E0D4-4FD8-9FF8-BB1BF500B87A}.Debug|x64.Build.0 = Debug|Any CPU
		{0B235782-E0D4-4FD8-9FF8-BB1BF500B87A}.Debug|x86.ActiveCfg = Debug|Any CPU
		{0B235782-E0D4-4FD8-9FF8-BB1BF500B87A}.Debug|x86.Build.0 = Debug|Any CPU
		{0B235782-E0D4-4FD8-9FF8-BB1BF500B87A}.Release|Any CPU.ActiveCfg = Release|Any CPU
		{0B235782-E0D4-4FD8-9FF8-BB1BF500B87A}.Release|Any CPU.Build.0 = Release|Any CPU
		{0B235782-E0D4-4FD8-9FF8-BB1BF500B87A}.Release|x64.ActiveCfg = Release|Any CPU
		{0B235782-E0D4-4FD8-9FF8-BB1BF500B87A}.Release|x64.Build.0 = Release|Any CPU
		{0B235782-E0D4-4FD8-9FF8-BB1BF500B87A}.Release|x86.ActiveCfg = Release|Any CPU
		{0B235782-E0D4-4FD8-9FF8-BB1BF500B87A}.Release|x86.Build.0 = Release|Any CPU
		{58899CD7-B340-44BA-8CB7-124AF7ECB087}.Debug|Any CPU.ActiveCfg = Debug|Any CPU
		{58899CD7-B340-44BA-8CB7-124AF7ECB087}.Debug|Any CPU.Build.0 = Debug|Any CPU
		{58899CD7-B340-44BA-8CB7-124AF7ECB087}.Debug|x64.ActiveCfg = Debug|Any CPU
		{58899CD7-B340-44BA-8CB7-124AF7ECB087}.Debug|x64.Build.0 = Debug|Any CPU
		{58899CD7-B340-44BA-8CB7-124AF7ECB087}.Debug|x86.ActiveCfg = Debug|Any CPU
		{58899CD7-B340-44BA-8CB7-124AF7ECB087}.Debug|x86.Build.0 = Debug|Any CPU
		{58899CD7-B340-44BA-8CB7-124AF7ECB087}.Release|Any CPU.ActiveCfg = Release|Any CPU
		{58899CD7-B340-44BA-8CB7-124AF7ECB087}.Release|Any CPU.Build.0 = Release|Any CPU
		{58899CD7-B340-44BA-8CB7-124AF7ECB087}.Release|x64.ActiveCfg = Release|Any CPU
		{58899CD7-B340-44BA-8CB7-124AF7ECB087}.Release|x64.Build.0 = Release|Any CPU
		{58899CD7-B340-44BA-8CB7-124AF7ECB087}.Release|x86.ActiveCfg = Release|Any CPU
		{58899CD7-B340-44BA-8CB7-124AF7ECB087}.Release|x86.Build.0 = Release|Any CPU
		{4DFD7193-B88A-4A64-8F09-AD00B405DC92}.Debug|Any CPU.ActiveCfg = Debug|Any CPU
		{4DFD7193-B88A-4A64-8F09-AD00B405DC92}.Debug|Any CPU.Build.0 = Debug|Any CPU
		{4DFD7193-B88A-4A64-8F09-AD00B405DC92}.Debug|x64.ActiveCfg = Debug|Any CPU
		{4DFD7193-B88A-4A64-8F09-AD00B405DC92}.Debug|x64.Build.0 = Debug|Any CPU
		{4DFD7193-B88A-4A64-8F09-AD00B405DC92}.Debug|x86.ActiveCfg = Debug|Any CPU
		{4DFD7193-B88A-4A64-8F09-AD00B405DC92}.Debug|x86.Build.0 = Debug|Any CPU
		{4DFD7193-B88A-4A64-8F09-AD00B405DC92}.Release|Any CPU.ActiveCfg = Release|Any CPU
		{4DFD7193-B88A-4A64-8F09-AD00B405DC92}.Release|Any CPU.Build.0 = Release|Any CPU
		{4DFD7193-B88A-4A64-8F09-AD00B405DC92}.Release|x64.ActiveCfg = Release|Any CPU
		{4DFD7193-B88A-4A64-8F09-AD00B405DC92}.Release|x64.Build.0 = Release|Any CPU
		{4DFD7193-B88A-4A64-8F09-AD00B405DC92}.Release|x86.ActiveCfg = Release|Any CPU
		{4DFD7193-B88A-4A64-8F09-AD00B405DC92}.Release|x86.Build.0 = Release|Any CPU
		{56375538-D3E0-4943-83B7-292403FE140C}.Debug|Any CPU.ActiveCfg = Debug|Any CPU
		{56375538-D3E0-4943-83B7-292403FE140C}.Debug|Any CPU.Build.0 = Debug|Any CPU
		{56375538-D3E0-4943-83B7-292403FE140C}.Debug|x64.ActiveCfg = Debug|Any CPU
		{56375538-D3E0-4943-83B7-292403FE140C}.Debug|x64.Build.0 = Debug|Any CPU
		{56375538-D3E0-4943-83B7-292403FE140C}.Debug|x86.ActiveCfg = Debug|Any CPU
		{56375538-D3E0-4943-83B7-292403FE140C}.Debug|x86.Build.0 = Debug|Any CPU
		{56375538-D3E0-4943-83B7-292403FE140C}.Release|Any CPU.ActiveCfg = Release|Any CPU
		{56375538-D3E0-4943-83B7-292403FE140C}.Release|Any CPU.Build.0 = Release|Any CPU
		{56375538-D3E0-4943-83B7-292403FE140C}.Release|x64.ActiveCfg = Release|Any CPU
		{56375538-D3E0-4943-83B7-292403FE140C}.Release|x64.Build.0 = Release|Any CPU
		{56375538-D3E0-4943-83B7-292403FE140C}.Release|x86.ActiveCfg = Release|Any CPU
		{56375538-D3E0-4943-83B7-292403FE140C}.Release|x86.Build.0 = Release|Any CPU
	EndGlobalSection
	GlobalSection(NestedProjects) = preSolution
		{E2E9C27C-D81B-41BE-892E-FC00CC9B9D2A} = {3B928698-0207-4545-9781-A89E24D46E69}
		{D9090DE2-B61A-43ED-A9E7-51D3ABA6A3BE} = {3B928698-0207-4545-9781-A89E24D46E69}
		{25ECB004-8877-4EB0-B05F-9FC731F9CD26} = {63568AD3-C40C-47CF-9CAA-E402DCBFCEF1}
		{FF365C2B-80F9-473A-9680-489C2E09152D} = {63568AD3-C40C-47CF-9CAA-E402DCBFCEF1}
		{04BBAE87-9FF8-440F-8ECE-E507C0F5E06C} = {D8999904-E3C8-4EDA-A50C-FB3834CEC53D}
		{D82945B3-57E8-48AA-8EB3-198094085DD0} = {D8999904-E3C8-4EDA-A50C-FB3834CEC53D}
		{0E38AA36-2BF6-44B6-8C2B-12344525B14A} = {5629E45F-037A-4B1C-A33D-9FFC4B4BE488}
		{A55D013F-2EC1-4CC4-A1FD-317E26D9F383} = {5629E45F-037A-4B1C-A33D-9FFC4B4BE488}
		{89F7E317-83EE-4F20-A322-723A121FB61A} = {386E7F7B-1A9C-491B-B49C-9924DCBE881D}
		{75603935-15A2-4047-A6BD-A999C83429D2} = {386E7F7B-1A9C-491B-B49C-9924DCBE881D}
		{E2BBB4CC-41E0-42B5-A425-1C0BB6A669C6} = {92539ED7-61EF-4832-BB70-226B6C43FAAE}
		{611D0C4C-952D-4ADC-9ABC-E7F455731DFF} = {92539ED7-61EF-4832-BB70-226B6C43FAAE}
		{F5B3C142-0453-4D4E-82C9-A41E20DBFB02} = {5FEEED33-AF98-4E7B-A40F-32EDCF48BC65}
		{997FFA91-47D5-4271-8D3A-1D9343F65B37} = {5FEEED33-AF98-4E7B-A40F-32EDCF48BC65}
		{4AF14DF5-DB1F-4171-8039-94088C93DC62} = {1F7462AF-F405-43D2-8CB9-3FDE701A291F}
		{61B54D3B-619C-432E-83BC-67DF49A3E0E8} = {1F7462AF-F405-43D2-8CB9-3FDE701A291F}
		{90B23F98-858F-434A-BC0F-88958B0F4438} = {D463EC0F-B80B-4C19-AD32-106A5183D6CE}
		{C2510376-621A-4EDB-937D-D07F5D2FE429} = {D463EC0F-B80B-4C19-AD32-106A5183D6CE}
		{68D5F3BD-AD44-44B6-9B2F-504C2E43296F} = {E157281B-947F-45F9-B29B-44FFAD925621}
		{50D4E4BD-C8EE-4FCB-8C5F-5B8DCFB58C9D} = {E157281B-947F-45F9-B29B-44FFAD925621}
		{F62474FF-3163-4197-9AD7-FD4901A3F1A5} = {522BE84C-FDA6-4967-B3AA-9D1C8A8E6C62}
		{FC7E0C9C-18DF-492E-97C2-796583A32727} = {522BE84C-FDA6-4967-B3AA-9D1C8A8E6C62}
		{F5A36E5B-9425-4312-8C1A-B4E3672475B2} = {6DF9AED2-B2F2-4E13-95ED-6722BE29A936}
		{43ACE8C4-6F0C-4618-BDCB-0D3F13FC54BC} = {6DF9AED2-B2F2-4E13-95ED-6722BE29A936}
		{5FAF9776-37B2-4D81-BA79-F50B95E5BBB6} = {ED9B875E-FB45-4B30-8E02-5225EC427456}
		{5858AAC3-9AA5-44B7-B50E-D9221331046B} = {ED9B875E-FB45-4B30-8E02-5225EC427456}
		{E2A3D0B2-841D-4EC5-AD12-5C4E059EEC66} = {B86B11F8-0FCB-4A43-8F25-7268666C30EB}
		{46A1A234-D6DE-4B6B-8915-2F0AB675B0CD} = {B86B11F8-0FCB-4A43-8F25-7268666C30EB}
		{A901CF3D-AE0A-4B17-88DC-19F1B80E05D7} = {2CF1C7C6-814D-4FE9-BEA8-AC47A81FB21A}
		{886AFDAB-E433-4469-BB85-0BDF90CB7887} = {2CF1C7C6-814D-4FE9-BEA8-AC47A81FB21A}
		{AA0FFA08-801C-46EE-9BB7-956699FC508A} = {230904AC-9697-4D0A-A650-C45F799C5A2E}
		{F620DE2D-8FC7-4421-9FFB-B1289AB5D3EE} = {230904AC-9697-4D0A-A650-C45F799C5A2E}
		{319C4DA5-AF4C-4EE4-A72C-196C627799C2} = {937CE1C1-5526-4DB5-94A3-760E259AD458}
		{97F89E28-90DF-41BB-9495-A177CFAA5EB6} = {937CE1C1-5526-4DB5-94A3-760E259AD458}
		{64146CB7-6321-430A-9119-CFE107F2DF9B} = {4131F856-1E2E-4249-A6F2-573FD78D4275}
		{ACCF9635-F3F2-45BE-BB4A-9FD6130DE104} = {4131F856-1E2E-4249-A6F2-573FD78D4275}
		{CF0E9CBE-ECD7-4F1A-9D86-AF13FE4D22E0} = {4CD5E2D8-8494-43B7-BE83-28CFA7F1D8EC}
		{CACA61B4-98DB-49CC-A355-3B3956118D78} = {4CD5E2D8-8494-43B7-BE83-28CFA7F1D8EC}
		{0B235782-E0D4-4FD8-9FF8-BB1BF500B87A} = {7C833E14-3B31-4DC8-840C-4EE2CB9C0588}
		{58899CD7-B340-44BA-8CB7-124AF7ECB087} = {7C833E14-3B31-4DC8-840C-4EE2CB9C0588}
		{4DFD7193-B88A-4A64-8F09-AD00B405DC92} = {03BB53C1-9A02-4A5B-88D3-83C7FE0E5DEF}
		{56375538-D3E0-4943-83B7-292403FE140C} = {03BB53C1-9A02-4A5B-88D3-83C7FE0E5DEF}
	EndGlobalSection
EndGlobal
