
Microsoft Visual Studio Solution File, Format Version 12.00
# Visual Studio 15
VisualStudioVersion = 15.0.26124.0
MinimumVisualStudioVersion = 15.0.26124.0
Project("{FAE04EC0-301F-11D3-BF4B-00C04F79EFBC}") = "Tests", "Tests\Tests.csproj", "{1FDEC8DA-7520-4F55-BC93-173BEAE39827}"
EndProject
Project("{2150E333-8FDC-42A3-9474-1A3956D46DE8}") = "Patterns", "Patterns", "{A4B3BA63-F524-47C8-9DF8-1DB344F372D3}"
EndProject
Project("{FAE04EC0-301F-11D3-BF4B-00C04F79EFBC}") = "AbstractFactory", "Patterns\AbstractFactory\AbstractFactory.csproj", "{7A711FEA-526A-4D96-9411-153B7367508F}"
EndProject
Project("{FAE04EC0-301F-11D3-BF4B-00C04F79EFBC}") = "Adapter", "Patterns\Adapter\Adapter.csproj", "{D67A928C-6EAC-40FA-BD5E-7962937F938A}"
EndProject
Project("{FAE04EC0-301F-11D3-BF4B-00C04F79EFBC}") = "Bridge", "Patterns\Bridge\Bridge.csproj", "{58011005-A288-48BB-9125-7C206668C681}"
EndProject
Project("{FAE04EC0-301F-11D3-BF4B-00C04F79EFBC}") = "Builder", "Patterns\Builder\Builder.csproj", "{2BBB4134-1732-4654-B4BC-7C00A9B3CA5A}"
EndProject
Project("{FAE04EC0-301F-11D3-BF4B-00C04F79EFBC}") = "ChainOfResponsibility", "Patterns\ChainOfResponsibility\ChainOfResponsibility.csproj", "{6E6084A9-4B09-49A8-8078-81562890F80A}"
EndProject
Project("{FAE04EC0-301F-11D3-BF4B-00C04F79EFBC}") = "Command", "Patterns\Command\Command.csproj", "{40B33EB5-4CE2-4B45-8581-4F9415E79F79}"
EndProject
Project("{FAE04EC0-301F-11D3-BF4B-00C04F79EFBC}") = "Composite", "Patterns\Composite\Composite.csproj", "{98CBDEE5-BCC2-4170-A556-525B3DBC017F}"
EndProject
Project("{FAE04EC0-301F-11D3-BF4B-00C04F79EFBC}") = "Decorator", "Patterns\Decorator\Decorator.csproj", "{A736C257-61CA-4271-B7F8-422FFD6C0AD9}"
EndProject
Project("{FAE04EC0-301F-11D3-BF4B-00C04F79EFBC}") = "Facade", "Patterns\Facade\Facade.csproj", "{4CF9FCA4-987E-483F-BF15-65F8286D6F1F}"
EndProject
Project("{FAE04EC0-301F-11D3-BF4B-00C04F79EFBC}") = "FactoryMethod", "Patterns\FactoryMethod\FactoryMethod.csproj", "{A7F9A11F-AC66-41B3-99F3-CA8DB7408EA8}"
EndProject
Project("{FAE04EC0-301F-11D3-BF4B-00C04F79EFBC}") = "Flyweight", "Patterns\Flyweight\Flyweight.csproj", "{E49A6C50-271A-4D21-8523-D6554438F3E0}"
EndProject
Project("{FAE04EC0-301F-11D3-BF4B-00C04F79EFBC}") = "Mediator", "Patterns\Mediator\Mediator.csproj", "{E17E2548-287E-4E81-A839-D043F38CDEEB}"
EndProject
Project("{FAE04EC0-301F-11D3-BF4B-00C04F79EFBC}") = "Memento", "Patterns\Memento\Memento.csproj", "{A9F0813C-F254-4AB1-8759-E47A3E3DE87C}"
EndProject
Project("{FAE04EC0-301F-11D3-BF4B-00C04F79EFBC}") = "Observer", "Patterns\Observer\Observer.csproj", "{C079542D-0682-4D79-8443-CD167F6A27F7}"
EndProject
Project("{FAE04EC0-301F-11D3-BF4B-00C04F79EFBC}") = "Prototype", "Patterns\Prototype\Prototype.csproj", "{39E0C179-AD30-4E9D-B774-4A4EA7880949}"
EndProject
Project("{FAE04EC0-301F-11D3-BF4B-00C04F79EFBC}") = "Proxy", "Patterns\Proxy\Proxy.csproj", "{3A3E6817-728A-4F65-AF2C-711715E35458}"
EndProject
Project("{FAE04EC0-301F-11D3-BF4B-00C04F79EFBC}") = "State", "Patterns\State\State.csproj", "{E70DF3C6-7548-48EA-B07F-C421D251EAF4}"
EndProject
Project("{FAE04EC0-301F-11D3-BF4B-00C04F79EFBC}") = "Strategy", "Patterns\Strategy\Strategy.csproj", "{D9770ACB-BA41-462E-BA1C-FC5F2C3C1BAC}"
EndProject
Project("{FAE04EC0-301F-11D3-BF4B-00C04F79EFBC}") = "TemplateMethod", "Patterns\TemplateMethod\TemplateMethod.csproj", "{12CEDEEA-ADC1-4247-8B78-BA64FAE559AA}"
EndProject
Project("{FAE04EC0-301F-11D3-BF4B-00C04F79EFBC}") = "SingletonDI", "Patterns\SingletonDependencyInjection\SingletonDI.csproj", "{707DF674-6E7C-4EE4-8BF7-E8E806C5A704}"
EndProject
Project("{FAE04EC0-301F-11D3-BF4B-00C04F79EFBC}") = "Visitor", "Patterns\Visitor\Visitor.csproj", "{99E7FED9-E1D3-4F8D-895B-A31258F6BCB2}"
EndProject
Global
	GlobalSection(SolutionConfigurationPlatforms) = preSolution
		Debug|Any CPU = Debug|Any CPU
		Debug|x64 = Debug|x64
		Debug|x86 = Debug|x86
		Release|Any CPU = Release|Any CPU
		Release|x64 = Release|x64
		Release|x86 = Release|x86
	EndGlobalSection
	GlobalSection(SolutionProperties) = preSolution
		HideSolutionNode = FALSE
	EndGlobalSection
	GlobalSection(ProjectConfigurationPlatforms) = postSolution
		{1FDEC8DA-7520-4F55-BC93-173BEAE39827}.Debug|Any CPU.ActiveCfg = Debug|Any CPU
		{1FDEC8DA-7520-4F55-BC93-173BEAE39827}.Debug|Any CPU.Build.0 = Debug|Any CPU
		{1FDEC8DA-7520-4F55-BC93-173BEAE39827}.Debug|x64.ActiveCfg = Debug|Any CPU
		{1FDEC8DA-7520-4F55-BC93-173BEAE39827}.Debug|x64.Build.0 = Debug|Any CPU
		{1FDEC8DA-7520-4F55-BC93-173BEAE39827}.Debug|x86.ActiveCfg = Debug|Any CPU
		{1FDEC8DA-7520-4F55-BC93-173BEAE39827}.Debug|x86.Build.0 = Debug|Any CPU
		{1FDEC8DA-7520-4F55-BC93-173BEAE39827}.Release|Any CPU.ActiveCfg = Release|Any CPU
		{1FDEC8DA-7520-4F55-BC93-173BEAE39827}.Release|Any CPU.Build.0 = Release|Any CPU
		{1FDEC8DA-7520-4F55-BC93-173BEAE39827}.Release|x64.ActiveCfg = Release|Any CPU
		{1FDEC8DA-7520-4F55-BC93-173BEAE39827}.Release|x64.Build.0 = Release|Any CPU
		{1FDEC8DA-7520-4F55-BC93-173BEAE39827}.Release|x86.ActiveCfg = Release|Any CPU
		{1FDEC8DA-7520-4F55-BC93-173BEAE39827}.Release|x86.Build.0 = Release|Any CPU
		{7A711FEA-526A-4D96-9411-153B7367508F}.Debug|Any CPU.ActiveCfg = Debug|Any CPU
		{7A711FEA-526A-4D96-9411-153B7367508F}.Debug|Any CPU.Build.0 = Debug|Any CPU
		{7A711FEA-526A-4D96-9411-153B7367508F}.Debug|x64.ActiveCfg = Debug|Any CPU
		{7A711FEA-526A-4D96-9411-153B7367508F}.Debug|x64.Build.0 = Debug|Any CPU
		{7A711FEA-526A-4D96-9411-153B7367508F}.Debug|x86.ActiveCfg = Debug|Any CPU
		{7A711FEA-526A-4D96-9411-153B7367508F}.Debug|x86.Build.0 = Debug|Any CPU
		{7A711FEA-526A-4D96-9411-153B7367508F}.Release|Any CPU.ActiveCfg = Release|Any CPU
		{7A711FEA-526A-4D96-9411-153B7367508F}.Release|Any CPU.Build.0 = Release|Any CPU
		{7A711FEA-526A-4D96-9411-153B7367508F}.Release|x64.ActiveCfg = Release|Any CPU
		{7A711FEA-526A-4D96-9411-153B7367508F}.Release|x64.Build.0 = Release|Any CPU
		{7A711FEA-526A-4D96-9411-153B7367508F}.Release|x86.ActiveCfg = Release|Any CPU
		{7A711FEA-526A-4D96-9411-153B7367508F}.Release|x86.Build.0 = Release|Any CPU
		{D67A928C-6EAC-40FA-BD5E-7962937F938A}.Debug|Any CPU.ActiveCfg = Debug|Any CPU
		{D67A928C-6EAC-40FA-BD5E-7962937F938A}.Debug|Any CPU.Build.0 = Debug|Any CPU
		{D67A928C-6EAC-40FA-BD5E-7962937F938A}.Debug|x64.ActiveCfg = Debug|Any CPU
		{D67A928C-6EAC-40FA-BD5E-7962937F938A}.Debug|x64.Build.0 = Debug|Any CPU
		{D67A928C-6EAC-40FA-BD5E-7962937F938A}.Debug|x86.ActiveCfg = Debug|Any CPU
		{D67A928C-6EAC-40FA-BD5E-7962937F938A}.Debug|x86.Build.0 = Debug|Any CPU
		{D67A928C-6EAC-40FA-BD5E-7962937F938A}.Release|Any CPU.ActiveCfg = Release|Any CPU
		{D67A928C-6EAC-40FA-BD5E-7962937F938A}.Release|Any CPU.Build.0 = Release|Any CPU
		{D67A928C-6EAC-40FA-BD5E-7962937F938A}.Release|x64.ActiveCfg = Release|Any CPU
		{D67A928C-6EAC-40FA-BD5E-7962937F938A}.Release|x64.Build.0 = Release|Any CPU
		{D67A928C-6EAC-40FA-BD5E-7962937F938A}.Release|x86.ActiveCfg = Release|Any CPU
		{D67A928C-6EAC-40FA-BD5E-7962937F938A}.Release|x86.Build.0 = Release|Any CPU
		{58011005-A288-48BB-9125-7C206668C681}.Debug|Any CPU.ActiveCfg = Debug|Any CPU
		{58011005-A288-48BB-9125-7C206668C681}.Debug|Any CPU.Build.0 = Debug|Any CPU
		{58011005-A288-48BB-9125-7C206668C681}.Debug|x64.ActiveCfg = Debug|Any CPU
		{58011005-A288-48BB-9125-7C206668C681}.Debug|x64.Build.0 = Debug|Any CPU
		{58011005-A288-48BB-9125-7C206668C681}.Debug|x86.ActiveCfg = Debug|Any CPU
		{58011005-A288-48BB-9125-7C206668C681}.Debug|x86.Build.0 = Debug|Any CPU
		{58011005-A288-48BB-9125-7C206668C681}.Release|Any CPU.ActiveCfg = Release|Any CPU
		{58011005-A288-48BB-9125-7C206668C681}.Release|Any CPU.Build.0 = Release|Any CPU
		{58011005-A288-48BB-9125-7C206668C681}.Release|x64.ActiveCfg = Release|Any CPU
		{58011005-A288-48BB-9125-7C206668C681}.Release|x64.Build.0 = Release|Any CPU
		{58011005-A288-48BB-9125-7C206668C681}.Release|x86.ActiveCfg = Release|Any CPU
		{58011005-A288-48BB-9125-7C206668C681}.Release|x86.Build.0 = Release|Any CPU
		{2BBB4134-1732-4654-B4BC-7C00A9B3CA5A}.Debug|Any CPU.ActiveCfg = Debug|Any CPU
		{2BBB4134-1732-4654-B4BC-7C00A9B3CA5A}.Debug|Any CPU.Build.0 = Debug|Any CPU
		{2BBB4134-1732-4654-B4BC-7C00A9B3CA5A}.Debug|x64.ActiveCfg = Debug|Any CPU
		{2BBB4134-1732-4654-B4BC-7C00A9B3CA5A}.Debug|x64.Build.0 = Debug|Any CPU
		{2BBB4134-1732-4654-B4BC-7C00A9B3CA5A}.Debug|x86.ActiveCfg = Debug|Any CPU
		{2BBB4134-1732-4654-B4BC-7C00A9B3CA5A}.Debug|x86.Build.0 = Debug|Any CPU
		{2BBB4134-1732-4654-B4BC-7C00A9B3CA5A}.Release|Any CPU.ActiveCfg = Release|Any CPU
		{2BBB4134-1732-4654-B4BC-7C00A9B3CA5A}.Release|Any CPU.Build.0 = Release|Any CPU
		{2BBB4134-1732-4654-B4BC-7C00A9B3CA5A}.Release|x64.ActiveCfg = Release|Any CPU
		{2BBB4134-1732-4654-B4BC-7C00A9B3CA5A}.Release|x64.Build.0 = Release|Any CPU
		{2BBB4134-1732-4654-B4BC-7C00A9B3CA5A}.Release|x86.ActiveCfg = Release|Any CPU
		{2BBB4134-1732-4654-B4BC-7C00A9B3CA5A}.Release|x86.Build.0 = Release|Any CPU
		{6E6084A9-4B09-49A8-8078-81562890F80A}.Debug|Any CPU.ActiveCfg = Debug|Any CPU
		{6E6084A9-4B09-49A8-8078-81562890F80A}.Debug|Any CPU.Build.0 = Debug|Any CPU
		{6E6084A9-4B09-49A8-8078-81562890F80A}.Debug|x64.ActiveCfg = Debug|Any CPU
		{6E6084A9-4B09-49A8-8078-81562890F80A}.Debug|x64.Build.0 = Debug|Any CPU
		{6E6084A9-4B09-49A8-8078-81562890F80A}.Debug|x86.ActiveCfg = Debug|Any CPU
		{6E6084A9-4B09-49A8-8078-81562890F80A}.Debug|x86.Build.0 = Debug|Any CPU
		{6E6084A9-4B09-49A8-8078-81562890F80A}.Release|Any CPU.ActiveCfg = Release|Any CPU
		{6E6084A9-4B09-49A8-8078-81562890F80A}.Release|Any CPU.Build.0 = Release|Any CPU
		{6E6084A9-4B09-49A8-8078-81562890F80A}.Release|x64.ActiveCfg = Release|Any CPU
		{6E6084A9-4B09-49A8-8078-81562890F80A}.Release|x64.Build.0 = Release|Any CPU
		{6E6084A9-4B09-49A8-8078-81562890F80A}.Release|x86.ActiveCfg = Release|Any CPU
		{6E6084A9-4B09-49A8-8078-81562890F80A}.Release|x86.Build.0 = Release|Any CPU
		{40B33EB5-4CE2-4B45-8581-4F9415E79F79}.Debug|Any CPU.ActiveCfg = Debug|Any CPU
		{40B33EB5-4CE2-4B45-8581-4F9415E79F79}.Debug|Any CPU.Build.0 = Debug|Any CPU
		{40B33EB5-4CE2-4B45-8581-4F9415E79F79}.Debug|x64.ActiveCfg = Debug|Any CPU
		{40B33EB5-4CE2-4B45-8581-4F9415E79F79}.Debug|x64.Build.0 = Debug|Any CPU
		{40B33EB5-4CE2-4B45-8581-4F9415E79F79}.Debug|x86.ActiveCfg = Debug|Any CPU
		{40B33EB5-4CE2-4B45-8581-4F9415E79F79}.Debug|x86.Build.0 = Debug|Any CPU
		{40B33EB5-4CE2-4B45-8581-4F9415E79F79}.Release|Any CPU.ActiveCfg = Release|Any CPU
		{40B33EB5-4CE2-4B45-8581-4F9415E79F79}.Release|Any CPU.Build.0 = Release|Any CPU
		{40B33EB5-4CE2-4B45-8581-4F9415E79F79}.Release|x64.ActiveCfg = Release|Any CPU
		{40B33EB5-4CE2-4B45-8581-4F9415E79F79}.Release|x64.Build.0 = Release|Any CPU
		{40B33EB5-4CE2-4B45-8581-4F9415E79F79}.Release|x86.ActiveCfg = Release|Any CPU
		{40B33EB5-4CE2-4B45-8581-4F9415E79F79}.Release|x86.Build.0 = Release|Any CPU
		{98CBDEE5-BCC2-4170-A556-525B3DBC017F}.Debug|Any CPU.ActiveCfg = Debug|Any CPU
		{98CBDEE5-BCC2-4170-A556-525B3DBC017F}.Debug|Any CPU.Build.0 = Debug|Any CPU
		{98CBDEE5-BCC2-4170-A556-525B3DBC017F}.Debug|x64.ActiveCfg = Debug|Any CPU
		{98CBDEE5-BCC2-4170-A556-525B3DBC017F}.Debug|x64.Build.0 = Debug|Any CPU
		{98CBDEE5-BCC2-4170-A556-525B3DBC017F}.Debug|x86.ActiveCfg = Debug|Any CPU
		{98CBDEE5-BCC2-4170-A556-525B3DBC017F}.Debug|x86.Build.0 = Debug|Any CPU
		{98CBDEE5-BCC2-4170-A556-525B3DBC017F}.Release|Any CPU.ActiveCfg = Release|Any CPU
		{98CBDEE5-BCC2-4170-A556-525B3DBC017F}.Release|Any CPU.Build.0 = Release|Any CPU
		{98CBDEE5-BCC2-4170-A556-525B3DBC017F}.Release|x64.ActiveCfg = Release|Any CPU
		{98CBDEE5-BCC2-4170-A556-525B3DBC017F}.Release|x64.Build.0 = Release|Any CPU
		{98CBDEE5-BCC2-4170-A556-525B3DBC017F}.Release|x86.ActiveCfg = Release|Any CPU
		{98CBDEE5-BCC2-4170-A556-525B3DBC017F}.Release|x86.Build.0 = Release|Any CPU
		{A736C257-61CA-4271-B7F8-422FFD6C0AD9}.Debug|Any CPU.ActiveCfg = Debug|Any CPU
		{A736C257-61CA-4271-B7F8-422FFD6C0AD9}.Debug|Any CPU.Build.0 = Debug|Any CPU
		{A736C257-61CA-4271-B7F8-422FFD6C0AD9}.Debug|x64.ActiveCfg = Debug|Any CPU
		{A736C257-61CA-4271-B7F8-422FFD6C0AD9}.Debug|x64.Build.0 = Debug|Any CPU
		{A736C257-61CA-4271-B7F8-422FFD6C0AD9}.Debug|x86.ActiveCfg = Debug|Any CPU
		{A736C257-61CA-4271-B7F8-422FFD6C0AD9}.Debug|x86.Build.0 = Debug|Any CPU
		{A736C257-61CA-4271-B7F8-422FFD6C0AD9}.Release|Any CPU.ActiveCfg = Release|Any CPU
		{A736C257-61CA-4271-B7F8-422FFD6C0AD9}.Release|Any CPU.Build.0 = Release|Any CPU
		{A736C257-61CA-4271-B7F8-422FFD6C0AD9}.Release|x64.ActiveCfg = Release|Any CPU
		{A736C257-61CA-4271-B7F8-422FFD6C0AD9}.Release|x64.Build.0 = Release|Any CPU
		{A736C257-61CA-4271-B7F8-422FFD6C0AD9}.Release|x86.ActiveCfg = Release|Any CPU
		{A736C257-61CA-4271-B7F8-422FFD6C0AD9}.Release|x86.Build.0 = Release|Any CPU
		{4CF9FCA4-987E-483F-BF15-65F8286D6F1F}.Debug|Any CPU.ActiveCfg = Debug|Any CPU
		{4CF9FCA4-987E-483F-BF15-65F8286D6F1F}.Debug|Any CPU.Build.0 = Debug|Any CPU
		{4CF9FCA4-987E-483F-BF15-65F8286D6F1F}.Debug|x64.ActiveCfg = Debug|Any CPU
		{4CF9FCA4-987E-483F-BF15-65F8286D6F1F}.Debug|x64.Build.0 = Debug|Any CPU
		{4CF9FCA4-987E-483F-BF15-65F8286D6F1F}.Debug|x86.ActiveCfg = Debug|Any CPU
		{4CF9FCA4-987E-483F-BF15-65F8286D6F1F}.Debug|x86.Build.0 = Debug|Any CPU
		{4CF9FCA4-987E-483F-BF15-65F8286D6F1F}.Release|Any CPU.ActiveCfg = Release|Any CPU
		{4CF9FCA4-987E-483F-BF15-65F8286D6F1F}.Release|Any CPU.Build.0 = Release|Any CPU
		{4CF9FCA4-987E-483F-BF15-65F8286D6F1F}.Release|x64.ActiveCfg = Release|Any CPU
		{4CF9FCA4-987E-483F-BF15-65F8286D6F1F}.Release|x64.Build.0 = Release|Any CPU
		{4CF9FCA4-987E-483F-BF15-65F8286D6F1F}.Release|x86.ActiveCfg = Release|Any CPU
		{4CF9FCA4-987E-483F-BF15-65F8286D6F1F}.Release|x86.Build.0 = Release|Any CPU
		{A7F9A11F-AC66-41B3-99F3-CA8DB7408EA8}.Debug|Any CPU.ActiveCfg = Debug|Any CPU
		{A7F9A11F-AC66-41B3-99F3-CA8DB7408EA8}.Debug|Any CPU.Build.0 = Debug|Any CPU
		{A7F9A11F-AC66-41B3-99F3-CA8DB7408EA8}.Debug|x64.ActiveCfg = Debug|Any CPU
		{A7F9A11F-AC66-41B3-99F3-CA8DB7408EA8}.Debug|x64.Build.0 = Debug|Any CPU
		{A7F9A11F-AC66-41B3-99F3-CA8DB7408EA8}.Debug|x86.ActiveCfg = Debug|Any CPU
		{A7F9A11F-AC66-41B3-99F3-CA8DB7408EA8}.Debug|x86.Build.0 = Debug|Any CPU
		{A7F9A11F-AC66-41B3-99F3-CA8DB7408EA8}.Release|Any CPU.ActiveCfg = Release|Any CPU
		{A7F9A11F-AC66-41B3-99F3-CA8DB7408EA8}.Release|Any CPU.Build.0 = Release|Any CPU
		{A7F9A11F-AC66-41B3-99F3-CA8DB7408EA8}.Release|x64.ActiveCfg = Release|Any CPU
		{A7F9A11F-AC66-41B3-99F3-CA8DB7408EA8}.Release|x64.Build.0 = Release|Any CPU
		{A7F9A11F-AC66-41B3-99F3-CA8DB7408EA8}.Release|x86.ActiveCfg = Release|Any CPU
		{A7F9A11F-AC66-41B3-99F3-CA8DB7408EA8}.Release|x86.Build.0 = Release|Any CPU
		{E49A6C50-271A-4D21-8523-D6554438F3E0}.Debug|Any CPU.ActiveCfg = Debug|Any CPU
		{E49A6C50-271A-4D21-8523-D6554438F3E0}.Debug|Any CPU.Build.0 = Debug|Any CPU
		{E49A6C50-271A-4D21-8523-D6554438F3E0}.Debug|x64.ActiveCfg = Debug|Any CPU
		{E49A6C50-271A-4D21-8523-D6554438F3E0}.Debug|x64.Build.0 = Debug|Any CPU
		{E49A6C50-271A-4D21-8523-D6554438F3E0}.Debug|x86.ActiveCfg = Debug|Any CPU
		{E49A6C50-271A-4D21-8523-D6554438F3E0}.Debug|x86.Build.0 = Debug|Any CPU
		{E49A6C50-271A-4D21-8523-D6554438F3E0}.Release|Any CPU.ActiveCfg = Release|Any CPU
		{E49A6C50-271A-4D21-8523-D6554438F3E0}.Release|Any CPU.Build.0 = Release|Any CPU
		{E49A6C50-271A-4D21-8523-D6554438F3E0}.Release|x64.ActiveCfg = Release|Any CPU
		{E49A6C50-271A-4D21-8523-D6554438F3E0}.Release|x64.Build.0 = Release|Any CPU
		{E49A6C50-271A-4D21-8523-D6554438F3E0}.Release|x86.ActiveCfg = Release|Any CPU
		{E49A6C50-271A-4D21-8523-D6554438F3E0}.Release|x86.Build.0 = Release|Any CPU
		{E17E2548-287E-4E81-A839-D043F38CDEEB}.Debug|Any CPU.ActiveCfg = Debug|Any CPU
		{E17E2548-287E-4E81-A839-D043F38CDEEB}.Debug|Any CPU.Build.0 = Debug|Any CPU
		{E17E2548-287E-4E81-A839-D043F38CDEEB}.Debug|x64.ActiveCfg = Debug|Any CPU
		{E17E2548-287E-4E81-A839-D043F38CDEEB}.Debug|x64.Build.0 = Debug|Any CPU
		{E17E2548-287E-4E81-A839-D043F38CDEEB}.Debug|x86.ActiveCfg = Debug|Any CPU
		{E17E2548-287E-4E81-A839-D043F38CDEEB}.Debug|x86.Build.0 = Debug|Any CPU
		{E17E2548-287E-4E81-A839-D043F38CDEEB}.Release|Any CPU.ActiveCfg = Release|Any CPU
		{E17E2548-287E-4E81-A839-D043F38CDEEB}.Release|Any CPU.Build.0 = Release|Any CPU
		{E17E2548-287E-4E81-A839-D043F38CDEEB}.Release|x64.ActiveCfg = Release|Any CPU
		{E17E2548-287E-4E81-A839-D043F38CDEEB}.Release|x64.Build.0 = Release|Any CPU
		{E17E2548-287E-4E81-A839-D043F38CDEEB}.Release|x86.ActiveCfg = Release|Any CPU
		{E17E2548-287E-4E81-A839-D043F38CDEEB}.Release|x86.Build.0 = Release|Any CPU
		{A9F0813C-F254-4AB1-8759-E47A3E3DE87C}.Debug|Any CPU.ActiveCfg = Debug|Any CPU
		{A9F0813C-F254-4AB1-8759-E47A3E3DE87C}.Debug|Any CPU.Build.0 = Debug|Any CPU
		{A9F0813C-F254-4AB1-8759-E47A3E3DE87C}.Debug|x64.ActiveCfg = Debug|Any CPU
		{A9F0813C-F254-4AB1-8759-E47A3E3DE87C}.Debug|x64.Build.0 = Debug|Any CPU
		{A9F0813C-F254-4AB1-8759-E47A3E3DE87C}.Debug|x86.ActiveCfg = Debug|Any CPU
		{A9F0813C-F254-4AB1-8759-E47A3E3DE87C}.Debug|x86.Build.0 = Debug|Any CPU
		{A9F0813C-F254-4AB1-8759-E47A3E3DE87C}.Release|Any CPU.ActiveCfg = Release|Any CPU
		{A9F0813C-F254-4AB1-8759-E47A3E3DE87C}.Release|Any CPU.Build.0 = Release|Any CPU
		{A9F0813C-F254-4AB1-8759-E47A3E3DE87C}.Release|x64.ActiveCfg = Release|Any CPU
		{A9F0813C-F254-4AB1-8759-E47A3E3DE87C}.Release|x64.Build.0 = Release|Any CPU
		{A9F0813C-F254-4AB1-8759-E47A3E3DE87C}.Release|x86.ActiveCfg = Release|Any CPU
		{A9F0813C-F254-4AB1-8759-E47A3E3DE87C}.Release|x86.Build.0 = Release|Any CPU
		{C079542D-0682-4D79-8443-CD167F6A27F7}.Debug|Any CPU.ActiveCfg = Debug|Any CPU
		{C079542D-0682-4D79-8443-CD167F6A27F7}.Debug|Any CPU.Build.0 = Debug|Any CPU
		{C079542D-0682-4D79-8443-CD167F6A27F7}.Debug|x64.ActiveCfg = Debug|Any CPU
		{C079542D-0682-4D79-8443-CD167F6A27F7}.Debug|x64.Build.0 = Debug|Any CPU
		{C079542D-0682-4D79-8443-CD167F6A27F7}.Debug|x86.ActiveCfg = Debug|Any CPU
		{C079542D-0682-4D79-8443-CD167F6A27F7}.Debug|x86.Build.0 = Debug|Any CPU
		{C079542D-0682-4D79-8443-CD167F6A27F7}.Release|Any CPU.ActiveCfg = Release|Any CPU
		{C079542D-0682-4D79-8443-CD167F6A27F7}.Release|Any CPU.Build.0 = Release|Any CPU
		{C079542D-0682-4D79-8443-CD167F6A27F7}.Release|x64.ActiveCfg = Release|Any CPU
		{C079542D-0682-4D79-8443-CD167F6A27F7}.Release|x64.Build.0 = Release|Any CPU
		{C079542D-0682-4D79-8443-CD167F6A27F7}.Release|x86.ActiveCfg = Release|Any CPU
		{C079542D-0682-4D79-8443-CD167F6A27F7}.Release|x86.Build.0 = Release|Any CPU
		{39E0C179-AD30-4E9D-B774-4A4EA7880949}.Debug|Any CPU.ActiveCfg = Debug|Any CPU
		{39E0C179-AD30-4E9D-B774-4A4EA7880949}.Debug|Any CPU.Build.0 = Debug|Any CPU
		{39E0C179-AD30-4E9D-B774-4A4EA7880949}.Debug|x64.ActiveCfg = Debug|Any CPU
		{39E0C179-AD30-4E9D-B774-4A4EA7880949}.Debug|x64.Build.0 = Debug|Any CPU
		{39E0C179-AD30-4E9D-B774-4A4EA7880949}.Debug|x86.ActiveCfg = Debug|Any CPU
		{39E0C179-AD30-4E9D-B774-4A4EA7880949}.Debug|x86.Build.0 = Debug|Any CPU
		{39E0C179-AD30-4E9D-B774-4A4EA7880949}.Release|Any CPU.ActiveCfg = Release|Any CPU
		{39E0C179-AD30-4E9D-B774-4A4EA7880949}.Release|Any CPU.Build.0 = Release|Any CPU
		{39E0C179-AD30-4E9D-B774-4A4EA7880949}.Release|x64.ActiveCfg = Release|Any CPU
		{39E0C179-AD30-4E9D-B774-4A4EA7880949}.Release|x64.Build.0 = Release|Any CPU
		{39E0C179-AD30-4E9D-B774-4A4EA7880949}.Release|x86.ActiveCfg = Release|Any CPU
		{39E0C179-AD30-4E9D-B774-4A4EA7880949}.Release|x86.Build.0 = Release|Any CPU
		{3A3E6817-728A-4F65-AF2C-711715E35458}.Debug|Any CPU.ActiveCfg = Debug|Any CPU
		{3A3E6817-728A-4F65-AF2C-711715E35458}.Debug|Any CPU.Build.0 = Debug|Any CPU
		{3A3E6817-728A-4F65-AF2C-711715E35458}.Debug|x64.ActiveCfg = Debug|Any CPU
		{3A3E6817-728A-4F65-AF2C-711715E35458}.Debug|x64.Build.0 = Debug|Any CPU
		{3A3E6817-728A-4F65-AF2C-711715E35458}.Debug|x86.ActiveCfg = Debug|Any CPU
		{3A3E6817-728A-4F65-AF2C-711715E35458}.Debug|x86.Build.0 = Debug|Any CPU
		{3A3E6817-728A-4F65-AF2C-711715E35458}.Release|Any CPU.ActiveCfg = Release|Any CPU
		{3A3E6817-728A-4F65-AF2C-711715E35458}.Release|Any CPU.Build.0 = Release|Any CPU
		{3A3E6817-728A-4F65-AF2C-711715E35458}.Release|x64.ActiveCfg = Release|Any CPU
		{3A3E6817-728A-4F65-AF2C-711715E35458}.Release|x64.Build.0 = Release|Any CPU
		{3A3E6817-728A-4F65-AF2C-711715E35458}.Release|x86.ActiveCfg = Release|Any CPU
		{3A3E6817-728A-4F65-AF2C-711715E35458}.Release|x86.Build.0 = Release|Any CPU
		{E70DF3C6-7548-48EA-B07F-C421D251EAF4}.Debug|Any CPU.ActiveCfg = Debug|Any CPU
		{E70DF3C6-7548-48EA-B07F-C421D251EAF4}.Debug|Any CPU.Build.0 = Debug|Any CPU
		{E70DF3C6-7548-48EA-B07F-C421D251EAF4}.Debug|x64.ActiveCfg = Debug|Any CPU
		{E70DF3C6-7548-48EA-B07F-C421D251EAF4}.Debug|x64.Build.0 = Debug|Any CPU
		{E70DF3C6-7548-48EA-B07F-C421D251EAF4}.Debug|x86.ActiveCfg = Debug|Any CPU
		{E70DF3C6-7548-48EA-B07F-C421D251EAF4}.Debug|x86.Build.0 = Debug|Any CPU
		{E70DF3C6-7548-48EA-B07F-C421D251EAF4}.Release|Any CPU.ActiveCfg = Release|Any CPU
		{E70DF3C6-7548-48EA-B07F-C421D251EAF4}.Release|Any CPU.Build.0 = Release|Any CPU
		{E70DF3C6-7548-48EA-B07F-C421D251EAF4}.Release|x64.ActiveCfg = Release|Any CPU
		{E70DF3C6-7548-48EA-B07F-C421D251EAF4}.Release|x64.Build.0 = Release|Any CPU
		{E70DF3C6-7548-48EA-B07F-C421D251EAF4}.Release|x86.ActiveCfg = Release|Any CPU
		{E70DF3C6-7548-48EA-B07F-C421D251EAF4}.Release|x86.Build.0 = Release|Any CPU
		{D9770ACB-BA41-462E-BA1C-FC5F2C3C1BAC}.Debug|Any CPU.ActiveCfg = Debug|Any CPU
		{D9770ACB-BA41-462E-BA1C-FC5F2C3C1BAC}.Debug|Any CPU.Build.0 = Debug|Any CPU
		{D9770ACB-BA41-462E-BA1C-FC5F2C3C1BAC}.Debug|x64.ActiveCfg = Debug|Any CPU
		{D9770ACB-BA41-462E-BA1C-FC5F2C3C1BAC}.Debug|x64.Build.0 = Debug|Any CPU
		{D9770ACB-BA41-462E-BA1C-FC5F2C3C1BAC}.Debug|x86.ActiveCfg = Debug|Any CPU
		{D9770ACB-BA41-462E-BA1C-FC5F2C3C1BAC}.Debug|x86.Build.0 = Debug|Any CPU
		{D9770ACB-BA41-462E-BA1C-FC5F2C3C1BAC}.Release|Any CPU.ActiveCfg = Release|Any CPU
		{D9770ACB-BA41-462E-BA1C-FC5F2C3C1BAC}.Release|Any CPU.Build.0 = Release|Any CPU
		{D9770ACB-BA41-462E-BA1C-FC5F2C3C1BAC}.Release|x64.ActiveCfg = Release|Any CPU
		{D9770ACB-BA41-462E-BA1C-FC5F2C3C1BAC}.Release|x64.Build.0 = Release|Any CPU
		{D9770ACB-BA41-462E-BA1C-FC5F2C3C1BAC}.Release|x86.ActiveCfg = Release|Any CPU
		{D9770ACB-BA41-462E-BA1C-FC5F2C3C1BAC}.Release|x86.Build.0 = Release|Any CPU
		{12CEDEEA-ADC1-4247-8B78-BA64FAE559AA}.Debug|Any CPU.ActiveCfg = Debug|Any CPU
		{12CEDEEA-ADC1-4247-8B78-BA64FAE559AA}.Debug|Any CPU.Build.0 = Debug|Any CPU
		{12CEDEEA-ADC1-4247-8B78-BA64FAE559AA}.Debug|x64.ActiveCfg = Debug|Any CPU
		{12CEDEEA-ADC1-4247-8B78-BA64FAE559AA}.Debug|x64.Build.0 = Debug|Any CPU
		{12CEDEEA-ADC1-4247-8B78-BA64FAE559AA}.Debug|x86.ActiveCfg = Debug|Any CPU
		{12CEDEEA-ADC1-4247-8B78-BA64FAE559AA}.Debug|x86.Build.0 = Debug|Any CPU
		{12CEDEEA-ADC1-4247-8B78-BA64FAE559AA}.Release|Any CPU.ActiveCfg = Release|Any CPU
		{12CEDEEA-ADC1-4247-8B78-BA64FAE559AA}.Release|Any CPU.Build.0 = Release|Any CPU
		{12CEDEEA-ADC1-4247-8B78-BA64FAE559AA}.Release|x64.ActiveCfg = Release|Any CPU
		{12CEDEEA-ADC1-4247-8B78-BA64FAE559AA}.Release|x64.Build.0 = Release|Any CPU
		{12CEDEEA-ADC1-4247-8B78-BA64FAE559AA}.Release|x86.ActiveCfg = Release|Any CPU
		{12CEDEEA-ADC1-4247-8B78-BA64FAE559AA}.Release|x86.Build.0 = Release|Any CPU
		{707DF674-6E7C-4EE4-8BF7-E8E806C5A704}.Debug|Any CPU.ActiveCfg = Debug|Any CPU
		{707DF674-6E7C-4EE4-8BF7-E8E806C5A704}.Debug|Any CPU.Build.0 = Debug|Any CPU
		{707DF674-6E7C-4EE4-8BF7-E8E806C5A704}.Debug|x64.ActiveCfg = Debug|Any CPU
		{707DF674-6E7C-4EE4-8BF7-E8E806C5A704}.Debug|x64.Build.0 = Debug|Any CPU
		{707DF674-6E7C-4EE4-8BF7-E8E806C5A704}.Debug|x86.ActiveCfg = Debug|Any CPU
		{707DF674-6E7C-4EE4-8BF7-E8E806C5A704}.Debug|x86.Build.0 = Debug|Any CPU
		{707DF674-6E7C-4EE4-8BF7-E8E806C5A704}.Release|Any CPU.ActiveCfg = Release|Any CPU
		{707DF674-6E7C-4EE4-8BF7-E8E806C5A704}.Release|Any CPU.Build.0 = Release|Any CPU
		{707DF674-6E7C-4EE4-8BF7-E8E806C5A704}.Release|x64.ActiveCfg = Release|Any CPU
		{707DF674-6E7C-4EE4-8BF7-E8E806C5A704}.Release|x64.Build.0 = Release|Any CPU
		{707DF674-6E7C-4EE4-8BF7-E8E806C5A704}.Release|x86.ActiveCfg = Release|Any CPU
		{707DF674-6E7C-4EE4-8BF7-E8E806C5A704}.Release|x86.Build.0 = Release|Any CPU
		{99E7FED9-E1D3-4F8D-895B-A31258F6BCB2}.Debug|Any CPU.ActiveCfg = Debug|Any CPU
		{99E7FED9-E1D3-4F8D-895B-A31258F6BCB2}.Debug|Any CPU.Build.0 = Debug|Any CPU
		{99E7FED9-E1D3-4F8D-895B-A31258F6BCB2}.Debug|x64.ActiveCfg = Debug|Any CPU
		{99E7FED9-E1D3-4F8D-895B-A31258F6BCB2}.Debug|x64.Build.0 = Debug|Any CPU
		{99E7FED9-E1D3-4F8D-895B-A31258F6BCB2}.Debug|x86.ActiveCfg = Debug|Any CPU
		{99E7FED9-E1D3-4F8D-895B-A31258F6BCB2}.Debug|x86.Build.0 = Debug|Any CPU
		{99E7FED9-E1D3-4F8D-895B-A31258F6BCB2}.Release|Any CPU.ActiveCfg = Release|Any CPU
		{99E7FED9-E1D3-4F8D-895B-A31258F6BCB2}.Release|Any CPU.Build.0 = Release|Any CPU
		{99E7FED9-E1D3-4F8D-895B-A31258F6BCB2}.Release|x64.ActiveCfg = Release|Any CPU
		{99E7FED9-E1D3-4F8D-895B-A31258F6BCB2}.Release|x64.Build.0 = Release|Any CPU
		{99E7FED9-E1D3-4F8D-895B-A31258F6BCB2}.Release|x86.ActiveCfg = Release|Any CPU
		{99E7FED9-E1D3-4F8D-895B-A31258F6BCB2}.Release|x86.Build.0 = Release|Any CPU
	EndGlobalSection
	GlobalSection(NestedProjects) = preSolution
		{7A711FEA-526A-4D96-9411-153B7367508F} = {A4B3BA63-F524-47C8-9DF8-1DB344F372D3}
		{D67A928C-6EAC-40FA-BD5E-7962937F938A} = {A4B3BA63-F524-47C8-9DF8-1DB344F372D3}
		{58011005-A288-48BB-9125-7C206668C681} = {A4B3BA63-F524-47C8-9DF8-1DB344F372D3}
		{2BBB4134-1732-4654-B4BC-7C00A9B3CA5A} = {A4B3BA63-F524-47C8-9DF8-1DB344F372D3}
		{6E6084A9-4B09-49A8-8078-81562890F80A} = {A4B3BA63-F524-47C8-9DF8-1DB344F372D3}
		{40B33EB5-4CE2-4B45-8581-4F9415E79F79} = {A4B3BA63-F524-47C8-9DF8-1DB344F372D3}
		{98CBDEE5-BCC2-4170-A556-525B3DBC017F} = {A4B3BA63-F524-47C8-9DF8-1DB344F372D3}
		{A736C257-61CA-4271-B7F8-422FFD6C0AD9} = {A4B3BA63-F524-47C8-9DF8-1DB344F372D3}
		{4CF9FCA4-987E-483F-BF15-65F8286D6F1F} = {A4B3BA63-F524-47C8-9DF8-1DB344F372D3}
		{A7F9A11F-AC66-41B3-99F3-CA8DB7408EA8} = {A4B3BA63-F524-47C8-9DF8-1DB344F372D3}
		{E49A6C50-271A-4D21-8523-D6554438F3E0} = {A4B3BA63-F524-47C8-9DF8-1DB344F372D3}
		{E17E2548-287E-4E81-A839-D043F38CDEEB} = {A4B3BA63-F524-47C8-9DF8-1DB344F372D3}
		{A9F0813C-F254-4AB1-8759-E47A3E3DE87C} = {A4B3BA63-F524-47C8-9DF8-1DB344F372D3}
		{C079542D-0682-4D79-8443-CD167F6A27F7} = {A4B3BA63-F524-47C8-9DF8-1DB344F372D3}
		{39E0C179-AD30-4E9D-B774-4A4EA7880949} = {A4B3BA63-F524-47C8-9DF8-1DB344F372D3}
		{3A3E6817-728A-4F65-AF2C-711715E35458} = {A4B3BA63-F524-47C8-9DF8-1DB344F372D3}
		{E70DF3C6-7548-48EA-B07F-C421D251EAF4} = {A4B3BA63-F524-47C8-9DF8-1DB344F372D3}
		{D9770ACB-BA41-462E-BA1C-FC5F2C3C1BAC} = {A4B3BA63-F524-47C8-9DF8-1DB344F372D3}
		{12CEDEEA-ADC1-4247-8B78-BA64FAE559AA} = {A4B3BA63-F524-47C8-9DF8-1DB344F372D3}
		{707DF674-6E7C-4EE4-8BF7-E8E806C5A704} = {A4B3BA63-F524-47C8-9DF8-1DB344F372D3}
		{99E7FED9-E1D3-4F8D-895B-A31258F6BCB2} = {A4B3BA63-F524-47C8-9DF8-1DB344F372D3}
	EndGlobalSection
EndGlobal
