
Microsoft Visual Studio Solution File, Format Version 12.00
# Visual Studio 15
VisualStudioVersion = 15.0.26124.0
MinimumVisualStudioVersion = 15.0.26124.0
Project("{2150E333-8FDC-42A3-9474-1A3956D46DE8}") = "Patterns", "Patterns", "{A4B3BA63-F524-47C8-9DF8-1DB344F372D3}"
EndProject
Project("{FAE04EC0-301F-11D3-BF4B-00C04F79EFBC}") = "Bridge", "Patterns\Bridge\Bridge.csproj", "{58011005-A288-48BB-9125-7C206668C681}"
EndProject
Project("{FAE04EC0-301F-11D3-BF4B-00C04F79EFBC}") = "Builder", "Patterns\Builder\Builder.csproj", "{2BBB4134-1732-4654-B4BC-7C00A9B3CA5A}"
EndProject
Project("{FAE04EC0-301F-11D3-BF4B-00C04F79EFBC}") = "ChainOfResponsibility", "Patterns\ChainOfResponsibility\ChainOfResponsibility.csproj", "{6E6084A9-4B09-49A8-8078-81562890F80A}"
EndProject
Project("{FAE04EC0-301F-11D3-BF4B-00C04F79EFBC}") = "Command", "Patterns\Command\Command.csproj", "{40B33EB5-4CE2-4B45-8581-4F9415E79F79}"
EndProject
Project("{FAE04EC0-301F-11D3-BF4B-00C04F79EFBC}") = "Composite", "Patterns\Composite\Composite.csproj", "{98CBDEE5-BCC2-4170-A556-525B3DBC017F}"
EndProject
Project("{FAE04EC0-301F-11D3-BF4B-00C04F79EFBC}") = "Decorator", "Patterns\Decorator\Decorator.csproj", "{A736C257-61CA-4271-B7F8-422FFD6C0AD9}"
EndProject
Project("{FAE04EC0-301F-11D3-BF4B-00C04F79EFBC}") = "Facade", "Patterns\Facade\Facade.csproj", "{4CF9FCA4-987E-483F-BF15-65F8286D6F1F}"
EndProject
Project("{FAE04EC0-301F-11D3-BF4B-00C04F79EFBC}") = "FactoryMethod", "Patterns\FactoryMethod\FactoryMethod.csproj", "{A7F9A11F-AC66-41B3-99F3-CA8DB7408EA8}"
EndProject
Project("{FAE04EC0-301F-11D3-BF4B-00C04F79EFBC}") = "Flyweight", "Patterns\Flyweight\Flyweight.csproj", "{E49A6C50-271A-4D21-8523-D6554438F3E0}"
EndProject
Project("{FAE04EC0-301F-11D3-BF4B-00C04F79EFBC}") = "Mediator", "Patterns\Mediator\Mediator.csproj", "{E17E2548-287E-4E81-A839-D043F38CDEEB}"
EndProject
Project("{FAE04EC0-301F-11D3-BF4B-00C04F79EFBC}") = "Memento", "Patterns\Memento\Memento.csproj", "{A9F0813C-F254-4AB1-8759-E47A3E3DE87C}"
EndProject
Project("{FAE04EC0-301F-11D3-BF4B-00C04F79EFBC}") = "Observer", "Patterns\Observer\Observer.csproj", "{C079542D-0682-4D79-8443-CD167F6A27F7}"
EndProject
Project("{FAE04EC0-301F-11D3-BF4B-00C04F79EFBC}") = "Prototype", "Patterns\Prototype\Prototype.csproj", "{39E0C179-AD30-4E9D-B774-4A4EA7880949}"
EndProject
Project("{FAE04EC0-301F-11D3-BF4B-00C04F79EFBC}") = "Proxy", "Patterns\Proxy\Proxy.csproj", "{3A3E6817-728A-4F65-AF2C-711715E35458}"
EndProject
Project("{FAE04EC0-301F-11D3-BF4B-00C04F79EFBC}") = "State", "Patterns\State\State.csproj", "{E70DF3C6-7548-48EA-B07F-C421D251EAF4}"
EndProject
Project("{FAE04EC0-301F-11D3-BF4B-00C04F79EFBC}") = "Strategy", "Patterns\Strategy\Strategy.csproj", "{D9770ACB-BA41-462E-BA1C-FC5F2C3C1BAC}"
EndProject
Project("{FAE04EC0-301F-11D3-BF4B-00C04F79EFBC}") = "TemplateMethod", "Patterns\TemplateMethod\TemplateMethod.csproj", "{12CEDEEA-ADC1-4247-8B78-BA64FAE559AA}"
EndProject
Project("{FAE04EC0-301F-11D3-BF4B-00C04F79EFBC}") = "SingletonDI", "Patterns\SingletonDependencyInjection\SingletonDI.csproj", "{707DF674-6E7C-4EE4-8BF7-E8E806C5A704}"
EndProject
Project("{FAE04EC0-301F-11D3-BF4B-00C04F79EFBC}") = "Visitor", "Patterns\Visitor\Visitor.csproj", "{99E7FED9-E1D3-4F8D-895B-A31258F6BCB2}"
EndProject
Project("{FAE04EC0-301F-11D3-BF4B-00C04F79EFBC}") = "Iterator", "Patterns\Iterator\Iterator.csproj", "{E63E0F5B-5DCF-4CDA-AFBB-DB99F20E0C99}"
EndProject
Project("{2150E333-8FDC-42A3-9474-1A3956D46DE8}") = "AbstractFactory", "AbstractFactory", "{D2CF1B92-289B-A36D-FD8B-47A8F530448B}"
EndProject
Project("{FAE04EC0-301F-11D3-BF4B-00C04F79EFBC}") = "AbstractFactoryTest", "Patterns\AbstractFactory\test\AbstractFactoryTest.csproj", "{39CA009F-645D-4F26-B621-44C4D33557DE}"
EndProject
Project("{2150E333-8FDC-42A3-9474-1A3956D46DE8}") = "src", "src", "{D472E39A-7D26-74C3-F78F-CA9378C8E4FC}"
EndProject
Project("{FAE04EC0-301F-11D3-BF4B-00C04F79EFBC}") = "AbstractFactory", "Patterns\AbstractFactory\src\AbstractFactory.csproj", "{63A69F3C-30FB-4FB9-A1EF-B03346456B29}"
EndProject
Project("{2150E333-8FDC-42A3-9474-1A3956D46DE8}") = "Adapter", "Adapter", "{B6B1BF31-8D03-AEC7-5833-8A94E913736F}"
EndProject
Project("{2150E333-8FDC-42A3-9474-1A3956D46DE8}") = "src", "src", "{A1A618FF-2D58-882C-C03A-DAAC69A48CCA}"
EndProject
Project("{FAE04EC0-301F-11D3-BF4B-00C04F79EFBC}") = "Adapter", "Patterns\Adapter\src\Adapter.csproj", "{A42DC80C-262A-4E88-8FDB-B762E8BEDEF4}"
EndProject
Project("{2150E333-8FDC-42A3-9474-1A3956D46DE8}") = "test", "test", "{1B9D2A29-75AA-DEFA-3DAD-F04E2C595075}"
EndProject
Project("{FAE04EC0-301F-11D3-BF4B-00C04F79EFBC}") = "AdapterTest", "Patterns\Adapter\test\AdapterTest.csproj", "{F905B283-71A7-4454-93C7-1658E9816A18}"
EndProject
Project("{2150E333-8FDC-42A3-9474-1A3956D46DE8}") = "Builder", "Builder", "{D6D5065F-902A-4BE7-59DD-2E83FBD7922B}"
EndProject
Project("{2150E333-8FDC-42A3-9474-1A3956D46DE8}") = "test", "test", "{D73DC83B-ECDA-5A63-6560-9FA44F7B3683}"
EndProject
Project("{FAE04EC0-301F-11D3-BF4B-00C04F79EFBC}") = "BuilderTest", "Patterns\Builder\test\BuilderTest.csproj", "{C2348CAB-0AFA-4B7B-8405-A226813072C2}"
EndProject
Project("{2150E333-8FDC-42A3-9474-1A3956D46DE8}") = "ChainOfResponsibility", "ChainOfResponsibility", "{9DFF503F-9766-8922-37CD-ED814BE0182D}"
EndProject
Project("{2150E333-8FDC-42A3-9474-1A3956D46DE8}") = "test", "test", "{782FD4A4-6067-2CF9-E6CE-84522CA196A6}"
EndProject
Project("{FAE04EC0-301F-11D3-BF4B-00C04F79EFBC}") = "ChainOfResponsibilityTest", "Patterns\ChainOfResponsibility\test\ChainOfResponsibilityTest.csproj", "{1DA15E57-582E-4510-9327-6D28F748E25B}"
EndProject
Project("{2150E333-8FDC-42A3-9474-1A3956D46DE8}") = "Command", "Command", "{E101CC45-39B4-6D26-A853-4E4C59A262F0}"
EndProject
Project("{2150E333-8FDC-42A3-9474-1A3956D46DE8}") = "test", "test", "{DD517B4C-B25E-283F-9FCA-0B324C9DE913}"
EndProject
Project("{FAE04EC0-301F-11D3-BF4B-00C04F79EFBC}") = "CommandTest", "Patterns\Command\test\CommandTest.csproj", "{13B4126B-E78A-4A6D-BF4D-46ED4242B3A9}"
EndProject
Project("{2150E333-8FDC-42A3-9474-1A3956D46DE8}") = "Composite", "Composite", "{07982631-233F-DE1B-C859-500D9127C2FB}"
EndProject
Project("{2150E333-8FDC-42A3-9474-1A3956D46DE8}") = "test", "test", "{95DF326D-B2A4-C08E-5685-F22498EC1C46}"
EndProject
Project("{FAE04EC0-301F-11D3-BF4B-00C04F79EFBC}") = "CompositeTest", "Patterns\Composite\test\CompositeTest.csproj", "{8A6F8345-FE18-43A7-91F6-DEEC44AEE4A3}"
EndProject
Project("{2150E333-8FDC-42A3-9474-1A3956D46DE8}") = "Decorator", "Decorator", "{2FBBD1A7-A597-E837-32B6-79E5325E8D74}"
EndProject
Project("{2150E333-8FDC-42A3-9474-1A3956D46DE8}") = "test", "test", "{5038C6C9-0FC2-BF5D-3784-DFDB2627C415}"
EndProject
Project("{FAE04EC0-301F-11D3-BF4B-00C04F79EFBC}") = "DecoratorTest", "Patterns\Decorator\test\DecoratorTest.csproj", "{B8F7A19F-141B-4FC5-A5D5-6263DD4E7A8A}"
EndProject
Project("{2150E333-8FDC-42A3-9474-1A3956D46DE8}") = "Facade", "Facade", "{654A42CA-320B-162C-3786-F93AE496AA11}"
EndProject
Project("{2150E333-8FDC-42A3-9474-1A3956D46DE8}") = "test", "test", "{26E160B6-4E2F-16F1-9C8F-9E0C28919AA2}"
EndProject
Project("{FAE04EC0-301F-11D3-BF4B-00C04F79EFBC}") = "FacadeTest", "Patterns\Facade\test\FacadeTest.csproj", "{E51BE07D-2882-4D40-B532-8AC4C35DFB49}"
EndProject
Project("{2150E333-8FDC-42A3-9474-1A3956D46DE8}") = "FactoryMethod", "FactoryMethod", "{0731BF60-6EFD-4454-13DA-B3E9956AC29F}"
EndProject
Project("{2150E333-8FDC-42A3-9474-1A3956D46DE8}") = "test", "test", "{6DD38BF7-4E73-6E8B-732D-6386E213FCEF}"
EndProject
Project("{FAE04EC0-301F-11D3-BF4B-00C04F79EFBC}") = "FactoryMethodTest", "Patterns\FactoryMethod\test\FactoryMethodTest.csproj", "{18E7C054-EAF6-453E-BBA6-A3F34D95B741}"
EndProject
Project("{2150E333-8FDC-42A3-9474-1A3956D46DE8}") = "Flyweight", "Flyweight", "{2E287701-C1B2-4D1C-78FC-65F47FA4ABD1}"
EndProject
Project("{2150E333-8FDC-42A3-9474-1A3956D46DE8}") = "test", "test", "{CA2064C4-4384-C948-EBA6-EA8BEFB25F30}"
EndProject
Project("{FAE04EC0-301F-11D3-BF4B-00C04F79EFBC}") = "FlyweightTest", "Patterns\Flyweight\test\FlyweightTest.csproj", "{8B6054CC-B3EE-4E80-B01A-E5207836A08A}"
EndProject
Project("{2150E333-8FDC-42A3-9474-1A3956D46DE8}") = "Iterator", "Iterator", "{13469EE5-0F0E-5172-D977-EE8284A05D7B}"
EndProject
Project("{2150E333-8FDC-42A3-9474-1A3956D46DE8}") = "test", "test", "{11C965F8-3B33-0619-03C5-229F0A687E5F}"
EndProject
Project("{FAE04EC0-301F-11D3-BF4B-00C04F79EFBC}") = "IteratorTest", "Patterns\Iterator\test\IteratorTest.csproj", "{7E3C2443-A0EB-4723-961B-80EE6A392EEA}"
EndProject
Project("{2150E333-8FDC-42A3-9474-1A3956D46DE8}") = "Mediator", "Mediator", "{9ADB000A-0B4A-F0F0-E0E4-8CB3650752A3}"
EndProject
Project("{2150E333-8FDC-42A3-9474-1A3956D46DE8}") = "test", "test", "{BD79E1EE-7D14-2F41-3163-974ED0DA6A09}"
EndProject
Project("{FAE04EC0-301F-11D3-BF4B-00C04F79EFBC}") = "MediatorTest", "Patterns\Mediator\test\MediatorTest.csproj", "{1230EB81-1A0F-4694-A605-F6B3335886E4}"
EndProject
Project("{2150E333-8FDC-42A3-9474-1A3956D46DE8}") = "Memento", "Memento", "{20011A41-8E81-F8CB-05BA-04E90F5C36D9}"
EndProject
Project("{2150E333-8FDC-42A3-9474-1A3956D46DE8}") = "test", "test", "{6F04F977-7723-6355-DCAE-0882559D531E}"
EndProject
Project("{FAE04EC0-301F-11D3-BF4B-00C04F79EFBC}") = "MementoTest", "Patterns\Memento\test\MementoTest.csproj", "{9FC59C2E-10EF-4BE1-801C-AAF6D01B6852}"
EndProject
Project("{2150E333-8FDC-42A3-9474-1A3956D46DE8}") = "Observer", "Observer", "{7166D804-820C-E513-EE3B-957561E1ACAC}"
EndProject
Project("{2150E333-8FDC-42A3-9474-1A3956D46DE8}") = "test", "test", "{E39FAF92-FE80-5AF4-3AE8-D294977A170B}"
EndProject
Project("{FAE04EC0-301F-11D3-BF4B-00C04F79EFBC}") = "ObserverTest", "Patterns\Observer\test\ObserverTest.csproj", "{12A263F9-684B-4427-AC0A-5E86B35560EF}"
EndProject
Project("{2150E333-8FDC-42A3-9474-1A3956D46DE8}") = "Prototype", "Prototype", "{84AD8A6D-903A-D00C-3733-34D0B7B034D4}"
EndProject
Project("{2150E333-8FDC-42A3-9474-1A3956D46DE8}") = "test", "test", "{F036257D-2354-A709-6AB0-8433143C22AA}"
EndProject
Project("{FAE04EC0-301F-11D3-BF4B-00C04F79EFBC}") = "PrototypeTest", "Patterns\Prototype\test\PrototypeTest.csproj", "{3FB6E887-10A2-4C5B-B236-F337DFA3F14B}"
EndProject
Project("{2150E333-8FDC-42A3-9474-1A3956D46DE8}") = "Proxy", "Proxy", "{E9896662-9F44-A92E-31BD-9FF1D413F0EB}"
EndProject
Project("{2150E333-8FDC-42A3-9474-1A3956D46DE8}") = "test", "test", "{2E017F94-BB04-323B-419D-2A59B9759752}"
EndProject
Project("{FAE04EC0-301F-11D3-BF4B-00C04F79EFBC}") = "ProxyTest", "Patterns\Proxy\test\ProxyTest.csproj", "{7C406A35-64F2-48AE-BF93-30118882EB06}"
EndProject
Project("{2150E333-8FDC-42A3-9474-1A3956D46DE8}") = "SingletonDependencyInjection", "SingletonDependencyInjection", "{839C5762-A5E1-FD13-EB1E-36A4F4A848C4}"
EndProject
Project("{2150E333-8FDC-42A3-9474-1A3956D46DE8}") = "test", "test", "{E4541C97-FF07-E748-B303-93A95F120AAB}"
EndProject
Project("{FAE04EC0-301F-11D3-BF4B-00C04F79EFBC}") = "SingletonDITest", "Patterns\SingletonDependencyInjection\test\SingletonDITest.csproj", "{A3DC6E00-0928-4302-A963-7DB37EA19F8A}"
EndProject
Project("{2150E333-8FDC-42A3-9474-1A3956D46DE8}") = "State", "State", "{D03EA482-8D35-C1E8-8D3A-D9DE4902EE70}"
EndProject
Project("{2150E333-8FDC-42A3-9474-1A3956D46DE8}") = "test", "test", "{BBE2D685-3764-3095-16AA-B57ADFCE50D5}"
EndProject
Project("{FAE04EC0-301F-11D3-BF4B-00C04F79EFBC}") = "StateTest", "Patterns\State\test\StateTest.csproj", "{3402978D-4BD2-4140-9E8C-FFEB4DC605C3}"
EndProject
Project("{2150E333-8FDC-42A3-9474-1A3956D46DE8}") = "Strategy", "Strategy", "{7521FDDA-5077-BDBE-5B9F-B10DB078D318}"
EndProject
Project("{2150E333-8FDC-42A3-9474-1A3956D46DE8}") = "test", "test", "{F223FDC7-1F39-F1DE-C3EC-A80EAA78ED28}"
EndProject
Project("{FAE04EC0-301F-11D3-BF4B-00C04F79EFBC}") = "StrategyTest", "Patterns\Strategy\test\StrategyTest.csproj", "{AF58172C-DA08-4C72-879A-59C26951735C}"
EndProject
Project("{2150E333-8FDC-42A3-9474-1A3956D46DE8}") = "TemplateMethod", "TemplateMethod", "{36B9F1EA-B271-051B-285D-2EC531B1726F}"
EndProject
Project("{2150E333-8FDC-42A3-9474-1A3956D46DE8}") = "test", "test", "{5EBD07F7-DF19-9671-69C1-1440EB586EB4}"
EndProject
Project("{FAE04EC0-301F-11D3-BF4B-00C04F79EFBC}") = "TemplateMethodTest", "Patterns\TemplateMethod\test\TemplateMethodTest.csproj", "{132045A1-4B0B-4E29-A09F-0F569D012883}"
EndProject
Project("{2150E333-8FDC-42A3-9474-1A3956D46DE8}") = "Visitor", "Visitor", "{A369989A-7E9D-0BF1-2E10-D4512C8850B4}"
EndProject
Project("{2150E333-8FDC-42A3-9474-1A3956D46DE8}") = "test", "test", "{EF55453D-D500-13BF-33AD-282639A4BFF9}"
EndProject
Project("{FAE04EC0-301F-11D3-BF4B-00C04F79EFBC}") = "VisitorTest", "Patterns\Visitor\test\VisitorTest.csproj", "{61138106-5D96-4A41-B7F9-4D58A91EC071}"
EndProject
Project("{2150E333-8FDC-42A3-9474-1A3956D46DE8}") = "Bridge", "Bridge", "{B50D1E53-EB6E-6364-2997-45298FB6B475}"
EndProject
Project("{2150E333-8FDC-42A3-9474-1A3956D46DE8}") = "test", "test", "{E2A063ED-CDAD-1443-8AE2-CFCECF4E7D18}"
EndProject
Project("{FAE04EC0-301F-11D3-BF4B-00C04F79EFBC}") = "BridgeTest", "Patterns\Bridge\test\BridgeTest.csproj", "{D2EF4847-2A96-4538-AD48-2482C3879385}"
EndProject
Global
	GlobalSection(SolutionConfigurationPlatforms) = preSolution
		Debug|Any CPU = Debug|Any CPU
		Debug|x64 = Debug|x64
		Debug|x86 = Debug|x86
		Release|Any CPU = Release|Any CPU
		Release|x64 = Release|x64
		Release|x86 = Release|x86
	EndGlobalSection
	GlobalSection(ProjectConfigurationPlatforms) = postSolution
		{58011005-A288-48BB-9125-7C206668C681}.Debug|Any CPU.ActiveCfg = Debug|Any CPU
		{58011005-A288-48BB-9125-7C206668C681}.Debug|Any CPU.Build.0 = Debug|Any CPU
		{58011005-A288-48BB-9125-7C206668C681}.Debug|x64.ActiveCfg = Debug|Any CPU
		{58011005-A288-48BB-9125-7C206668C681}.Debug|x64.Build.0 = Debug|Any CPU
		{58011005-A288-48BB-9125-7C206668C681}.Debug|x86.ActiveCfg = Debug|Any CPU
		{58011005-A288-48BB-9125-7C206668C681}.Debug|x86.Build.0 = Debug|Any CPU
		{58011005-A288-48BB-9125-7C206668C681}.Release|Any CPU.ActiveCfg = Release|Any CPU
		{58011005-A288-48BB-9125-7C206668C681}.Release|Any CPU.Build.0 = Release|Any CPU
		{58011005-A288-48BB-9125-7C206668C681}.Release|x64.ActiveCfg = Release|Any CPU
		{58011005-A288-48BB-9125-7C206668C681}.Release|x64.Build.0 = Release|Any CPU
		{58011005-A288-48BB-9125-7C206668C681}.Release|x86.ActiveCfg = Release|Any CPU
		{58011005-A288-48BB-9125-7C206668C681}.Release|x86.Build.0 = Release|Any CPU
		{2BBB4134-1732-4654-B4BC-7C00A9B3CA5A}.Debug|Any CPU.ActiveCfg = Debug|Any CPU
		{2BBB4134-1732-4654-B4BC-7C00A9B3CA5A}.Debug|Any CPU.Build.0 = Debug|Any CPU
		{2BBB4134-1732-4654-B4BC-7C00A9B3CA5A}.Debug|x64.ActiveCfg = Debug|Any CPU
		{2BBB4134-1732-4654-B4BC-7C00A9B3CA5A}.Debug|x64.Build.0 = Debug|Any CPU
		{2BBB4134-1732-4654-B4BC-7C00A9B3CA5A}.Debug|x86.ActiveCfg = Debug|Any CPU
		{2BBB4134-1732-4654-B4BC-7C00A9B3CA5A}.Debug|x86.Build.0 = Debug|Any CPU
		{2BBB4134-1732-4654-B4BC-7C00A9B3CA5A}.Release|Any CPU.ActiveCfg = Release|Any CPU
		{2BBB4134-1732-4654-B4BC-7C00A9B3CA5A}.Release|Any CPU.Build.0 = Release|Any CPU
		{2BBB4134-1732-4654-B4BC-7C00A9B3CA5A}.Release|x64.ActiveCfg = Release|Any CPU
		{2BBB4134-1732-4654-B4BC-7C00A9B3CA5A}.Release|x64.Build.0 = Release|Any CPU
		{2BBB4134-1732-4654-B4BC-7C00A9B3CA5A}.Release|x86.ActiveCfg = Release|Any CPU
		{2BBB4134-1732-4654-B4BC-7C00A9B3CA5A}.Release|x86.Build.0 = Release|Any CPU
		{6E6084A9-4B09-49A8-8078-81562890F80A}.Debug|Any CPU.ActiveCfg = Debug|Any CPU
		{6E6084A9-4B09-49A8-8078-81562890F80A}.Debug|Any CPU.Build.0 = Debug|Any CPU
		{6E6084A9-4B09-49A8-8078-81562890F80A}.Debug|x64.ActiveCfg = Debug|Any CPU
		{6E6084A9-4B09-49A8-8078-81562890F80A}.Debug|x64.Build.0 = Debug|Any CPU
		{6E6084A9-4B09-49A8-8078-81562890F80A}.Debug|x86.ActiveCfg = Debug|Any CPU
		{6E6084A9-4B09-49A8-8078-81562890F80A}.Debug|x86.Build.0 = Debug|Any CPU
		{6E6084A9-4B09-49A8-8078-81562890F80A}.Release|Any CPU.ActiveCfg = Release|Any CPU
		{6E6084A9-4B09-49A8-8078-81562890F80A}.Release|Any CPU.Build.0 = Release|Any CPU
		{6E6084A9-4B09-49A8-8078-81562890F80A}.Release|x64.ActiveCfg = Release|Any CPU
		{6E6084A9-4B09-49A8-8078-81562890F80A}.Release|x64.Build.0 = Release|Any CPU
		{6E6084A9-4B09-49A8-8078-81562890F80A}.Release|x86.ActiveCfg = Release|Any CPU
		{6E6084A9-4B09-49A8-8078-81562890F80A}.Release|x86.Build.0 = Release|Any CPU
		{40B33EB5-4CE2-4B45-8581-4F9415E79F79}.Debug|Any CPU.ActiveCfg = Debug|Any CPU
		{40B33EB5-4CE2-4B45-8581-4F9415E79F79}.Debug|Any CPU.Build.0 = Debug|Any CPU
		{40B33EB5-4CE2-4B45-8581-4F9415E79F79}.Debug|x64.ActiveCfg = Debug|Any CPU
		{40B33EB5-4CE2-4B45-8581-4F9415E79F79}.Debug|x64.Build.0 = Debug|Any CPU
		{40B33EB5-4CE2-4B45-8581-4F9415E79F79}.Debug|x86.ActiveCfg = Debug|Any CPU
		{40B33EB5-4CE2-4B45-8581-4F9415E79F79}.Debug|x86.Build.0 = Debug|Any CPU
		{40B33EB5-4CE2-4B45-8581-4F9415E79F79}.Release|Any CPU.ActiveCfg = Release|Any CPU
		{40B33EB5-4CE2-4B45-8581-4F9415E79F79}.Release|Any CPU.Build.0 = Release|Any CPU
		{40B33EB5-4CE2-4B45-8581-4F9415E79F79}.Release|x64.ActiveCfg = Release|Any CPU
		{40B33EB5-4CE2-4B45-8581-4F9415E79F79}.Release|x64.Build.0 = Release|Any CPU
		{40B33EB5-4CE2-4B45-8581-4F9415E79F79}.Release|x86.ActiveCfg = Release|Any CPU
		{40B33EB5-4CE2-4B45-8581-4F9415E79F79}.Release|x86.Build.0 = Release|Any CPU
		{98CBDEE5-BCC2-4170-A556-525B3DBC017F}.Debug|Any CPU.ActiveCfg = Debug|Any CPU
		{98CBDEE5-BCC2-4170-A556-525B3DBC017F}.Debug|Any CPU.Build.0 = Debug|Any CPU
		{98CBDEE5-BCC2-4170-A556-525B3DBC017F}.Debug|x64.ActiveCfg = Debug|Any CPU
		{98CBDEE5-BCC2-4170-A556-525B3DBC017F}.Debug|x64.Build.0 = Debug|Any CPU
		{98CBDEE5-BCC2-4170-A556-525B3DBC017F}.Debug|x86.ActiveCfg = Debug|Any CPU
		{98CBDEE5-BCC2-4170-A556-525B3DBC017F}.Debug|x86.Build.0 = Debug|Any CPU
		{98CBDEE5-BCC2-4170-A556-525B3DBC017F}.Release|Any CPU.ActiveCfg = Release|Any CPU
		{98CBDEE5-BCC2-4170-A556-525B3DBC017F}.Release|Any CPU.Build.0 = Release|Any CPU
		{98CBDEE5-BCC2-4170-A556-525B3DBC017F}.Release|x64.ActiveCfg = Release|Any CPU
		{98CBDEE5-BCC2-4170-A556-525B3DBC017F}.Release|x64.Build.0 = Release|Any CPU
		{98CBDEE5-BCC2-4170-A556-525B3DBC017F}.Release|x86.ActiveCfg = Release|Any CPU
		{98CBDEE5-BCC2-4170-A556-525B3DBC017F}.Release|x86.Build.0 = Release|Any CPU
		{A736C257-61CA-4271-B7F8-422FFD6C0AD9}.Debug|Any CPU.ActiveCfg = Debug|Any CPU
		{A736C257-61CA-4271-B7F8-422FFD6C0AD9}.Debug|Any CPU.Build.0 = Debug|Any CPU
		{A736C257-61CA-4271-B7F8-422FFD6C0AD9}.Debug|x64.ActiveCfg = Debug|Any CPU
		{A736C257-61CA-4271-B7F8-422FFD6C0AD9}.Debug|x64.Build.0 = Debug|Any CPU
		{A736C257-61CA-4271-B7F8-422FFD6C0AD9}.Debug|x86.ActiveCfg = Debug|Any CPU
		{A736C257-61CA-4271-B7F8-422FFD6C0AD9}.Debug|x86.Build.0 = Debug|Any CPU
		{A736C257-61CA-4271-B7F8-422FFD6C0AD9}.Release|Any CPU.ActiveCfg = Release|Any CPU
		{A736C257-61CA-4271-B7F8-422FFD6C0AD9}.Release|Any CPU.Build.0 = Release|Any CPU
		{A736C257-61CA-4271-B7F8-422FFD6C0AD9}.Release|x64.ActiveCfg = Release|Any CPU
		{A736C257-61CA-4271-B7F8-422FFD6C0AD9}.Release|x64.Build.0 = Release|Any CPU
		{A736C257-61CA-4271-B7F8-422FFD6C0AD9}.Release|x86.ActiveCfg = Release|Any CPU
		{A736C257-61CA-4271-B7F8-422FFD6C0AD9}.Release|x86.Build.0 = Release|Any CPU
		{4CF9FCA4-987E-483F-BF15-65F8286D6F1F}.Debug|Any CPU.ActiveCfg = Debug|Any CPU
		{4CF9FCA4-987E-483F-BF15-65F8286D6F1F}.Debug|Any CPU.Build.0 = Debug|Any CPU
		{4CF9FCA4-987E-483F-BF15-65F8286D6F1F}.Debug|x64.ActiveCfg = Debug|Any CPU
		{4CF9FCA4-987E-483F-BF15-65F8286D6F1F}.Debug|x64.Build.0 = Debug|Any CPU
		{4CF9FCA4-987E-483F-BF15-65F8286D6F1F}.Debug|x86.ActiveCfg = Debug|Any CPU
		{4CF9FCA4-987E-483F-BF15-65F8286D6F1F}.Debug|x86.Build.0 = Debug|Any CPU
		{4CF9FCA4-987E-483F-BF15-65F8286D6F1F}.Release|Any CPU.ActiveCfg = Release|Any CPU
		{4CF9FCA4-987E-483F-BF15-65F8286D6F1F}.Release|Any CPU.Build.0 = Release|Any CPU
		{4CF9FCA4-987E-483F-BF15-65F8286D6F1F}.Release|x64.ActiveCfg = Release|Any CPU
		{4CF9FCA4-987E-483F-BF15-65F8286D6F1F}.Release|x64.Build.0 = Release|Any CPU
		{4CF9FCA4-987E-483F-BF15-65F8286D6F1F}.Release|x86.ActiveCfg = Release|Any CPU
		{4CF9FCA4-987E-483F-BF15-65F8286D6F1F}.Release|x86.Build.0 = Release|Any CPU
		{A7F9A11F-AC66-41B3-99F3-CA8DB7408EA8}.Debug|Any CPU.ActiveCfg = Debug|Any CPU
		{A7F9A11F-AC66-41B3-99F3-CA8DB7408EA8}.Debug|Any CPU.Build.0 = Debug|Any CPU
		{A7F9A11F-AC66-41B3-99F3-CA8DB7408EA8}.Debug|x64.ActiveCfg = Debug|Any CPU
		{A7F9A11F-AC66-41B3-99F3-CA8DB7408EA8}.Debug|x64.Build.0 = Debug|Any CPU
		{A7F9A11F-AC66-41B3-99F3-CA8DB7408EA8}.Debug|x86.ActiveCfg = Debug|Any CPU
		{A7F9A11F-AC66-41B3-99F3-CA8DB7408EA8}.Debug|x86.Build.0 = Debug|Any CPU
		{A7F9A11F-AC66-41B3-99F3-CA8DB7408EA8}.Release|Any CPU.ActiveCfg = Release|Any CPU
		{A7F9A11F-AC66-41B3-99F3-CA8DB7408EA8}.Release|Any CPU.Build.0 = Release|Any CPU
		{A7F9A11F-AC66-41B3-99F3-CA8DB7408EA8}.Release|x64.ActiveCfg = Release|Any CPU
		{A7F9A11F-AC66-41B3-99F3-CA8DB7408EA8}.Release|x64.Build.0 = Release|Any CPU
		{A7F9A11F-AC66-41B3-99F3-CA8DB7408EA8}.Release|x86.ActiveCfg = Release|Any CPU
		{A7F9A11F-AC66-41B3-99F3-CA8DB7408EA8}.Release|x86.Build.0 = Release|Any CPU
		{E49A6C50-271A-4D21-8523-D6554438F3E0}.Debug|Any CPU.ActiveCfg = Debug|Any CPU
		{E49A6C50-271A-4D21-8523-D6554438F3E0}.Debug|Any CPU.Build.0 = Debug|Any CPU
		{E49A6C50-271A-4D21-8523-D6554438F3E0}.Debug|x64.ActiveCfg = Debug|Any CPU
		{E49A6C50-271A-4D21-8523-D6554438F3E0}.Debug|x64.Build.0 = Debug|Any CPU
		{E49A6C50-271A-4D21-8523-D6554438F3E0}.Debug|x86.ActiveCfg = Debug|Any CPU
		{E49A6C50-271A-4D21-8523-D6554438F3E0}.Debug|x86.Build.0 = Debug|Any CPU
		{E49A6C50-271A-4D21-8523-D6554438F3E0}.Release|Any CPU.ActiveCfg = Release|Any CPU
		{E49A6C50-271A-4D21-8523-D6554438F3E0}.Release|Any CPU.Build.0 = Release|Any CPU
		{E49A6C50-271A-4D21-8523-D6554438F3E0}.Release|x64.ActiveCfg = Release|Any CPU
		{E49A6C50-271A-4D21-8523-D6554438F3E0}.Release|x64.Build.0 = Release|Any CPU
		{E49A6C50-271A-4D21-8523-D6554438F3E0}.Release|x86.ActiveCfg = Release|Any CPU
		{E49A6C50-271A-4D21-8523-D6554438F3E0}.Release|x86.Build.0 = Release|Any CPU
		{E17E2548-287E-4E81-A839-D043F38CDEEB}.Debug|Any CPU.ActiveCfg = Debug|Any CPU
		{E17E2548-287E-4E81-A839-D043F38CDEEB}.Debug|Any CPU.Build.0 = Debug|Any CPU
		{E17E2548-287E-4E81-A839-D043F38CDEEB}.Debug|x64.ActiveCfg = Debug|Any CPU
		{E17E2548-287E-4E81-A839-D043F38CDEEB}.Debug|x64.Build.0 = Debug|Any CPU
		{E17E2548-287E-4E81-A839-D043F38CDEEB}.Debug|x86.ActiveCfg = Debug|Any CPU
		{E17E2548-287E-4E81-A839-D043F38CDEEB}.Debug|x86.Build.0 = Debug|Any CPU
		{E17E2548-287E-4E81-A839-D043F38CDEEB}.Release|Any CPU.ActiveCfg = Release|Any CPU
		{E17E2548-287E-4E81-A839-D043F38CDEEB}.Release|Any CPU.Build.0 = Release|Any CPU
		{E17E2548-287E-4E81-A839-D043F38CDEEB}.Release|x64.ActiveCfg = Release|Any CPU
		{E17E2548-287E-4E81-A839-D043F38CDEEB}.Release|x64.Build.0 = Release|Any CPU
		{E17E2548-287E-4E81-A839-D043F38CDEEB}.Release|x86.ActiveCfg = Release|Any CPU
		{E17E2548-287E-4E81-A839-D043F38CDEEB}.Release|x86.Build.0 = Release|Any CPU
		{A9F0813C-F254-4AB1-8759-E47A3E3DE87C}.Debug|Any CPU.ActiveCfg = Debug|Any CPU
		{A9F0813C-F254-4AB1-8759-E47A3E3DE87C}.Debug|Any CPU.Build.0 = Debug|Any CPU
		{A9F0813C-F254-4AB1-8759-E47A3E3DE87C}.Debug|x64.ActiveCfg = Debug|Any CPU
		{A9F0813C-F254-4AB1-8759-E47A3E3DE87C}.Debug|x64.Build.0 = Debug|Any CPU
		{A9F0813C-F254-4AB1-8759-E47A3E3DE87C}.Debug|x86.ActiveCfg = Debug|Any CPU
		{A9F0813C-F254-4AB1-8759-E47A3E3DE87C}.Debug|x86.Build.0 = Debug|Any CPU
		{A9F0813C-F254-4AB1-8759-E47A3E3DE87C}.Release|Any CPU.ActiveCfg = Release|Any CPU
		{A9F0813C-F254-4AB1-8759-E47A3E3DE87C}.Release|Any CPU.Build.0 = Release|Any CPU
		{A9F0813C-F254-4AB1-8759-E47A3E3DE87C}.Release|x64.ActiveCfg = Release|Any CPU
		{A9F0813C-F254-4AB1-8759-E47A3E3DE87C}.Release|x64.Build.0 = Release|Any CPU
		{A9F0813C-F254-4AB1-8759-E47A3E3DE87C}.Release|x86.ActiveCfg = Release|Any CPU
		{A9F0813C-F254-4AB1-8759-E47A3E3DE87C}.Release|x86.Build.0 = Release|Any CPU
		{C079542D-0682-4D79-8443-CD167F6A27F7}.Debug|Any CPU.ActiveCfg = Debug|Any CPU
		{C079542D-0682-4D79-8443-CD167F6A27F7}.Debug|Any CPU.Build.0 = Debug|Any CPU
		{C079542D-0682-4D79-8443-CD167F6A27F7}.Debug|x64.ActiveCfg = Debug|Any CPU
		{C079542D-0682-4D79-8443-CD167F6A27F7}.Debug|x64.Build.0 = Debug|Any CPU
		{C079542D-0682-4D79-8443-CD167F6A27F7}.Debug|x86.ActiveCfg = Debug|Any CPU
		{C079542D-0682-4D79-8443-CD167F6A27F7}.Debug|x86.Build.0 = Debug|Any CPU
		{C079542D-0682-4D79-8443-CD167F6A27F7}.Release|Any CPU.ActiveCfg = Release|Any CPU
		{C079542D-0682-4D79-8443-CD167F6A27F7}.Release|Any CPU.Build.0 = Release|Any CPU
		{C079542D-0682-4D79-8443-CD167F6A27F7}.Release|x64.ActiveCfg = Release|Any CPU
		{C079542D-0682-4D79-8443-CD167F6A27F7}.Release|x64.Build.0 = Release|Any CPU
		{C079542D-0682-4D79-8443-CD167F6A27F7}.Release|x86.ActiveCfg = Release|Any CPU
		{C079542D-0682-4D79-8443-CD167F6A27F7}.Release|x86.Build.0 = Release|Any CPU
		{39E0C179-AD30-4E9D-B774-4A4EA7880949}.Debug|Any CPU.ActiveCfg = Debug|Any CPU
		{39E0C179-AD30-4E9D-B774-4A4EA7880949}.Debug|Any CPU.Build.0 = Debug|Any CPU
		{39E0C179-AD30-4E9D-B774-4A4EA7880949}.Debug|x64.ActiveCfg = Debug|Any CPU
		{39E0C179-AD30-4E9D-B774-4A4EA7880949}.Debug|x64.Build.0 = Debug|Any CPU
		{39E0C179-AD30-4E9D-B774-4A4EA7880949}.Debug|x86.ActiveCfg = Debug|Any CPU
		{39E0C179-AD30-4E9D-B774-4A4EA7880949}.Debug|x86.Build.0 = Debug|Any CPU
		{39E0C179-AD30-4E9D-B774-4A4EA7880949}.Release|Any CPU.ActiveCfg = Release|Any CPU
		{39E0C179-AD30-4E9D-B774-4A4EA7880949}.Release|Any CPU.Build.0 = Release|Any CPU
		{39E0C179-AD30-4E9D-B774-4A4EA7880949}.Release|x64.ActiveCfg = Release|Any CPU
		{39E0C179-AD30-4E9D-B774-4A4EA7880949}.Release|x64.Build.0 = Release|Any CPU
		{39E0C179-AD30-4E9D-B774-4A4EA7880949}.Release|x86.ActiveCfg = Release|Any CPU
		{39E0C179-AD30-4E9D-B774-4A4EA7880949}.Release|x86.Build.0 = Release|Any CPU
		{3A3E6817-728A-4F65-AF2C-711715E35458}.Debug|Any CPU.ActiveCfg = Debug|Any CPU
		{3A3E6817-728A-4F65-AF2C-711715E35458}.Debug|Any CPU.Build.0 = Debug|Any CPU
		{3A3E6817-728A-4F65-AF2C-711715E35458}.Debug|x64.ActiveCfg = Debug|Any CPU
		{3A3E6817-728A-4F65-AF2C-711715E35458}.Debug|x64.Build.0 = Debug|Any CPU
		{3A3E6817-728A-4F65-AF2C-711715E35458}.Debug|x86.ActiveCfg = Debug|Any CPU
		{3A3E6817-728A-4F65-AF2C-711715E35458}.Debug|x86.Build.0 = Debug|Any CPU
		{3A3E6817-728A-4F65-AF2C-711715E35458}.Release|Any CPU.ActiveCfg = Release|Any CPU
		{3A3E6817-728A-4F65-AF2C-711715E35458}.Release|Any CPU.Build.0 = Release|Any CPU
		{3A3E6817-728A-4F65-AF2C-711715E35458}.Release|x64.ActiveCfg = Release|Any CPU
		{3A3E6817-728A-4F65-AF2C-711715E35458}.Release|x64.Build.0 = Release|Any CPU
		{3A3E6817-728A-4F65-AF2C-711715E35458}.Release|x86.ActiveCfg = Release|Any CPU
		{3A3E6817-728A-4F65-AF2C-711715E35458}.Release|x86.Build.0 = Release|Any CPU
		{E70DF3C6-7548-48EA-B07F-C421D251EAF4}.Debug|Any CPU.ActiveCfg = Debug|Any CPU
		{E70DF3C6-7548-48EA-B07F-C421D251EAF4}.Debug|Any CPU.Build.0 = Debug|Any CPU
		{E70DF3C6-7548-48EA-B07F-C421D251EAF4}.Debug|x64.ActiveCfg = Debug|Any CPU
		{E70DF3C6-7548-48EA-B07F-C421D251EAF4}.Debug|x64.Build.0 = Debug|Any CPU
		{E70DF3C6-7548-48EA-B07F-C421D251EAF4}.Debug|x86.ActiveCfg = Debug|Any CPU
		{E70DF3C6-7548-48EA-B07F-C421D251EAF4}.Debug|x86.Build.0 = Debug|Any CPU
		{E70DF3C6-7548-48EA-B07F-C421D251EAF4}.Release|Any CPU.ActiveCfg = Release|Any CPU
		{E70DF3C6-7548-48EA-B07F-C421D251EAF4}.Release|Any CPU.Build.0 = Release|Any CPU
		{E70DF3C6-7548-48EA-B07F-C421D251EAF4}.Release|x64.ActiveCfg = Release|Any CPU
		{E70DF3C6-7548-48EA-B07F-C421D251EAF4}.Release|x64.Build.0 = Release|Any CPU
		{E70DF3C6-7548-48EA-B07F-C421D251EAF4}.Release|x86.ActiveCfg = Release|Any CPU
		{E70DF3C6-7548-48EA-B07F-C421D251EAF4}.Release|x86.Build.0 = Release|Any CPU
		{D9770ACB-BA41-462E-BA1C-FC5F2C3C1BAC}.Debug|Any CPU.ActiveCfg = Debug|Any CPU
		{D9770ACB-BA41-462E-BA1C-FC5F2C3C1BAC}.Debug|Any CPU.Build.0 = Debug|Any CPU
		{D9770ACB-BA41-462E-BA1C-FC5F2C3C1BAC}.Debug|x64.ActiveCfg = Debug|Any CPU
		{D9770ACB-BA41-462E-BA1C-FC5F2C3C1BAC}.Debug|x64.Build.0 = Debug|Any CPU
		{D9770ACB-BA41-462E-BA1C-FC5F2C3C1BAC}.Debug|x86.ActiveCfg = Debug|Any CPU
		{D9770ACB-BA41-462E-BA1C-FC5F2C3C1BAC}.Debug|x86.Build.0 = Debug|Any CPU
		{D9770ACB-BA41-462E-BA1C-FC5F2C3C1BAC}.Release|Any CPU.ActiveCfg = Release|Any CPU
		{D9770ACB-BA41-462E-BA1C-FC5F2C3C1BAC}.Release|Any CPU.Build.0 = Release|Any CPU
		{D9770ACB-BA41-462E-BA1C-FC5F2C3C1BAC}.Release|x64.ActiveCfg = Release|Any CPU
		{D9770ACB-BA41-462E-BA1C-FC5F2C3C1BAC}.Release|x64.Build.0 = Release|Any CPU
		{D9770ACB-BA41-462E-BA1C-FC5F2C3C1BAC}.Release|x86.ActiveCfg = Release|Any CPU
		{D9770ACB-BA41-462E-BA1C-FC5F2C3C1BAC}.Release|x86.Build.0 = Release|Any CPU
		{12CEDEEA-ADC1-4247-8B78-BA64FAE559AA}.Debug|Any CPU.ActiveCfg = Debug|Any CPU
		{12CEDEEA-ADC1-4247-8B78-BA64FAE559AA}.Debug|Any CPU.Build.0 = Debug|Any CPU
		{12CEDEEA-ADC1-4247-8B78-BA64FAE559AA}.Debug|x64.ActiveCfg = Debug|Any CPU
		{12CEDEEA-ADC1-4247-8B78-BA64FAE559AA}.Debug|x64.Build.0 = Debug|Any CPU
		{12CEDEEA-ADC1-4247-8B78-BA64FAE559AA}.Debug|x86.ActiveCfg = Debug|Any CPU
		{12CEDEEA-ADC1-4247-8B78-BA64FAE559AA}.Debug|x86.Build.0 = Debug|Any CPU
		{12CEDEEA-ADC1-4247-8B78-BA64FAE559AA}.Release|Any CPU.ActiveCfg = Release|Any CPU
		{12CEDEEA-ADC1-4247-8B78-BA64FAE559AA}.Release|Any CPU.Build.0 = Release|Any CPU
		{12CEDEEA-ADC1-4247-8B78-BA64FAE559AA}.Release|x64.ActiveCfg = Release|Any CPU
		{12CEDEEA-ADC1-4247-8B78-BA64FAE559AA}.Release|x64.Build.0 = Release|Any CPU
		{12CEDEEA-ADC1-4247-8B78-BA64FAE559AA}.Release|x86.ActiveCfg = Release|Any CPU
		{12CEDEEA-ADC1-4247-8B78-BA64FAE559AA}.Release|x86.Build.0 = Release|Any CPU
		{707DF674-6E7C-4EE4-8BF7-E8E806C5A704}.Debug|Any CPU.ActiveCfg = Debug|Any CPU
		{707DF674-6E7C-4EE4-8BF7-E8E806C5A704}.Debug|Any CPU.Build.0 = Debug|Any CPU
		{707DF674-6E7C-4EE4-8BF7-E8E806C5A704}.Debug|x64.ActiveCfg = Debug|Any CPU
		{707DF674-6E7C-4EE4-8BF7-E8E806C5A704}.Debug|x64.Build.0 = Debug|Any CPU
		{707DF674-6E7C-4EE4-8BF7-E8E806C5A704}.Debug|x86.ActiveCfg = Debug|Any CPU
		{707DF674-6E7C-4EE4-8BF7-E8E806C5A704}.Debug|x86.Build.0 = Debug|Any CPU
		{707DF674-6E7C-4EE4-8BF7-E8E806C5A704}.Release|Any CPU.ActiveCfg = Release|Any CPU
		{707DF674-6E7C-4EE4-8BF7-E8E806C5A704}.Release|Any CPU.Build.0 = Release|Any CPU
		{707DF674-6E7C-4EE4-8BF7-E8E806C5A704}.Release|x64.ActiveCfg = Release|Any CPU
		{707DF674-6E7C-4EE4-8BF7-E8E806C5A704}.Release|x64.Build.0 = Release|Any CPU
		{707DF674-6E7C-4EE4-8BF7-E8E806C5A704}.Release|x86.ActiveCfg = Release|Any CPU
		{707DF674-6E7C-4EE4-8BF7-E8E806C5A704}.Release|x86.Build.0 = Release|Any CPU
		{99E7FED9-E1D3-4F8D-895B-A31258F6BCB2}.Debug|Any CPU.ActiveCfg = Debug|Any CPU
		{99E7FED9-E1D3-4F8D-895B-A31258F6BCB2}.Debug|Any CPU.Build.0 = Debug|Any CPU
		{99E7FED9-E1D3-4F8D-895B-A31258F6BCB2}.Debug|x64.ActiveCfg = Debug|Any CPU
		{99E7FED9-E1D3-4F8D-895B-A31258F6BCB2}.Debug|x64.Build.0 = Debug|Any CPU
		{99E7FED9-E1D3-4F8D-895B-A31258F6BCB2}.Debug|x86.ActiveCfg = Debug|Any CPU
		{99E7FED9-E1D3-4F8D-895B-A31258F6BCB2}.Debug|x86.Build.0 = Debug|Any CPU
		{99E7FED9-E1D3-4F8D-895B-A31258F6BCB2}.Release|Any CPU.ActiveCfg = Release|Any CPU
		{99E7FED9-E1D3-4F8D-895B-A31258F6BCB2}.Release|Any CPU.Build.0 = Release|Any CPU
		{99E7FED9-E1D3-4F8D-895B-A31258F6BCB2}.Release|x64.ActiveCfg = Release|Any CPU
		{99E7FED9-E1D3-4F8D-895B-A31258F6BCB2}.Release|x64.Build.0 = Release|Any CPU
		{99E7FED9-E1D3-4F8D-895B-A31258F6BCB2}.Release|x86.ActiveCfg = Release|Any CPU
		{99E7FED9-E1D3-4F8D-895B-A31258F6BCB2}.Release|x86.Build.0 = Release|Any CPU
		{E63E0F5B-5DCF-4CDA-AFBB-DB99F20E0C99}.Debug|Any CPU.ActiveCfg = Debug|Any CPU
		{E63E0F5B-5DCF-4CDA-AFBB-DB99F20E0C99}.Debug|Any CPU.Build.0 = Debug|Any CPU
		{E63E0F5B-5DCF-4CDA-AFBB-DB99F20E0C99}.Debug|x64.ActiveCfg = Debug|Any CPU
		{E63E0F5B-5DCF-4CDA-AFBB-DB99F20E0C99}.Debug|x64.Build.0 = Debug|Any CPU
		{E63E0F5B-5DCF-4CDA-AFBB-DB99F20E0C99}.Debug|x86.ActiveCfg = Debug|Any CPU
		{E63E0F5B-5DCF-4CDA-AFBB-DB99F20E0C99}.Debug|x86.Build.0 = Debug|Any CPU
		{E63E0F5B-5DCF-4CDA-AFBB-DB99F20E0C99}.Release|Any CPU.ActiveCfg = Release|Any CPU
		{E63E0F5B-5DCF-4CDA-AFBB-DB99F20E0C99}.Release|Any CPU.Build.0 = Release|Any CPU
		{E63E0F5B-5DCF-4CDA-AFBB-DB99F20E0C99}.Release|x64.ActiveCfg = Release|Any CPU
		{E63E0F5B-5DCF-4CDA-AFBB-DB99F20E0C99}.Release|x64.Build.0 = Release|Any CPU
		{E63E0F5B-5DCF-4CDA-AFBB-DB99F20E0C99}.Release|x86.ActiveCfg = Release|Any CPU
		{E63E0F5B-5DCF-4CDA-AFBB-DB99F20E0C99}.Release|x86.Build.0 = Release|Any CPU
		{39CA009F-645D-4F26-B621-44C4D33557DE}.Debug|Any CPU.ActiveCfg = Debug|Any CPU
		{39CA009F-645D-4F26-B621-44C4D33557DE}.Debug|Any CPU.Build.0 = Debug|Any CPU
		{39CA009F-645D-4F26-B621-44C4D33557DE}.Debug|x64.ActiveCfg = Debug|Any CPU
		{39CA009F-645D-4F26-B621-44C4D33557DE}.Debug|x64.Build.0 = Debug|Any CPU
		{39CA009F-645D-4F26-B621-44C4D33557DE}.Debug|x86.ActiveCfg = Debug|Any CPU
		{39CA009F-645D-4F26-B621-44C4D33557DE}.Debug|x86.Build.0 = Debug|Any CPU
		{39CA009F-645D-4F26-B621-44C4D33557DE}.Release|Any CPU.ActiveCfg = Release|Any CPU
		{39CA009F-645D-4F26-B621-44C4D33557DE}.Release|Any CPU.Build.0 = Release|Any CPU
		{39CA009F-645D-4F26-B621-44C4D33557DE}.Release|x64.ActiveCfg = Release|Any CPU
		{39CA009F-645D-4F26-B621-44C4D33557DE}.Release|x64.Build.0 = Release|Any CPU
		{39CA009F-645D-4F26-B621-44C4D33557DE}.Release|x86.ActiveCfg = Release|Any CPU
		{39CA009F-645D-4F26-B621-44C4D33557DE}.Release|x86.Build.0 = Release|Any CPU
		{63A69F3C-30FB-4FB9-A1EF-B03346456B29}.Debug|Any CPU.ActiveCfg = Debug|Any CPU
		{63A69F3C-30FB-4FB9-A1EF-B03346456B29}.Debug|Any CPU.Build.0 = Debug|Any CPU
		{63A69F3C-30FB-4FB9-A1EF-B03346456B29}.Debug|x64.ActiveCfg = Debug|Any CPU
		{63A69F3C-30FB-4FB9-A1EF-B03346456B29}.Debug|x64.Build.0 = Debug|Any CPU
		{63A69F3C-30FB-4FB9-A1EF-B03346456B29}.Debug|x86.ActiveCfg = Debug|Any CPU
		{63A69F3C-30FB-4FB9-A1EF-B03346456B29}.Debug|x86.Build.0 = Debug|Any CPU
		{63A69F3C-30FB-4FB9-A1EF-B03346456B29}.Release|Any CPU.ActiveCfg = Release|Any CPU
		{63A69F3C-30FB-4FB9-A1EF-B03346456B29}.Release|Any CPU.Build.0 = Release|Any CPU
		{63A69F3C-30FB-4FB9-A1EF-B03346456B29}.Release|x64.ActiveCfg = Release|Any CPU
		{63A69F3C-30FB-4FB9-A1EF-B03346456B29}.Release|x64.Build.0 = Release|Any CPU
		{63A69F3C-30FB-4FB9-A1EF-B03346456B29}.Release|x86.ActiveCfg = Release|Any CPU
		{63A69F3C-30FB-4FB9-A1EF-B03346456B29}.Release|x86.Build.0 = Release|Any CPU
		{A42DC80C-262A-4E88-8FDB-B762E8BEDEF4}.Debug|Any CPU.ActiveCfg = Debug|Any CPU
		{A42DC80C-262A-4E88-8FDB-B762E8BEDEF4}.Debug|Any CPU.Build.0 = Debug|Any CPU
		{A42DC80C-262A-4E88-8FDB-B762E8BEDEF4}.Debug|x64.ActiveCfg = Debug|Any CPU
		{A42DC80C-262A-4E88-8FDB-B762E8BEDEF4}.Debug|x64.Build.0 = Debug|Any CPU
		{A42DC80C-262A-4E88-8FDB-B762E8BEDEF4}.Debug|x86.ActiveCfg = Debug|Any CPU
		{A42DC80C-262A-4E88-8FDB-B762E8BEDEF4}.Debug|x86.Build.0 = Debug|Any CPU
		{A42DC80C-262A-4E88-8FDB-B762E8BEDEF4}.Release|Any CPU.ActiveCfg = Release|Any CPU
		{A42DC80C-262A-4E88-8FDB-B762E8BEDEF4}.Release|Any CPU.Build.0 = Release|Any CPU
		{A42DC80C-262A-4E88-8FDB-B762E8BEDEF4}.Release|x64.ActiveCfg = Release|Any CPU
		{A42DC80C-262A-4E88-8FDB-B762E8BEDEF4}.Release|x64.Build.0 = Release|Any CPU
		{A42DC80C-262A-4E88-8FDB-B762E8BEDEF4}.Release|x86.ActiveCfg = Release|Any CPU
		{A42DC80C-262A-4E88-8FDB-B762E8BEDEF4}.Release|x86.Build.0 = Release|Any CPU
		{F905B283-71A7-4454-93C7-1658E9816A18}.Debug|Any CPU.ActiveCfg = Debug|Any CPU
		{F905B283-71A7-4454-93C7-1658E9816A18}.Debug|Any CPU.Build.0 = Debug|Any CPU
		{F905B283-71A7-4454-93C7-1658E9816A18}.Debug|x64.ActiveCfg = Debug|Any CPU
		{F905B283-71A7-4454-93C7-1658E9816A18}.Debug|x64.Build.0 = Debug|Any CPU
		{F905B283-71A7-4454-93C7-1658E9816A18}.Debug|x86.ActiveCfg = Debug|Any CPU
		{F905B283-71A7-4454-93C7-1658E9816A18}.Debug|x86.Build.0 = Debug|Any CPU
		{F905B283-71A7-4454-93C7-1658E9816A18}.Release|Any CPU.ActiveCfg = Release|Any CPU
		{F905B283-71A7-4454-93C7-1658E9816A18}.Release|Any CPU.Build.0 = Release|Any CPU
		{F905B283-71A7-4454-93C7-1658E9816A18}.Release|x64.ActiveCfg = Release|Any CPU
		{F905B283-71A7-4454-93C7-1658E9816A18}.Release|x64.Build.0 = Release|Any CPU
		{F905B283-71A7-4454-93C7-1658E9816A18}.Release|x86.ActiveCfg = Release|Any CPU
		{F905B283-71A7-4454-93C7-1658E9816A18}.Release|x86.Build.0 = Release|Any CPU
		{C2348CAB-0AFA-4B7B-8405-A226813072C2}.Debug|Any CPU.ActiveCfg = Debug|Any CPU
		{C2348CAB-0AFA-4B7B-8405-A226813072C2}.Debug|Any CPU.Build.0 = Debug|Any CPU
		{C2348CAB-0AFA-4B7B-8405-A226813072C2}.Debug|x64.ActiveCfg = Debug|Any CPU
		{C2348CAB-0AFA-4B7B-8405-A226813072C2}.Debug|x64.Build.0 = Debug|Any CPU
		{C2348CAB-0AFA-4B7B-8405-A226813072C2}.Debug|x86.ActiveCfg = Debug|Any CPU
		{C2348CAB-0AFA-4B7B-8405-A226813072C2}.Debug|x86.Build.0 = Debug|Any CPU
		{C2348CAB-0AFA-4B7B-8405-A226813072C2}.Release|Any CPU.ActiveCfg = Release|Any CPU
		{C2348CAB-0AFA-4B7B-8405-A226813072C2}.Release|Any CPU.Build.0 = Release|Any CPU
		{C2348CAB-0AFA-4B7B-8405-A226813072C2}.Release|x64.ActiveCfg = Release|Any CPU
		{C2348CAB-0AFA-4B7B-8405-A226813072C2}.Release|x64.Build.0 = Release|Any CPU
		{C2348CAB-0AFA-4B7B-8405-A226813072C2}.Release|x86.ActiveCfg = Release|Any CPU
		{C2348CAB-0AFA-4B7B-8405-A226813072C2}.Release|x86.Build.0 = Release|Any CPU
		{1DA15E57-582E-4510-9327-6D28F748E25B}.Debug|Any CPU.ActiveCfg = Debug|Any CPU
		{1DA15E57-582E-4510-9327-6D28F748E25B}.Debug|Any CPU.Build.0 = Debug|Any CPU
		{1DA15E57-582E-4510-9327-6D28F748E25B}.Debug|x64.ActiveCfg = Debug|Any CPU
		{1DA15E57-582E-4510-9327-6D28F748E25B}.Debug|x64.Build.0 = Debug|Any CPU
		{1DA15E57-582E-4510-9327-6D28F748E25B}.Debug|x86.ActiveCfg = Debug|Any CPU
		{1DA15E57-582E-4510-9327-6D28F748E25B}.Debug|x86.Build.0 = Debug|Any CPU
		{1DA15E57-582E-4510-9327-6D28F748E25B}.Release|Any CPU.ActiveCfg = Release|Any CPU
		{1DA15E57-582E-4510-9327-6D28F748E25B}.Release|Any CPU.Build.0 = Release|Any CPU
		{1DA15E57-582E-4510-9327-6D28F748E25B}.Release|x64.ActiveCfg = Release|Any CPU
		{1DA15E57-582E-4510-9327-6D28F748E25B}.Release|x64.Build.0 = Release|Any CPU
		{1DA15E57-582E-4510-9327-6D28F748E25B}.Release|x86.ActiveCfg = Release|Any CPU
		{1DA15E57-582E-4510-9327-6D28F748E25B}.Release|x86.Build.0 = Release|Any CPU
		{13B4126B-E78A-4A6D-BF4D-46ED4242B3A9}.Debug|Any CPU.ActiveCfg = Debug|Any CPU
		{13B4126B-E78A-4A6D-BF4D-46ED4242B3A9}.Debug|Any CPU.Build.0 = Debug|Any CPU
		{13B4126B-E78A-4A6D-BF4D-46ED4242B3A9}.Debug|x64.ActiveCfg = Debug|Any CPU
		{13B4126B-E78A-4A6D-BF4D-46ED4242B3A9}.Debug|x64.Build.0 = Debug|Any CPU
		{13B4126B-E78A-4A6D-BF4D-46ED4242B3A9}.Debug|x86.ActiveCfg = Debug|Any CPU
		{13B4126B-E78A-4A6D-BF4D-46ED4242B3A9}.Debug|x86.Build.0 = Debug|Any CPU
		{13B4126B-E78A-4A6D-BF4D-46ED4242B3A9}.Release|Any CPU.ActiveCfg = Release|Any CPU
		{13B4126B-E78A-4A6D-BF4D-46ED4242B3A9}.Release|Any CPU.Build.0 = Release|Any CPU
		{13B4126B-E78A-4A6D-BF4D-46ED4242B3A9}.Release|x64.ActiveCfg = Release|Any CPU
		{13B4126B-E78A-4A6D-BF4D-46ED4242B3A9}.Release|x64.Build.0 = Release|Any CPU
		{13B4126B-E78A-4A6D-BF4D-46ED4242B3A9}.Release|x86.ActiveCfg = Release|Any CPU
		{13B4126B-E78A-4A6D-BF4D-46ED4242B3A9}.Release|x86.Build.0 = Release|Any CPU
		{8A6F8345-FE18-43A7-91F6-DEEC44AEE4A3}.Debug|Any CPU.ActiveCfg = Debug|Any CPU
		{8A6F8345-FE18-43A7-91F6-DEEC44AEE4A3}.Debug|Any CPU.Build.0 = Debug|Any CPU
		{8A6F8345-FE18-43A7-91F6-DEEC44AEE4A3}.Debug|x64.ActiveCfg = Debug|Any CPU
		{8A6F8345-FE18-43A7-91F6-DEEC44AEE4A3}.Debug|x64.Build.0 = Debug|Any CPU
		{8A6F8345-FE18-43A7-91F6-DEEC44AEE4A3}.Debug|x86.ActiveCfg = Debug|Any CPU
		{8A6F8345-FE18-43A7-91F6-DEEC44AEE4A3}.Debug|x86.Build.0 = Debug|Any CPU
		{8A6F8345-FE18-43A7-91F6-DEEC44AEE4A3}.Release|Any CPU.ActiveCfg = Release|Any CPU
		{8A6F8345-FE18-43A7-91F6-DEEC44AEE4A3}.Release|Any CPU.Build.0 = Release|Any CPU
		{8A6F8345-FE18-43A7-91F6-DEEC44AEE4A3}.Release|x64.ActiveCfg = Release|Any CPU
		{8A6F8345-FE18-43A7-91F6-DEEC44AEE4A3}.Release|x64.Build.0 = Release|Any CPU
		{8A6F8345-FE18-43A7-91F6-DEEC44AEE4A3}.Release|x86.ActiveCfg = Release|Any CPU
		{8A6F8345-FE18-43A7-91F6-DEEC44AEE4A3}.Release|x86.Build.0 = Release|Any CPU
		{B8F7A19F-141B-4FC5-A5D5-6263DD4E7A8A}.Debug|Any CPU.ActiveCfg = Debug|Any CPU
		{B8F7A19F-141B-4FC5-A5D5-6263DD4E7A8A}.Debug|Any CPU.Build.0 = Debug|Any CPU
		{B8F7A19F-141B-4FC5-A5D5-6263DD4E7A8A}.Debug|x64.ActiveCfg = Debug|Any CPU
		{B8F7A19F-141B-4FC5-A5D5-6263DD4E7A8A}.Debug|x64.Build.0 = Debug|Any CPU
		{B8F7A19F-141B-4FC5-A5D5-6263DD4E7A8A}.Debug|x86.ActiveCfg = Debug|Any CPU
		{B8F7A19F-141B-4FC5-A5D5-6263DD4E7A8A}.Debug|x86.Build.0 = Debug|Any CPU
		{B8F7A19F-141B-4FC5-A5D5-6263DD4E7A8A}.Release|Any CPU.ActiveCfg = Release|Any CPU
		{B8F7A19F-141B-4FC5-A5D5-6263DD4E7A8A}.Release|Any CPU.Build.0 = Release|Any CPU
		{B8F7A19F-141B-4FC5-A5D5-6263DD4E7A8A}.Release|x64.ActiveCfg = Release|Any CPU
		{B8F7A19F-141B-4FC5-A5D5-6263DD4E7A8A}.Release|x64.Build.0 = Release|Any CPU
		{B8F7A19F-141B-4FC5-A5D5-6263DD4E7A8A}.Release|x86.ActiveCfg = Release|Any CPU
		{B8F7A19F-141B-4FC5-A5D5-6263DD4E7A8A}.Release|x86.Build.0 = Release|Any CPU
		{E51BE07D-2882-4D40-B532-8AC4C35DFB49}.Debug|Any CPU.ActiveCfg = Debug|Any CPU
		{E51BE07D-2882-4D40-B532-8AC4C35DFB49}.Debug|Any CPU.Build.0 = Debug|Any CPU
		{E51BE07D-2882-4D40-B532-8AC4C35DFB49}.Debug|x64.ActiveCfg = Debug|Any CPU
		{E51BE07D-2882-4D40-B532-8AC4C35DFB49}.Debug|x64.Build.0 = Debug|Any CPU
		{E51BE07D-2882-4D40-B532-8AC4C35DFB49}.Debug|x86.ActiveCfg = Debug|Any CPU
		{E51BE07D-2882-4D40-B532-8AC4C35DFB49}.Debug|x86.Build.0 = Debug|Any CPU
		{E51BE07D-2882-4D40-B532-8AC4C35DFB49}.Release|Any CPU.ActiveCfg = Release|Any CPU
		{E51BE07D-2882-4D40-B532-8AC4C35DFB49}.Release|Any CPU.Build.0 = Release|Any CPU
		{E51BE07D-2882-4D40-B532-8AC4C35DFB49}.Release|x64.ActiveCfg = Release|Any CPU
		{E51BE07D-2882-4D40-B532-8AC4C35DFB49}.Release|x64.Build.0 = Release|Any CPU
		{E51BE07D-2882-4D40-B532-8AC4C35DFB49}.Release|x86.ActiveCfg = Release|Any CPU
		{E51BE07D-2882-4D40-B532-8AC4C35DFB49}.Release|x86.Build.0 = Release|Any CPU
		{18E7C054-EAF6-453E-BBA6-A3F34D95B741}.Debug|Any CPU.ActiveCfg = Debug|Any CPU
		{18E7C054-EAF6-453E-BBA6-A3F34D95B741}.Debug|Any CPU.Build.0 = Debug|Any CPU
		{18E7C054-EAF6-453E-BBA6-A3F34D95B741}.Debug|x64.ActiveCfg = Debug|Any CPU
		{18E7C054-EAF6-453E-BBA6-A3F34D95B741}.Debug|x64.Build.0 = Debug|Any CPU
		{18E7C054-EAF6-453E-BBA6-A3F34D95B741}.Debug|x86.ActiveCfg = Debug|Any CPU
		{18E7C054-EAF6-453E-BBA6-A3F34D95B741}.Debug|x86.Build.0 = Debug|Any CPU
		{18E7C054-EAF6-453E-BBA6-A3F34D95B741}.Release|Any CPU.ActiveCfg = Release|Any CPU
		{18E7C054-EAF6-453E-BBA6-A3F34D95B741}.Release|Any CPU.Build.0 = Release|Any CPU
		{18E7C054-EAF6-453E-BBA6-A3F34D95B741}.Release|x64.ActiveCfg = Release|Any CPU
		{18E7C054-EAF6-453E-BBA6-A3F34D95B741}.Release|x64.Build.0 = Release|Any CPU
		{18E7C054-EAF6-453E-BBA6-A3F34D95B741}.Release|x86.ActiveCfg = Release|Any CPU
		{18E7C054-EAF6-453E-BBA6-A3F34D95B741}.Release|x86.Build.0 = Release|Any CPU
		{8B6054CC-B3EE-4E80-B01A-E5207836A08A}.Debug|Any CPU.ActiveCfg = Debug|Any CPU
		{8B6054CC-B3EE-4E80-B01A-E5207836A08A}.Debug|Any CPU.Build.0 = Debug|Any CPU
		{8B6054CC-B3EE-4E80-B01A-E5207836A08A}.Debug|x64.ActiveCfg = Debug|Any CPU
		{8B6054CC-B3EE-4E80-B01A-E5207836A08A}.Debug|x64.Build.0 = Debug|Any CPU
		{8B6054CC-B3EE-4E80-B01A-E5207836A08A}.Debug|x86.ActiveCfg = Debug|Any CPU
		{8B6054CC-B3EE-4E80-B01A-E5207836A08A}.Debug|x86.Build.0 = Debug|Any CPU
		{8B6054CC-B3EE-4E80-B01A-E5207836A08A}.Release|Any CPU.ActiveCfg = Release|Any CPU
		{8B6054CC-B3EE-4E80-B01A-E5207836A08A}.Release|Any CPU.Build.0 = Release|Any CPU
		{8B6054CC-B3EE-4E80-B01A-E5207836A08A}.Release|x64.ActiveCfg = Release|Any CPU
		{8B6054CC-B3EE-4E80-B01A-E5207836A08A}.Release|x64.Build.0 = Release|Any CPU
		{8B6054CC-B3EE-4E80-B01A-E5207836A08A}.Release|x86.ActiveCfg = Release|Any CPU
		{8B6054CC-B3EE-4E80-B01A-E5207836A08A}.Release|x86.Build.0 = Release|Any CPU
		{7E3C2443-A0EB-4723-961B-80EE6A392EEA}.Debug|Any CPU.ActiveCfg = Debug|Any CPU
		{7E3C2443-A0EB-4723-961B-80EE6A392EEA}.Debug|Any CPU.Build.0 = Debug|Any CPU
		{7E3C2443-A0EB-4723-961B-80EE6A392EEA}.Debug|x64.ActiveCfg = Debug|Any CPU
		{7E3C2443-A0EB-4723-961B-80EE6A392EEA}.Debug|x64.Build.0 = Debug|Any CPU
		{7E3C2443-A0EB-4723-961B-80EE6A392EEA}.Debug|x86.ActiveCfg = Debug|Any CPU
		{7E3C2443-A0EB-4723-961B-80EE6A392EEA}.Debug|x86.Build.0 = Debug|Any CPU
		{7E3C2443-A0EB-4723-961B-80EE6A392EEA}.Release|Any CPU.ActiveCfg = Release|Any CPU
		{7E3C2443-A0EB-4723-961B-80EE6A392EEA}.Release|Any CPU.Build.0 = Release|Any CPU
		{7E3C2443-A0EB-4723-961B-80EE6A392EEA}.Release|x64.ActiveCfg = Release|Any CPU
		{7E3C2443-A0EB-4723-961B-80EE6A392EEA}.Release|x64.Build.0 = Release|Any CPU
		{7E3C2443-A0EB-4723-961B-80EE6A392EEA}.Release|x86.ActiveCfg = Release|Any CPU
		{7E3C2443-A0EB-4723-961B-80EE6A392EEA}.Release|x86.Build.0 = Release|Any CPU
		{1230EB81-1A0F-4694-A605-F6B3335886E4}.Debug|Any CPU.ActiveCfg = Debug|Any CPU
		{1230EB81-1A0F-4694-A605-F6B3335886E4}.Debug|Any CPU.Build.0 = Debug|Any CPU
		{1230EB81-1A0F-4694-A605-F6B3335886E4}.Debug|x64.ActiveCfg = Debug|Any CPU
		{1230EB81-1A0F-4694-A605-F6B3335886E4}.Debug|x64.Build.0 = Debug|Any CPU
		{1230EB81-1A0F-4694-A605-F6B3335886E4}.Debug|x86.ActiveCfg = Debug|Any CPU
		{1230EB81-1A0F-4694-A605-F6B3335886E4}.Debug|x86.Build.0 = Debug|Any CPU
		{1230EB81-1A0F-4694-A605-F6B3335886E4}.Release|Any CPU.ActiveCfg = Release|Any CPU
		{1230EB81-1A0F-4694-A605-F6B3335886E4}.Release|Any CPU.Build.0 = Release|Any CPU
		{1230EB81-1A0F-4694-A605-F6B3335886E4}.Release|x64.ActiveCfg = Release|Any CPU
		{1230EB81-1A0F-4694-A605-F6B3335886E4}.Release|x64.Build.0 = Release|Any CPU
		{1230EB81-1A0F-4694-A605-F6B3335886E4}.Release|x86.ActiveCfg = Release|Any CPU
		{1230EB81-1A0F-4694-A605-F6B3335886E4}.Release|x86.Build.0 = Release|Any CPU
		{9FC59C2E-10EF-4BE1-801C-AAF6D01B6852}.Debug|Any CPU.ActiveCfg = Debug|Any CPU
		{9FC59C2E-10EF-4BE1-801C-AAF6D01B6852}.Debug|Any CPU.Build.0 = Debug|Any CPU
		{9FC59C2E-10EF-4BE1-801C-AAF6D01B6852}.Debug|x64.ActiveCfg = Debug|Any CPU
		{9FC59C2E-10EF-4BE1-801C-AAF6D01B6852}.Debug|x64.Build.0 = Debug|Any CPU
		{9FC59C2E-10EF-4BE1-801C-AAF6D01B6852}.Debug|x86.ActiveCfg = Debug|Any CPU
		{9FC59C2E-10EF-4BE1-801C-AAF6D01B6852}.Debug|x86.Build.0 = Debug|Any CPU
		{9FC59C2E-10EF-4BE1-801C-AAF6D01B6852}.Release|Any CPU.ActiveCfg = Release|Any CPU
		{9FC59C2E-10EF-4BE1-801C-AAF6D01B6852}.Release|Any CPU.Build.0 = Release|Any CPU
		{9FC59C2E-10EF-4BE1-801C-AAF6D01B6852}.Release|x64.ActiveCfg = Release|Any CPU
		{9FC59C2E-10EF-4BE1-801C-AAF6D01B6852}.Release|x64.Build.0 = Release|Any CPU
		{9FC59C2E-10EF-4BE1-801C-AAF6D01B6852}.Release|x86.ActiveCfg = Release|Any CPU
		{9FC59C2E-10EF-4BE1-801C-AAF6D01B6852}.Release|x86.Build.0 = Release|Any CPU
		{12A263F9-684B-4427-AC0A-5E86B35560EF}.Debug|Any CPU.ActiveCfg = Debug|Any CPU
		{12A263F9-684B-4427-AC0A-5E86B35560EF}.Debug|Any CPU.Build.0 = Debug|Any CPU
		{12A263F9-684B-4427-AC0A-5E86B35560EF}.Debug|x64.ActiveCfg = Debug|Any CPU
		{12A263F9-684B-4427-AC0A-5E86B35560EF}.Debug|x64.Build.0 = Debug|Any CPU
		{12A263F9-684B-4427-AC0A-5E86B35560EF}.Debug|x86.ActiveCfg = Debug|Any CPU
		{12A263F9-684B-4427-AC0A-5E86B35560EF}.Debug|x86.Build.0 = Debug|Any CPU
		{12A263F9-684B-4427-AC0A-5E86B35560EF}.Release|Any CPU.ActiveCfg = Release|Any CPU
		{12A263F9-684B-4427-AC0A-5E86B35560EF}.Release|Any CPU.Build.0 = Release|Any CPU
		{12A263F9-684B-4427-AC0A-5E86B35560EF}.Release|x64.ActiveCfg = Release|Any CPU
		{12A263F9-684B-4427-AC0A-5E86B35560EF}.Release|x64.Build.0 = Release|Any CPU
		{12A263F9-684B-4427-AC0A-5E86B35560EF}.Release|x86.ActiveCfg = Release|Any CPU
		{12A263F9-684B-4427-AC0A-5E86B35560EF}.Release|x86.Build.0 = Release|Any CPU
		{3FB6E887-10A2-4C5B-B236-F337DFA3F14B}.Debug|Any CPU.ActiveCfg = Debug|Any CPU
		{3FB6E887-10A2-4C5B-B236-F337DFA3F14B}.Debug|Any CPU.Build.0 = Debug|Any CPU
		{3FB6E887-10A2-4C5B-B236-F337DFA3F14B}.Debug|x64.ActiveCfg = Debug|Any CPU
		{3FB6E887-10A2-4C5B-B236-F337DFA3F14B}.Debug|x64.Build.0 = Debug|Any CPU
		{3FB6E887-10A2-4C5B-B236-F337DFA3F14B}.Debug|x86.ActiveCfg = Debug|Any CPU
		{3FB6E887-10A2-4C5B-B236-F337DFA3F14B}.Debug|x86.Build.0 = Debug|Any CPU
		{3FB6E887-10A2-4C5B-B236-F337DFA3F14B}.Release|Any CPU.ActiveCfg = Release|Any CPU
		{3FB6E887-10A2-4C5B-B236-F337DFA3F14B}.Release|Any CPU.Build.0 = Release|Any CPU
		{3FB6E887-10A2-4C5B-B236-F337DFA3F14B}.Release|x64.ActiveCfg = Release|Any CPU
		{3FB6E887-10A2-4C5B-B236-F337DFA3F14B}.Release|x64.Build.0 = Release|Any CPU
		{3FB6E887-10A2-4C5B-B236-F337DFA3F14B}.Release|x86.ActiveCfg = Release|Any CPU
		{3FB6E887-10A2-4C5B-B236-F337DFA3F14B}.Release|x86.Build.0 = Release|Any CPU
		{7C406A35-64F2-48AE-BF93-30118882EB06}.Debug|Any CPU.ActiveCfg = Debug|Any CPU
		{7C406A35-64F2-48AE-BF93-30118882EB06}.Debug|Any CPU.Build.0 = Debug|Any CPU
		{7C406A35-64F2-48AE-BF93-30118882EB06}.Debug|x64.ActiveCfg = Debug|Any CPU
		{7C406A35-64F2-48AE-BF93-30118882EB06}.Debug|x64.Build.0 = Debug|Any CPU
		{7C406A35-64F2-48AE-BF93-30118882EB06}.Debug|x86.ActiveCfg = Debug|Any CPU
		{7C406A35-64F2-48AE-BF93-30118882EB06}.Debug|x86.Build.0 = Debug|Any CPU
		{7C406A35-64F2-48AE-BF93-30118882EB06}.Release|Any CPU.ActiveCfg = Release|Any CPU
		{7C406A35-64F2-48AE-BF93-30118882EB06}.Release|Any CPU.Build.0 = Release|Any CPU
		{7C406A35-64F2-48AE-BF93-30118882EB06}.Release|x64.ActiveCfg = Release|Any CPU
		{7C406A35-64F2-48AE-BF93-30118882EB06}.Release|x64.Build.0 = Release|Any CPU
		{7C406A35-64F2-48AE-BF93-30118882EB06}.Release|x86.ActiveCfg = Release|Any CPU
		{7C406A35-64F2-48AE-BF93-30118882EB06}.Release|x86.Build.0 = Release|Any CPU
		{A3DC6E00-0928-4302-A963-7DB37EA19F8A}.Debug|Any CPU.ActiveCfg = Debug|Any CPU
		{A3DC6E00-0928-4302-A963-7DB37EA19F8A}.Debug|Any CPU.Build.0 = Debug|Any CPU
		{A3DC6E00-0928-4302-A963-7DB37EA19F8A}.Debug|x64.ActiveCfg = Debug|Any CPU
		{A3DC6E00-0928-4302-A963-7DB37EA19F8A}.Debug|x64.Build.0 = Debug|Any CPU
		{A3DC6E00-0928-4302-A963-7DB37EA19F8A}.Debug|x86.ActiveCfg = Debug|Any CPU
		{A3DC6E00-0928-4302-A963-7DB37EA19F8A}.Debug|x86.Build.0 = Debug|Any CPU
		{A3DC6E00-0928-4302-A963-7DB37EA19F8A}.Release|Any CPU.ActiveCfg = Release|Any CPU
		{A3DC6E00-0928-4302-A963-7DB37EA19F8A}.Release|Any CPU.Build.0 = Release|Any CPU
		{A3DC6E00-0928-4302-A963-7DB37EA19F8A}.Release|x64.ActiveCfg = Release|Any CPU
		{A3DC6E00-0928-4302-A963-7DB37EA19F8A}.Release|x64.Build.0 = Release|Any CPU
		{A3DC6E00-0928-4302-A963-7DB37EA19F8A}.Release|x86.ActiveCfg = Release|Any CPU
		{A3DC6E00-0928-4302-A963-7DB37EA19F8A}.Release|x86.Build.0 = Release|Any CPU
		{3402978D-4BD2-4140-9E8C-FFEB4DC605C3}.Debug|Any CPU.ActiveCfg = Debug|Any CPU
		{3402978D-4BD2-4140-9E8C-FFEB4DC605C3}.Debug|Any CPU.Build.0 = Debug|Any CPU
		{3402978D-4BD2-4140-9E8C-FFEB4DC605C3}.Debug|x64.ActiveCfg = Debug|Any CPU
		{3402978D-4BD2-4140-9E8C-FFEB4DC605C3}.Debug|x64.Build.0 = Debug|Any CPU
		{3402978D-4BD2-4140-9E8C-FFEB4DC605C3}.Debug|x86.ActiveCfg = Debug|Any CPU
		{3402978D-4BD2-4140-9E8C-FFEB4DC605C3}.Debug|x86.Build.0 = Debug|Any CPU
		{3402978D-4BD2-4140-9E8C-FFEB4DC605C3}.Release|Any CPU.ActiveCfg = Release|Any CPU
		{3402978D-4BD2-4140-9E8C-FFEB4DC605C3}.Release|Any CPU.Build.0 = Release|Any CPU
		{3402978D-4BD2-4140-9E8C-FFEB4DC605C3}.Release|x64.ActiveCfg = Release|Any CPU
		{3402978D-4BD2-4140-9E8C-FFEB4DC605C3}.Release|x64.Build.0 = Release|Any CPU
		{3402978D-4BD2-4140-9E8C-FFEB4DC605C3}.Release|x86.ActiveCfg = Release|Any CPU
		{3402978D-4BD2-4140-9E8C-FFEB4DC605C3}.Release|x86.Build.0 = Release|Any CPU
		{AF58172C-DA08-4C72-879A-59C26951735C}.Debug|Any CPU.ActiveCfg = Debug|Any CPU
		{AF58172C-DA08-4C72-879A-59C26951735C}.Debug|Any CPU.Build.0 = Debug|Any CPU
		{AF58172C-DA08-4C72-879A-59C26951735C}.Debug|x64.ActiveCfg = Debug|Any CPU
		{AF58172C-DA08-4C72-879A-59C26951735C}.Debug|x64.Build.0 = Debug|Any CPU
		{AF58172C-DA08-4C72-879A-59C26951735C}.Debug|x86.ActiveCfg = Debug|Any CPU
		{AF58172C-DA08-4C72-879A-59C26951735C}.Debug|x86.Build.0 = Debug|Any CPU
		{AF58172C-DA08-4C72-879A-59C26951735C}.Release|Any CPU.ActiveCfg = Release|Any CPU
		{AF58172C-DA08-4C72-879A-59C26951735C}.Release|Any CPU.Build.0 = Release|Any CPU
		{AF58172C-DA08-4C72-879A-59C26951735C}.Release|x64.ActiveCfg = Release|Any CPU
		{AF58172C-DA08-4C72-879A-59C26951735C}.Release|x64.Build.0 = Release|Any CPU
		{AF58172C-DA08-4C72-879A-59C26951735C}.Release|x86.ActiveCfg = Release|Any CPU
		{AF58172C-DA08-4C72-879A-59C26951735C}.Release|x86.Build.0 = Release|Any CPU
		{132045A1-4B0B-4E29-A09F-0F569D012883}.Debug|Any CPU.ActiveCfg = Debug|Any CPU
		{132045A1-4B0B-4E29-A09F-0F569D012883}.Debug|Any CPU.Build.0 = Debug|Any CPU
		{132045A1-4B0B-4E29-A09F-0F569D012883}.Debug|x64.ActiveCfg = Debug|Any CPU
		{132045A1-4B0B-4E29-A09F-0F569D012883}.Debug|x64.Build.0 = Debug|Any CPU
		{132045A1-4B0B-4E29-A09F-0F569D012883}.Debug|x86.ActiveCfg = Debug|Any CPU
		{132045A1-4B0B-4E29-A09F-0F569D012883}.Debug|x86.Build.0 = Debug|Any CPU
		{132045A1-4B0B-4E29-A09F-0F569D012883}.Release|Any CPU.ActiveCfg = Release|Any CPU
		{132045A1-4B0B-4E29-A09F-0F569D012883}.Release|Any CPU.Build.0 = Release|Any CPU
		{132045A1-4B0B-4E29-A09F-0F569D012883}.Release|x64.ActiveCfg = Release|Any CPU
		{132045A1-4B0B-4E29-A09F-0F569D012883}.Release|x64.Build.0 = Release|Any CPU
		{132045A1-4B0B-4E29-A09F-0F569D012883}.Release|x86.ActiveCfg = Release|Any CPU
		{132045A1-4B0B-4E29-A09F-0F569D012883}.Release|x86.Build.0 = Release|Any CPU
		{61138106-5D96-4A41-B7F9-4D58A91EC071}.Debug|Any CPU.ActiveCfg = Debug|Any CPU
		{61138106-5D96-4A41-B7F9-4D58A91EC071}.Debug|Any CPU.Build.0 = Debug|Any CPU
		{61138106-5D96-4A41-B7F9-4D58A91EC071}.Debug|x64.ActiveCfg = Debug|Any CPU
		{61138106-5D96-4A41-B7F9-4D58A91EC071}.Debug|x64.Build.0 = Debug|Any CPU
		{61138106-5D96-4A41-B7F9-4D58A91EC071}.Debug|x86.ActiveCfg = Debug|Any CPU
		{61138106-5D96-4A41-B7F9-4D58A91EC071}.Debug|x86.Build.0 = Debug|Any CPU
		{61138106-5D96-4A41-B7F9-4D58A91EC071}.Release|Any CPU.ActiveCfg = Release|Any CPU
		{61138106-5D96-4A41-B7F9-4D58A91EC071}.Release|Any CPU.Build.0 = Release|Any CPU
		{61138106-5D96-4A41-B7F9-4D58A91EC071}.Release|x64.ActiveCfg = Release|Any CPU
		{61138106-5D96-4A41-B7F9-4D58A91EC071}.Release|x64.Build.0 = Release|Any CPU
		{61138106-5D96-4A41-B7F9-4D58A91EC071}.Release|x86.ActiveCfg = Release|Any CPU
		{61138106-5D96-4A41-B7F9-4D58A91EC071}.Release|x86.Build.0 = Release|Any CPU
		{D2EF4847-2A96-4538-AD48-2482C3879385}.Debug|Any CPU.ActiveCfg = Debug|Any CPU
		{D2EF4847-2A96-4538-AD48-2482C3879385}.Debug|Any CPU.Build.0 = Debug|Any CPU
		{D2EF4847-2A96-4538-AD48-2482C3879385}.Debug|x64.ActiveCfg = Debug|Any CPU
		{D2EF4847-2A96-4538-AD48-2482C3879385}.Debug|x64.Build.0 = Debug|Any CPU
		{D2EF4847-2A96-4538-AD48-2482C3879385}.Debug|x86.ActiveCfg = Debug|Any CPU
		{D2EF4847-2A96-4538-AD48-2482C3879385}.Debug|x86.Build.0 = Debug|Any CPU
		{D2EF4847-2A96-4538-AD48-2482C3879385}.Release|Any CPU.ActiveCfg = Release|Any CPU
		{D2EF4847-2A96-4538-AD48-2482C3879385}.Release|Any CPU.Build.0 = Release|Any CPU
		{D2EF4847-2A96-4538-AD48-2482C3879385}.Release|x64.ActiveCfg = Release|Any CPU
		{D2EF4847-2A96-4538-AD48-2482C3879385}.Release|x64.Build.0 = Release|Any CPU
		{D2EF4847-2A96-4538-AD48-2482C3879385}.Release|x86.ActiveCfg = Release|Any CPU
		{D2EF4847-2A96-4538-AD48-2482C3879385}.Release|x86.Build.0 = Release|Any CPU
	EndGlobalSection
	GlobalSection(SolutionProperties) = preSolution
		HideSolutionNode = FALSE
	EndGlobalSection
	GlobalSection(NestedProjects) = preSolution
		{D2CF1B92-289B-A36D-FD8B-47A8F530448B} = {A4B3BA63-F524-47C8-9DF8-1DB344F372D3}
		{D472E39A-7D26-74C3-F78F-CA9378C8E4FC} = {D2CF1B92-289B-A36D-FD8B-47A8F530448B}
		{63A69F3C-30FB-4FB9-A1EF-B03346456B29} = {D472E39A-7D26-74C3-F78F-CA9378C8E4FC}
		{B6B1BF31-8D03-AEC7-5833-8A94E913736F} = {A4B3BA63-F524-47C8-9DF8-1DB344F372D3}
		{A1A618FF-2D58-882C-C03A-DAAC69A48CCA} = {B6B1BF31-8D03-AEC7-5833-8A94E913736F}
		{A42DC80C-262A-4E88-8FDB-B762E8BEDEF4} = {A1A618FF-2D58-882C-C03A-DAAC69A48CCA}
		{1B9D2A29-75AA-DEFA-3DAD-F04E2C595075} = {B6B1BF31-8D03-AEC7-5833-8A94E913736F}
		{F905B283-71A7-4454-93C7-1658E9816A18} = {1B9D2A29-75AA-DEFA-3DAD-F04E2C595075}
		{D6D5065F-902A-4BE7-59DD-2E83FBD7922B} = {A4B3BA63-F524-47C8-9DF8-1DB344F372D3}
		{D73DC83B-ECDA-5A63-6560-9FA44F7B3683} = {D6D5065F-902A-4BE7-59DD-2E83FBD7922B}
		{C2348CAB-0AFA-4B7B-8405-A226813072C2} = {D73DC83B-ECDA-5A63-6560-9FA44F7B3683}
		{9DFF503F-9766-8922-37CD-ED814BE0182D} = {A4B3BA63-F524-47C8-9DF8-1DB344F372D3}
		{782FD4A4-6067-2CF9-E6CE-84522CA196A6} = {9DFF503F-9766-8922-37CD-ED814BE0182D}
		{1DA15E57-582E-4510-9327-6D28F748E25B} = {782FD4A4-6067-2CF9-E6CE-84522CA196A6}
		{E101CC45-39B4-6D26-A853-4E4C59A262F0} = {A4B3BA63-F524-47C8-9DF8-1DB344F372D3}
		{DD517B4C-B25E-283F-9FCA-0B324C9DE913} = {E101CC45-39B4-6D26-A853-4E4C59A262F0}
		{13B4126B-E78A-4A6D-BF4D-46ED4242B3A9} = {DD517B4C-B25E-283F-9FCA-0B324C9DE913}
		{07982631-233F-DE1B-C859-500D9127C2FB} = {A4B3BA63-F524-47C8-9DF8-1DB344F372D3}
		{95DF326D-B2A4-C08E-5685-F22498EC1C46} = {07982631-233F-DE1B-C859-500D9127C2FB}
		{8A6F8345-FE18-43A7-91F6-DEEC44AEE4A3} = {95DF326D-B2A4-C08E-5685-F22498EC1C46}
		{2FBBD1A7-A597-E837-32B6-79E5325E8D74} = {A4B3BA63-F524-47C8-9DF8-1DB344F372D3}
		{5038C6C9-0FC2-BF5D-3784-DFDB2627C415} = {2FBBD1A7-A597-E837-32B6-79E5325E8D74}
		{B8F7A19F-141B-4FC5-A5D5-6263DD4E7A8A} = {5038C6C9-0FC2-BF5D-3784-DFDB2627C415}
		{654A42CA-320B-162C-3786-F93AE496AA11} = {A4B3BA63-F524-47C8-9DF8-1DB344F372D3}
		{26E160B6-4E2F-16F1-9C8F-9E0C28919AA2} = {654A42CA-320B-162C-3786-F93AE496AA11}
		{E51BE07D-2882-4D40-B532-8AC4C35DFB49} = {26E160B6-4E2F-16F1-9C8F-9E0C28919AA2}
		{0731BF60-6EFD-4454-13DA-B3E9956AC29F} = {A4B3BA63-F524-47C8-9DF8-1DB344F372D3}
		{6DD38BF7-4E73-6E8B-732D-6386E213FCEF} = {0731BF60-6EFD-4454-13DA-B3E9956AC29F}
		{18E7C054-EAF6-453E-BBA6-A3F34D95B741} = {6DD38BF7-4E73-6E8B-732D-6386E213FCEF}
		{2E287701-C1B2-4D1C-78FC-65F47FA4ABD1} = {A4B3BA63-F524-47C8-9DF8-1DB344F372D3}
		{CA2064C4-4384-C948-EBA6-EA8BEFB25F30} = {2E287701-C1B2-4D1C-78FC-65F47FA4ABD1}
		{8B6054CC-B3EE-4E80-B01A-E5207836A08A} = {CA2064C4-4384-C948-EBA6-EA8BEFB25F30}
		{13469EE5-0F0E-5172-D977-EE8284A05D7B} = {A4B3BA63-F524-47C8-9DF8-1DB344F372D3}
		{11C965F8-3B33-0619-03C5-229F0A687E5F} = {13469EE5-0F0E-5172-D977-EE8284A05D7B}
		{7E3C2443-A0EB-4723-961B-80EE6A392EEA} = {11C965F8-3B33-0619-03C5-229F0A687E5F}
		{9ADB000A-0B4A-F0F0-E0E4-8CB3650752A3} = {A4B3BA63-F524-47C8-9DF8-1DB344F372D3}
		{BD79E1EE-7D14-2F41-3163-974ED0DA6A09} = {9ADB000A-0B4A-F0F0-E0E4-8CB3650752A3}
		{1230EB81-1A0F-4694-A605-F6B3335886E4} = {BD79E1EE-7D14-2F41-3163-974ED0DA6A09}
		{20011A41-8E81-F8CB-05BA-04E90F5C36D9} = {A4B3BA63-F524-47C8-9DF8-1DB344F372D3}
		{6F04F977-7723-6355-DCAE-0882559D531E} = {20011A41-8E81-F8CB-05BA-04E90F5C36D9}
		{9FC59C2E-10EF-4BE1-801C-AAF6D01B6852} = {6F04F977-7723-6355-DCAE-0882559D531E}
		{7166D804-820C-E513-EE3B-957561E1ACAC} = {A4B3BA63-F524-47C8-9DF8-1DB344F372D3}
		{E39FAF92-FE80-5AF4-3AE8-D294977A170B} = {7166D804-820C-E513-EE3B-957561E1ACAC}
		{12A263F9-684B-4427-AC0A-5E86B35560EF} = {E39FAF92-FE80-5AF4-3AE8-D294977A170B}
		{84AD8A6D-903A-D00C-3733-34D0B7B034D4} = {A4B3BA63-F524-47C8-9DF8-1DB344F372D3}
		{F036257D-2354-A709-6AB0-8433143C22AA} = {84AD8A6D-903A-D00C-3733-34D0B7B034D4}
		{3FB6E887-10A2-4C5B-B236-F337DFA3F14B} = {F036257D-2354-A709-6AB0-8433143C22AA}
		{E9896662-9F44-A92E-31BD-9FF1D413F0EB} = {A4B3BA63-F524-47C8-9DF8-1DB344F372D3}
		{2E017F94-BB04-323B-419D-2A59B9759752} = {E9896662-9F44-A92E-31BD-9FF1D413F0EB}
		{7C406A35-64F2-48AE-BF93-30118882EB06} = {2E017F94-BB04-323B-419D-2A59B9759752}
		{839C5762-A5E1-FD13-EB1E-36A4F4A848C4} = {A4B3BA63-F524-47C8-9DF8-1DB344F372D3}
		{E4541C97-FF07-E748-B303-93A95F120AAB} = {839C5762-A5E1-FD13-EB1E-36A4F4A848C4}
		{A3DC6E00-0928-4302-A963-7DB37EA19F8A} = {E4541C97-FF07-E748-B303-93A95F120AAB}
		{D03EA482-8D35-C1E8-8D3A-D9DE4902EE70} = {A4B3BA63-F524-47C8-9DF8-1DB344F372D3}
		{BBE2D685-3764-3095-16AA-B57ADFCE50D5} = {D03EA482-8D35-C1E8-8D3A-D9DE4902EE70}
		{3402978D-4BD2-4140-9E8C-FFEB4DC605C3} = {BBE2D685-3764-3095-16AA-B57ADFCE50D5}
		{7521FDDA-5077-BDBE-5B9F-B10DB078D318} = {A4B3BA63-F524-47C8-9DF8-1DB344F372D3}
		{F223FDC7-1F39-F1DE-C3EC-A80EAA78ED28} = {7521FDDA-5077-BDBE-5B9F-B10DB078D318}
		{AF58172C-DA08-4C72-879A-59C26951735C} = {F223FDC7-1F39-F1DE-C3EC-A80EAA78ED28}
		{36B9F1EA-B271-051B-285D-2EC531B1726F} = {A4B3BA63-F524-47C8-9DF8-1DB344F372D3}
		{5EBD07F7-DF19-9671-69C1-1440EB586EB4} = {36B9F1EA-B271-051B-285D-2EC531B1726F}
		{132045A1-4B0B-4E29-A09F-0F569D012883} = {5EBD07F7-DF19-9671-69C1-1440EB586EB4}
		{A369989A-7E9D-0BF1-2E10-D4512C8850B4} = {A4B3BA63-F524-47C8-9DF8-1DB344F372D3}
		{EF55453D-D500-13BF-33AD-282639A4BFF9} = {A369989A-7E9D-0BF1-2E10-D4512C8850B4}
		{61138106-5D96-4A41-B7F9-4D58A91EC071} = {EF55453D-D500-13BF-33AD-282639A4BFF9}
		{B50D1E53-EB6E-6364-2997-45298FB6B475} = {A4B3BA63-F524-47C8-9DF8-1DB344F372D3}
		{E2A063ED-CDAD-1443-8AE2-CFCECF4E7D18} = {B50D1E53-EB6E-6364-2997-45298FB6B475}
		{D2EF4847-2A96-4538-AD48-2482C3879385} = {E2A063ED-CDAD-1443-8AE2-CFCECF4E7D18}
	EndGlobalSection
EndGlobal
