
Microsoft Visual Studio Solution File, Format Version 12.00
# Visual Studio 15
VisualStudioVersion = 15.0.26124.0
MinimumVisualStudioVersion = 15.0.26124.0
Project("{FAE04EC0-301F-11D3-BF4B-00C04F79EFBC}") = "template_method", "template_method\template_method.csproj", "{A1D09F5C-688D-4330-8C68-A9EBDD47741B}"
EndProject
Project("{FAE04EC0-301F-11D3-BF4B-00C04F79EFBC}") = "template_method_test", "template_method_test\template_method_test.csproj", "{741E3579-34B1-4502-9A68-0A5CF71413C3}"
EndProject
Global
	GlobalSection(SolutionConfigurationPlatforms) = preSolution
		Debug|Any CPU = Debug|Any CPU
		Debug|x64 = Debug|x64
		Debug|x86 = Debug|x86
		Release|Any CPU = Release|Any CPU
		Release|x64 = Release|x64
		Release|x86 = Release|x86
	EndGlobalSection
	GlobalSection(SolutionProperties) = preSolution
		HideSolutionNode = FALSE
	EndGlobalSection
	GlobalSection(ProjectConfigurationPlatforms) = postSolution
		{A1D09F5C-688D-4330-8C68-A9EBDD47741B}.Debug|Any CPU.ActiveCfg = Debug|Any CPU
		{A1D09F5C-688D-4330-8C68-A9EBDD47741B}.Debug|Any CPU.Build.0 = Debug|Any CPU
		{A1D09F5C-688D-4330-8C68-A9EBDD47741B}.Debug|x64.ActiveCfg = Debug|Any CPU
		{A1D09F5C-688D-4330-8C68-A9EBDD47741B}.Debug|x64.Build.0 = Debug|Any CPU
		{A1D09F5C-688D-4330-8C68-A9EBDD47741B}.Debug|x86.ActiveCfg = Debug|Any CPU
		{A1D09F5C-688D-4330-8C68-A9EBDD47741B}.Debug|x86.Build.0 = Debug|Any CPU
		{A1D09F5C-688D-4330-8C68-A9EBDD47741B}.Release|Any CPU.ActiveCfg = Release|Any CPU
		{A1D09F5C-688D-4330-8C68-A9EBDD47741B}.Release|Any CPU.Build.0 = Release|Any CPU
		{A1D09F5C-688D-4330-8C68-A9EBDD47741B}.Release|x64.ActiveCfg = Release|Any CPU
		{A1D09F5C-688D-4330-8C68-A9EBDD47741B}.Release|x64.Build.0 = Release|Any CPU
		{A1D09F5C-688D-4330-8C68-A9EBDD47741B}.Release|x86.ActiveCfg = Release|Any CPU
		{A1D09F5C-688D-4330-8C68-A9EBDD47741B}.Release|x86.Build.0 = Release|Any CPU
		{741E3579-34B1-4502-9A68-0A5CF71413C3}.Debug|Any CPU.ActiveCfg = Debug|Any CPU
		{741E3579-34B1-4502-9A68-0A5CF71413C3}.Debug|Any CPU.Build.0 = Debug|Any CPU
		{741E3579-34B1-4502-9A68-0A5CF71413C3}.Debug|x64.ActiveCfg = Debug|Any CPU
		{741E3579-34B1-4502-9A68-0A5CF71413C3}.Debug|x64.Build.0 = Debug|Any CPU
		{741E3579-34B1-4502-9A68-0A5CF71413C3}.Debug|x86.ActiveCfg = Debug|Any CPU
		{741E3579-34B1-4502-9A68-0A5CF71413C3}.Debug|x86.Build.0 = Debug|Any CPU
		{741E3579-34B1-4502-9A68-0A5CF71413C3}.Release|Any CPU.ActiveCfg = Release|Any CPU
		{741E3579-34B1-4502-9A68-0A5CF71413C3}.Release|Any CPU.Build.0 = Release|Any CPU
		{741E3579-34B1-4502-9A68-0A5CF71413C3}.Release|x64.ActiveCfg = Release|Any CPU
		{741E3579-34B1-4502-9A68-0A5CF71413C3}.Release|x64.Build.0 = Release|Any CPU
		{741E3579-34B1-4502-9A68-0A5CF71413C3}.Release|x86.ActiveCfg = Release|Any CPU
		{741E3579-34B1-4502-9A68-0A5CF71413C3}.Release|x86.Build.0 = Release|Any CPU
	EndGlobalSection
EndGlobal
