
Microsoft Visual Studio Solution File, Format Version 12.00
# Visual Studio 15
VisualStudioVersion = 15.0.26124.0
MinimumVisualStudioVersion = 15.0.26124.0
Project("{FAE04EC0-301F-11D3-BF4B-00C04F79EFBC}") = "Memento", "Source\Memento.csproj", "{F4878330-3B8B-44F7-83F3-D00713FD47CC}"
EndProject
Project("{FAE04EC0-301F-11D3-BF4B-00C04F79EFBC}") = "MementoTest", "Test\MementoTest.csproj", "{ACECBA29-634A-4837-895E-951D8223433C}"
EndProject
Global
	GlobalSection(SolutionConfigurationPlatforms) = preSolution
		Debug|Any CPU = Debug|Any CPU
		Debug|x64 = Debug|x64
		Debug|x86 = Debug|x86
		Release|Any CPU = Release|Any CPU
		Release|x64 = Release|x64
		Release|x86 = Release|x86
	EndGlobalSection
	GlobalSection(SolutionProperties) = preSolution
		HideSolutionNode = FALSE
	EndGlobalSection
	GlobalSection(ProjectConfigurationPlatforms) = postSolution
		{F4878330-3B8B-44F7-83F3-D00713FD47CC}.Debug|Any CPU.ActiveCfg = Debug|Any CPU
		{F4878330-3B8B-44F7-83F3-D00713FD47CC}.Debug|Any CPU.Build.0 = Debug|Any CPU
		{F4878330-3B8B-44F7-83F3-D00713FD47CC}.Debug|x64.ActiveCfg = Debug|Any CPU
		{F4878330-3B8B-44F7-83F3-D00713FD47CC}.Debug|x64.Build.0 = Debug|Any CPU
		{F4878330-3B8B-44F7-83F3-D00713FD47CC}.Debug|x86.ActiveCfg = Debug|Any CPU
		{F4878330-3B8B-44F7-83F3-D00713FD47CC}.Debug|x86.Build.0 = Debug|Any CPU
		{F4878330-3B8B-44F7-83F3-D00713FD47CC}.Release|Any CPU.ActiveCfg = Release|Any CPU
		{F4878330-3B8B-44F7-83F3-D00713FD47CC}.Release|Any CPU.Build.0 = Release|Any CPU
		{F4878330-3B8B-44F7-83F3-D00713FD47CC}.Release|x64.ActiveCfg = Release|Any CPU
		{F4878330-3B8B-44F7-83F3-D00713FD47CC}.Release|x64.Build.0 = Release|Any CPU
		{F4878330-3B8B-44F7-83F3-D00713FD47CC}.Release|x86.ActiveCfg = Release|Any CPU
		{F4878330-3B8B-44F7-83F3-D00713FD47CC}.Release|x86.Build.0 = Release|Any CPU
		{ACECBA29-634A-4837-895E-951D8223433C}.Debug|Any CPU.ActiveCfg = Debug|Any CPU
		{ACECBA29-634A-4837-895E-951D8223433C}.Debug|Any CPU.Build.0 = Debug|Any CPU
		{ACECBA29-634A-4837-895E-951D8223433C}.Debug|x64.ActiveCfg = Debug|Any CPU
		{ACECBA29-634A-4837-895E-951D8223433C}.Debug|x64.Build.0 = Debug|Any CPU
		{ACECBA29-634A-4837-895E-951D8223433C}.Debug|x86.ActiveCfg = Debug|Any CPU
		{ACECBA29-634A-4837-895E-951D8223433C}.Debug|x86.Build.0 = Debug|Any CPU
		{ACECBA29-634A-4837-895E-951D8223433C}.Release|Any CPU.ActiveCfg = Release|Any CPU
		{ACECBA29-634A-4837-895E-951D8223433C}.Release|Any CPU.Build.0 = Release|Any CPU
		{ACECBA29-634A-4837-895E-951D8223433C}.Release|x64.ActiveCfg = Release|Any CPU
		{ACECBA29-634A-4837-895E-951D8223433C}.Release|x64.Build.0 = Release|Any CPU
		{ACECBA29-634A-4837-895E-951D8223433C}.Release|x86.ActiveCfg = Release|Any CPU
		{ACECBA29-634A-4837-895E-951D8223433C}.Release|x86.Build.0 = Release|Any CPU
	EndGlobalSection
EndGlobal
