
Microsoft Visual Studio Solution File, Format Version 12.00
# Visual Studio 15
VisualStudioVersion = 15.0.26124.0
MinimumVisualStudioVersion = 15.0.26124.0
Project("{FAE04EC0-301F-11D3-BF4B-00C04F79EFBC}") = "Iterator", "Source\Iterator.csproj", "{24BF9628-D451-4874-A515-9EA4F01212DC}"
EndProject
Project("{FAE04EC0-301F-11D3-BF4B-00C04F79EFBC}") = "IteratorTest", "Test\IteratorTest.csproj", "{44E827A4-B47C-49D5-9A38-2310D2B7F971}"
EndProject
Global
	GlobalSection(SolutionConfigurationPlatforms) = preSolution
		Debug|Any CPU = Debug|Any CPU
		Debug|x64 = Debug|x64
		Debug|x86 = Debug|x86
		Release|Any CPU = Release|Any CPU
		Release|x64 = Release|x64
		Release|x86 = Release|x86
	EndGlobalSection
	GlobalSection(SolutionProperties) = preSolution
		HideSolutionNode = FALSE
	EndGlobalSection
	GlobalSection(ProjectConfigurationPlatforms) = postSolution
		{24BF9628-D451-4874-A515-9EA4F01212DC}.Debug|Any CPU.ActiveCfg = Debug|Any CPU
		{24BF9628-D451-4874-A515-9EA4F01212DC}.Debug|Any CPU.Build.0 = Debug|Any CPU
		{24BF9628-D451-4874-A515-9EA4F01212DC}.Debug|x64.ActiveCfg = Debug|Any CPU
		{24BF9628-D451-4874-A515-9EA4F01212DC}.Debug|x64.Build.0 = Debug|Any CPU
		{24BF9628-D451-4874-A515-9EA4F01212DC}.Debug|x86.ActiveCfg = Debug|Any CPU
		{24BF9628-D451-4874-A515-9EA4F01212DC}.Debug|x86.Build.0 = Debug|Any CPU
		{24BF9628-D451-4874-A515-9EA4F01212DC}.Release|Any CPU.ActiveCfg = Release|Any CPU
		{24BF9628-D451-4874-A515-9EA4F01212DC}.Release|Any CPU.Build.0 = Release|Any CPU
		{24BF9628-D451-4874-A515-9EA4F01212DC}.Release|x64.ActiveCfg = Release|Any CPU
		{24BF9628-D451-4874-A515-9EA4F01212DC}.Release|x64.Build.0 = Release|Any CPU
		{24BF9628-D451-4874-A515-9EA4F01212DC}.Release|x86.ActiveCfg = Release|Any CPU
		{24BF9628-D451-4874-A515-9EA4F01212DC}.Release|x86.Build.0 = Release|Any CPU
		{44E827A4-B47C-49D5-9A38-2310D2B7F971}.Debug|Any CPU.ActiveCfg = Debug|Any CPU
		{44E827A4-B47C-49D5-9A38-2310D2B7F971}.Debug|Any CPU.Build.0 = Debug|Any CPU
		{44E827A4-B47C-49D5-9A38-2310D2B7F971}.Debug|x64.ActiveCfg = Debug|Any CPU
		{44E827A4-B47C-49D5-9A38-2310D2B7F971}.Debug|x64.Build.0 = Debug|Any CPU
		{44E827A4-B47C-49D5-9A38-2310D2B7F971}.Debug|x86.ActiveCfg = Debug|Any CPU
		{44E827A4-B47C-49D5-9A38-2310D2B7F971}.Debug|x86.Build.0 = Debug|Any CPU
		{44E827A4-B47C-49D5-9A38-2310D2B7F971}.Release|Any CPU.ActiveCfg = Release|Any CPU
		{44E827A4-B47C-49D5-9A38-2310D2B7F971}.Release|Any CPU.Build.0 = Release|Any CPU
		{44E827A4-B47C-49D5-9A38-2310D2B7F971}.Release|x64.ActiveCfg = Release|Any CPU
		{44E827A4-B47C-49D5-9A38-2310D2B7F971}.Release|x64.Build.0 = Release|Any CPU
		{44E827A4-B47C-49D5-9A38-2310D2B7F971}.Release|x86.ActiveCfg = Release|Any CPU
		{44E827A4-B47C-49D5-9A38-2310D2B7F971}.Release|x86.Build.0 = Release|Any CPU
	EndGlobalSection
EndGlobal
